
Microsoft Visual Studio Solution File, Format Version 12.00
# Visual Studio 2012
Project("{FAE04EC0-301F-11D3-BF4B-00C04F79EFBC}") = "Sextant", "Sextant\Sextant.csproj", "{D6B84899-4AFC-4E6C-9C3F-005F21DF5A52}"
EndProject
Project("{FAE04EC0-301F-11D3-BF4B-00C04F79EFBC}") = "Sextant.PCL", "Sextant.PCL\Sextant.PCL.csproj", "{FB81D9D6-EDBE-49AB-9591-7077E6FE5EA9}"
EndProject
Project("{2150E333-8FDC-42A3-9474-1A3956D46DE8}") = "PCL", "PCL", "{08417F99-4EA4-4F61-84E4-978F25C70F07}"
EndProject
Project("{FAE04EC0-301F-11D3-BF4B-00C04F79EFBC}") = "Sextant.UnitTests", "Sextant.UnitTests\Sextant.UnitTests.csproj", "{7439A7A2-00D5-495E-ABDC-EB5E622E6413}"
EndProject
Global
	GlobalSection(SolutionConfigurationPlatforms) = preSolution
		Debug|Any CPU = Debug|Any CPU
		Release|Any CPU = Release|Any CPU
	EndGlobalSection
	GlobalSection(ProjectConfigurationPlatforms) = postSolution
		{D6B84899-4AFC-4E6C-9C3F-005F21DF5A52}.Debug|Any CPU.ActiveCfg = Debug|Any CPU
		{D6B84899-4AFC-4E6C-9C3F-005F21DF5A52}.Debug|Any CPU.Build.0 = Debug|Any CPU
		{D6B84899-4AFC-4E6C-9C3F-005F21DF5A52}.Release|Any CPU.ActiveCfg = Release|Any CPU
		{D6B84899-4AFC-4E6C-9C3F-005F21DF5A52}.Release|Any CPU.Build.0 = Release|Any CPU
		{FB81D9D6-EDBE-49AB-9591-7077E6FE5EA9}.Debug|Any CPU.ActiveCfg = Debug|Any CPU
		{FB81D9D6-EDBE-49AB-9591-7077E6FE5EA9}.Debug|Any CPU.Build.0 = Debug|Any CPU
		{FB81D9D6-EDBE-49AB-9591-7077E6FE5EA9}.Release|Any CPU.ActiveCfg = Release|Any CPU
		{FB81D9D6-EDBE-49AB-9591-7077E6FE5EA9}.Release|Any CPU.Build.0 = Release|Any CPU
		{7439A7A2-00D5-495E-ABDC-EB5E622E6413}.Debug|Any CPU.ActiveCfg = Debug|Any CPU
		{7439A7A2-00D5-495E-ABDC-EB5E622E6413}.Debug|Any CPU.Build.0 = Debug|Any CPU
		{7439A7A2-00D5-495E-ABDC-EB5E622E6413}.Release|Any CPU.ActiveCfg = Release|Any CPU
		{7439A7A2-00D5-495E-ABDC-EB5E622E6413}.Release|Any CPU.Build.0 = Release|Any CPU
	EndGlobalSection
	GlobalSection(NestedProjects) = preSolution
		{FB81D9D6-EDBE-49AB-9591-7077E6FE5EA9} = {08417F99-4EA4-4F61-84E4-978F25C70F07}
	EndGlobalSection
EndGlobal
