Microsoft Visual Studio Solution File, Format Version 12.00
# Visual Studio 15
VisualStudioVersion = 15.0.27703.2000
MinimumVisualStudioVersion = 10.0.40219.1
Project("{9A19103F-16F7-4668-BE54-9A1E7A4F7556}") = "Sextant", "Sextant\Sextant.csproj", "{D6B84899-4AFC-4E6C-9C3F-005F21DF5A52}"
EndProject
Project("{FAE04EC0-301F-11D3-BF4B-00C04F79EFBC}") = "Sextant.PCL", "Sextant.PCL\Sextant.PCL.csproj", "{FB81D9D6-EDBE-49AB-9591-7077E6FE5EA9}"
EndProject
Project("{2150E333-8FDC-42A3-9474-1A3956D46DE8}") = "PCL", "PCL", "{08417F99-4EA4-4F61-84E4-978F25C70F07}"
EndProject
Project("{2150E333-8FDC-42A3-9474-1A3956D46DE8}") = "Sample", "Sample", "{BEB94547-F374-4211-BBE6-3DA7CAB972BB}"
EndProject
Project("{FAE04EC0-301F-11D3-BF4B-00C04F79EFBC}") = "SextantSample.iOS", "Sample\SextantSample\SextantSample.iOS\SextantSample.iOS.csproj", "{A5BBADB1-F348-49CD-8264-59B5BE8E9F17}"
EndProject
Project("{FAE04EC0-301F-11D3-BF4B-00C04F79EFBC}") = "SextantSample.Android", "Sample\SextantSample\SextantSample.Android\SextantSample.Android.csproj", "{4A684BB2-2CB4-4B04-8541-FF0FA677DD49}"
EndProject
Project("{9A19103F-16F7-4668-BE54-9A1E7A4F7556}") = "SextantSample", "Sample\SextantSample\SextantSample\SextantSample.csproj", "{4FC79E4E-CD14-4A37-A150-CB6F0E2B99D0}"
EndProject
Project("{9344BDBB-3E7F-41FC-A0DD-8665D75EE146}") = "Sextant.UnitTests", "Sextant.UnitTests\Sextant.UnitTests.csproj", "{DE3AE158-7878-4C7B-941B-E08474F2CAAF}"
EndProject
Global
	GlobalSection(SolutionConfigurationPlatforms) = preSolution
		Ad-Hoc|Any CPU = Ad-Hoc|Any CPU
		Ad-Hoc|iPhone = Ad-Hoc|iPhone
		Ad-Hoc|iPhoneSimulator = Ad-Hoc|iPhoneSimulator
		AppStore|Any CPU = AppStore|Any CPU
		AppStore|iPhone = AppStore|iPhone
		AppStore|iPhoneSimulator = AppStore|iPhoneSimulator
		Debug|Any CPU = Debug|Any CPU
		Debug|iPhone = Debug|iPhone
		Debug|iPhoneSimulator = Debug|iPhoneSimulator
		Release|Any CPU = Release|Any CPU
		Release|iPhone = Release|iPhone
		Release|iPhoneSimulator = Release|iPhoneSimulator
	EndGlobalSection
	GlobalSection(ProjectConfigurationPlatforms) = postSolution
		{D6B84899-4AFC-4E6C-9C3F-005F21DF5A52}.Ad-Hoc|Any CPU.ActiveCfg = Release|Any CPU
		{D6B84899-4AFC-4E6C-9C3F-005F21DF5A52}.Ad-Hoc|Any CPU.Build.0 = Release|Any CPU
		{D6B84899-4AFC-4E6C-9C3F-005F21DF5A52}.Ad-Hoc|iPhone.ActiveCfg = Debug|Any CPU
		{D6B84899-4AFC-4E6C-9C3F-005F21DF5A52}.Ad-Hoc|iPhone.Build.0 = Debug|Any CPU
		{D6B84899-4AFC-4E6C-9C3F-005F21DF5A52}.Ad-Hoc|iPhoneSimulator.ActiveCfg = Release|Any CPU
		{D6B84899-4AFC-4E6C-9C3F-005F21DF5A52}.Ad-Hoc|iPhoneSimulator.Build.0 = Release|Any CPU
		{D6B84899-4AFC-4E6C-9C3F-005F21DF5A52}.AppStore|Any CPU.ActiveCfg = Release|Any CPU
		{D6B84899-4AFC-4E6C-9C3F-005F21DF5A52}.AppStore|Any CPU.Build.0 = Release|Any CPU
		{D6B84899-4AFC-4E6C-9C3F-005F21DF5A52}.AppStore|iPhone.ActiveCfg = Debug|Any CPU
		{D6B84899-4AFC-4E6C-9C3F-005F21DF5A52}.AppStore|iPhone.Build.0 = Debug|Any CPU
		{D6B84899-4AFC-4E6C-9C3F-005F21DF5A52}.AppStore|iPhoneSimulator.ActiveCfg = Release|Any CPU
		{D6B84899-4AFC-4E6C-9C3F-005F21DF5A52}.AppStore|iPhoneSimulator.Build.0 = Release|Any CPU
		{D6B84899-4AFC-4E6C-9C3F-005F21DF5A52}.Debug|Any CPU.ActiveCfg = Debug|Any CPU
		{D6B84899-4AFC-4E6C-9C3F-005F21DF5A52}.Debug|Any CPU.Build.0 = Debug|Any CPU
		{D6B84899-4AFC-4E6C-9C3F-005F21DF5A52}.Debug|iPhone.ActiveCfg = Debug|Any CPU
		{D6B84899-4AFC-4E6C-9C3F-005F21DF5A52}.Debug|iPhone.Build.0 = Debug|Any CPU
		{D6B84899-4AFC-4E6C-9C3F-005F21DF5A52}.Debug|iPhoneSimulator.ActiveCfg = Debug|Any CPU
		{D6B84899-4AFC-4E6C-9C3F-005F21DF5A52}.Debug|iPhoneSimulator.Build.0 = Debug|Any CPU
		{D6B84899-4AFC-4E6C-9C3F-005F21DF5A52}.Release|Any CPU.ActiveCfg = Release|Any CPU
		{D6B84899-4AFC-4E6C-9C3F-005F21DF5A52}.Release|Any CPU.Build.0 = Release|Any CPU
		{D6B84899-4AFC-4E6C-9C3F-005F21DF5A52}.Release|iPhone.ActiveCfg = Release|Any CPU
		{D6B84899-4AFC-4E6C-9C3F-005F21DF5A52}.Release|iPhone.Build.0 = Release|Any CPU
		{D6B84899-4AFC-4E6C-9C3F-005F21DF5A52}.Release|iPhoneSimulator.ActiveCfg = Release|Any CPU
		{D6B84899-4AFC-4E6C-9C3F-005F21DF5A52}.Release|iPhoneSimulator.Build.0 = Release|Any CPU
		{FB81D9D6-EDBE-49AB-9591-7077E6FE5EA9}.Ad-Hoc|Any CPU.ActiveCfg = Release|Any CPU
		{FB81D9D6-EDBE-49AB-9591-7077E6FE5EA9}.Ad-Hoc|iPhone.ActiveCfg = Debug|Any CPU
		{FB81D9D6-EDBE-49AB-9591-7077E6FE5EA9}.Ad-Hoc|iPhone.Build.0 = Debug|Any CPU
		{FB81D9D6-EDBE-49AB-9591-7077E6FE5EA9}.Ad-Hoc|iPhoneSimulator.ActiveCfg = Release|Any CPU
		{FB81D9D6-EDBE-49AB-9591-7077E6FE5EA9}.AppStore|Any CPU.ActiveCfg = Release|Any CPU
		{FB81D9D6-EDBE-49AB-9591-7077E6FE5EA9}.AppStore|iPhone.ActiveCfg = Debug|Any CPU
		{FB81D9D6-EDBE-49AB-9591-7077E6FE5EA9}.AppStore|iPhone.Build.0 = Debug|Any CPU
		{FB81D9D6-EDBE-49AB-9591-7077E6FE5EA9}.AppStore|iPhoneSimulator.ActiveCfg = Release|Any CPU
		{FB81D9D6-EDBE-49AB-9591-7077E6FE5EA9}.Debug|Any CPU.ActiveCfg = Debug|Any CPU
		{FB81D9D6-EDBE-49AB-9591-7077E6FE5EA9}.Debug|Any CPU.Build.0 = Debug|Any CPU
		{FB81D9D6-EDBE-49AB-9591-7077E6FE5EA9}.Debug|iPhone.ActiveCfg = Debug|Any CPU
		{FB81D9D6-EDBE-49AB-9591-7077E6FE5EA9}.Debug|iPhone.Build.0 = Debug|Any CPU
		{FB81D9D6-EDBE-49AB-9591-7077E6FE5EA9}.Debug|iPhoneSimulator.ActiveCfg = Debug|Any CPU
		{FB81D9D6-EDBE-49AB-9591-7077E6FE5EA9}.Debug|iPhoneSimulator.Build.0 = Debug|Any CPU
		{FB81D9D6-EDBE-49AB-9591-7077E6FE5EA9}.Release|Any CPU.ActiveCfg = Release|Any CPU
		{FB81D9D6-EDBE-49AB-9591-7077E6FE5EA9}.Release|Any CPU.Build.0 = Release|Any CPU
		{FB81D9D6-EDBE-49AB-9591-7077E6FE5EA9}.Release|iPhone.ActiveCfg = Release|Any CPU
		{FB81D9D6-EDBE-49AB-9591-7077E6FE5EA9}.Release|iPhone.Build.0 = Release|Any CPU
		{FB81D9D6-EDBE-49AB-9591-7077E6FE5EA9}.Release|iPhoneSimulator.ActiveCfg = Release|Any CPU
		{FB81D9D6-EDBE-49AB-9591-7077E6FE5EA9}.Release|iPhoneSimulator.Build.0 = Release|Any CPU
		{A5BBADB1-F348-49CD-8264-59B5BE8E9F17}.Ad-Hoc|Any CPU.ActiveCfg = Ad-Hoc|iPhoneSimulator
		{A5BBADB1-F348-49CD-8264-59B5BE8E9F17}.Ad-Hoc|iPhone.ActiveCfg = Ad-Hoc|iPhone
		{A5BBADB1-F348-49CD-8264-59B5BE8E9F17}.Ad-Hoc|iPhone.Build.0 = Ad-Hoc|iPhone
		{A5BBADB1-F348-49CD-8264-59B5BE8E9F17}.Ad-Hoc|iPhoneSimulator.ActiveCfg = Ad-Hoc|iPhoneSimulator
		{A5BBADB1-F348-49CD-8264-59B5BE8E9F17}.Ad-Hoc|iPhoneSimulator.Build.0 = Ad-Hoc|iPhoneSimulator
		{A5BBADB1-F348-49CD-8264-59B5BE8E9F17}.AppStore|Any CPU.ActiveCfg = AppStore|iPhoneSimulator
		{A5BBADB1-F348-49CD-8264-59B5BE8E9F17}.AppStore|iPhone.ActiveCfg = AppStore|iPhone
		{A5BBADB1-F348-49CD-8264-59B5BE8E9F17}.AppStore|iPhone.Build.0 = AppStore|iPhone
		{A5BBADB1-F348-49CD-8264-59B5BE8E9F17}.AppStore|iPhoneSimulator.ActiveCfg = AppStore|iPhoneSimulator
		{A5BBADB1-F348-49CD-8264-59B5BE8E9F17}.AppStore|iPhoneSimulator.Build.0 = AppStore|iPhoneSimulator
		{A5BBADB1-F348-49CD-8264-59B5BE8E9F17}.Debug|Any CPU.ActiveCfg = Debug|iPhoneSimulator
		{A5BBADB1-F348-49CD-8264-59B5BE8E9F17}.Debug|Any CPU.Build.0 = Debug|iPhoneSimulator
		{A5BBADB1-F348-49CD-8264-59B5BE8E9F17}.Debug|iPhone.ActiveCfg = Debug|iPhone
		{A5BBADB1-F348-49CD-8264-59B5BE8E9F17}.Debug|iPhone.Build.0 = Debug|iPhone
		{A5BBADB1-F348-49CD-8264-59B5BE8E9F17}.Debug|iPhoneSimulator.ActiveCfg = Debug|iPhoneSimulator
		{A5BBADB1-F348-49CD-8264-59B5BE8E9F17}.Debug|iPhoneSimulator.Build.0 = Debug|iPhoneSimulator
		{A5BBADB1-F348-49CD-8264-59B5BE8E9F17}.Release|Any CPU.ActiveCfg = Release|iPhoneSimulator
		{A5BBADB1-F348-49CD-8264-59B5BE8E9F17}.Release|Any CPU.Build.0 = Release|iPhoneSimulator
		{A5BBADB1-F348-49CD-8264-59B5BE8E9F17}.Release|iPhone.ActiveCfg = Release|iPhone
		{A5BBADB1-F348-49CD-8264-59B5BE8E9F17}.Release|iPhone.Build.0 = Release|iPhone
		{A5BBADB1-F348-49CD-8264-59B5BE8E9F17}.Release|iPhoneSimulator.ActiveCfg = Release|iPhoneSimulator
		{A5BBADB1-F348-49CD-8264-59B5BE8E9F17}.Release|iPhoneSimulator.Build.0 = Release|iPhoneSimulator
		{4A684BB2-2CB4-4B04-8541-FF0FA677DD49}.Ad-Hoc|Any CPU.ActiveCfg = Release|Any CPU
		{4A684BB2-2CB4-4B04-8541-FF0FA677DD49}.Ad-Hoc|Any CPU.Build.0 = Release|Any CPU
		{4A684BB2-2CB4-4B04-8541-FF0FA677DD49}.Ad-Hoc|Any CPU.Deploy.0 = Release|Any CPU
		{4A684BB2-2CB4-4B04-8541-FF0FA677DD49}.Ad-Hoc|iPhone.ActiveCfg = Debug|Any CPU
		{4A684BB2-2CB4-4B04-8541-FF0FA677DD49}.Ad-Hoc|iPhone.Build.0 = Debug|Any CPU
		{4A684BB2-2CB4-4B04-8541-FF0FA677DD49}.Ad-Hoc|iPhoneSimulator.ActiveCfg = Release|Any CPU
		{4A684BB2-2CB4-4B04-8541-FF0FA677DD49}.Ad-Hoc|iPhoneSimulator.Build.0 = Release|Any CPU
		{4A684BB2-2CB4-4B04-8541-FF0FA677DD49}.Ad-Hoc|iPhoneSimulator.Deploy.0 = Release|Any CPU
		{4A684BB2-2CB4-4B04-8541-FF0FA677DD49}.AppStore|Any CPU.ActiveCfg = Release|Any CPU
		{4A684BB2-2CB4-4B04-8541-FF0FA677DD49}.AppStore|Any CPU.Build.0 = Release|Any CPU
		{4A684BB2-2CB4-4B04-8541-FF0FA677DD49}.AppStore|Any CPU.Deploy.0 = Release|Any CPU
		{4A684BB2-2CB4-4B04-8541-FF0FA677DD49}.AppStore|iPhone.ActiveCfg = Debug|Any CPU
		{4A684BB2-2CB4-4B04-8541-FF0FA677DD49}.AppStore|iPhone.Build.0 = Debug|Any CPU
		{4A684BB2-2CB4-4B04-8541-FF0FA677DD49}.AppStore|iPhoneSimulator.ActiveCfg = Release|Any CPU
		{4A684BB2-2CB4-4B04-8541-FF0FA677DD49}.AppStore|iPhoneSimulator.Build.0 = Release|Any CPU
		{4A684BB2-2CB4-4B04-8541-FF0FA677DD49}.AppStore|iPhoneSimulator.Deploy.0 = Release|Any CPU
		{4A684BB2-2CB4-4B04-8541-FF0FA677DD49}.Debug|Any CPU.ActiveCfg = Debug|Any CPU
		{4A684BB2-2CB4-4B04-8541-FF0FA677DD49}.Debug|Any CPU.Build.0 = Debug|Any CPU
		{4A684BB2-2CB4-4B04-8541-FF0FA677DD49}.Debug|iPhone.ActiveCfg = Debug|Any CPU
		{4A684BB2-2CB4-4B04-8541-FF0FA677DD49}.Debug|iPhone.Build.0 = Debug|Any CPU
		{4A684BB2-2CB4-4B04-8541-FF0FA677DD49}.Debug|iPhoneSimulator.ActiveCfg = Debug|Any CPU
		{4A684BB2-2CB4-4B04-8541-FF0FA677DD49}.Debug|iPhoneSimulator.Build.0 = Debug|Any CPU
		{4A684BB2-2CB4-4B04-8541-FF0FA677DD49}.Release|Any CPU.ActiveCfg = Release|Any CPU
		{4A684BB2-2CB4-4B04-8541-FF0FA677DD49}.Release|Any CPU.Build.0 = Release|Any CPU
		{4A684BB2-2CB4-4B04-8541-FF0FA677DD49}.Release|iPhone.ActiveCfg = Release|Any CPU
		{4A684BB2-2CB4-4B04-8541-FF0FA677DD49}.Release|iPhone.Build.0 = Release|Any CPU
		{4A684BB2-2CB4-4B04-8541-FF0FA677DD49}.Release|iPhoneSimulator.ActiveCfg = Release|Any CPU
		{4A684BB2-2CB4-4B04-8541-FF0FA677DD49}.Release|iPhoneSimulator.Build.0 = Release|Any CPU
		{4FC79E4E-CD14-4A37-A150-CB6F0E2B99D0}.Ad-Hoc|Any CPU.ActiveCfg = Release|Any CPU
		{4FC79E4E-CD14-4A37-A150-CB6F0E2B99D0}.Ad-Hoc|Any CPU.Build.0 = Release|Any CPU
		{4FC79E4E-CD14-4A37-A150-CB6F0E2B99D0}.Ad-Hoc|iPhone.ActiveCfg = Debug|Any CPU
		{4FC79E4E-CD14-4A37-A150-CB6F0E2B99D0}.Ad-Hoc|iPhone.Build.0 = Debug|Any CPU
		{4FC79E4E-CD14-4A37-A150-CB6F0E2B99D0}.Ad-Hoc|iPhoneSimulator.ActiveCfg = Release|Any CPU
		{4FC79E4E-CD14-4A37-A150-CB6F0E2B99D0}.Ad-Hoc|iPhoneSimulator.Build.0 = Release|Any CPU
		{4FC79E4E-CD14-4A37-A150-CB6F0E2B99D0}.AppStore|Any CPU.ActiveCfg = Release|Any CPU
		{4FC79E4E-CD14-4A37-A150-CB6F0E2B99D0}.AppStore|Any CPU.Build.0 = Release|Any CPU
		{4FC79E4E-CD14-4A37-A150-CB6F0E2B99D0}.AppStore|iPhone.ActiveCfg = Debug|Any CPU
		{4FC79E4E-CD14-4A37-A150-CB6F0E2B99D0}.AppStore|iPhone.Build.0 = Debug|Any CPU
		{4FC79E4E-CD14-4A37-A150-CB6F0E2B99D0}.AppStore|iPhoneSimulator.ActiveCfg = Release|Any CPU
		{4FC79E4E-CD14-4A37-A150-CB6F0E2B99D0}.AppStore|iPhoneSimulator.Build.0 = Release|Any CPU
		{4FC79E4E-CD14-4A37-A150-CB6F0E2B99D0}.Debug|Any CPU.ActiveCfg = Debug|Any CPU
		{4FC79E4E-CD14-4A37-A150-CB6F0E2B99D0}.Debug|Any CPU.Build.0 = Debug|Any CPU
		{4FC79E4E-CD14-4A37-A150-CB6F0E2B99D0}.Debug|iPhone.ActiveCfg = Debug|Any CPU
		{4FC79E4E-CD14-4A37-A150-CB6F0E2B99D0}.Debug|iPhone.Build.0 = Debug|Any CPU
		{4FC79E4E-CD14-4A37-A150-CB6F0E2B99D0}.Debug|iPhoneSimulator.ActiveCfg = Debug|Any CPU
		{4FC79E4E-CD14-4A37-A150-CB6F0E2B99D0}.Debug|iPhoneSimulator.Build.0 = Debug|Any CPU
		{4FC79E4E-CD14-4A37-A150-CB6F0E2B99D0}.Release|Any CPU.ActiveCfg = Release|Any CPU
		{4FC79E4E-CD14-4A37-A150-CB6F0E2B99D0}.Release|Any CPU.Build.0 = Release|Any CPU
		{4FC79E4E-CD14-4A37-A150-CB6F0E2B99D0}.Release|iPhone.ActiveCfg = Release|Any CPU
		{4FC79E4E-CD14-4A37-A150-CB6F0E2B99D0}.Release|iPhone.Build.0 = Release|Any CPU
		{4FC79E4E-CD14-4A37-A150-CB6F0E2B99D0}.Release|iPhoneSimulator.ActiveCfg = Release|Any CPU
		{4FC79E4E-CD14-4A37-A150-CB6F0E2B99D0}.Release|iPhoneSimulator.Build.0 = Release|Any CPU
		{DE3AE158-7878-4C7B-941B-E08474F2CAAF}.Ad-Hoc|Any CPU.ActiveCfg = Release|Any CPU
		{DE3AE158-7878-4C7B-941B-E08474F2CAAF}.Ad-Hoc|iPhone.ActiveCfg = Debug|Any CPU
		{DE3AE158-7878-4C7B-941B-E08474F2CAAF}.Ad-Hoc|iPhone.Build.0 = Debug|Any CPU
		{DE3AE158-7878-4C7B-941B-E08474F2CAAF}.Ad-Hoc|iPhoneSimulator.ActiveCfg = Release|Any CPU
		{DE3AE158-7878-4C7B-941B-E08474F2CAAF}.AppStore|Any CPU.ActiveCfg = Release|Any CPU
		{DE3AE158-7878-4C7B-941B-E08474F2CAAF}.AppStore|iPhone.ActiveCfg = Debug|Any CPU
		{DE3AE158-7878-4C7B-941B-E08474F2CAAF}.AppStore|iPhone.Build.0 = Debug|Any CPU
		{DE3AE158-7878-4C7B-941B-E08474F2CAAF}.AppStore|iPhoneSimulator.ActiveCfg = Release|Any CPU
		{DE3AE158-7878-4C7B-941B-E08474F2CAAF}.Debug|Any CPU.ActiveCfg = Debug|Any CPU
		{DE3AE158-7878-4C7B-941B-E08474F2CAAF}.Debug|Any CPU.Build.0 = Debug|Any CPU
		{DE3AE158-7878-4C7B-941B-E08474F2CAAF}.Debug|iPhone.ActiveCfg = Debug|Any CPU
		{DE3AE158-7878-4C7B-941B-E08474F2CAAF}.Debug|iPhone.Build.0 = Debug|Any CPU
		{DE3AE158-7878-4C7B-941B-E08474F2CAAF}.Debug|iPhoneSimulator.ActiveCfg = Debug|Any CPU
		{DE3AE158-7878-4C7B-941B-E08474F2CAAF}.Debug|iPhoneSimulator.Build.0 = Debug|Any CPU
		{DE3AE158-7878-4C7B-941B-E08474F2CAAF}.Release|Any CPU.ActiveCfg = Release|Any CPU
		{DE3AE158-7878-4C7B-941B-E08474F2CAAF}.Release|Any CPU.Build.0 = Release|Any CPU
		{DE3AE158-7878-4C7B-941B-E08474F2CAAF}.Release|iPhone.ActiveCfg = Release|Any CPU
		{DE3AE158-7878-4C7B-941B-E08474F2CAAF}.Release|iPhone.Build.0 = Release|Any CPU
		{DE3AE158-7878-4C7B-941B-E08474F2CAAF}.Release|iPhoneSimulator.ActiveCfg = Release|Any CPU
		{DE3AE158-7878-4C7B-941B-E08474F2CAAF}.Release|iPhoneSimulator.Build.0 = Release|Any CPU
	EndGlobalSection
	GlobalSection(SolutionProperties) = preSolution
		HideSolutionNode = FALSE
	EndGlobalSection
	GlobalSection(NestedProjects) = preSolution
		{FB81D9D6-EDBE-49AB-9591-7077E6FE5EA9} = {08417F99-4EA4-4F61-84E4-978F25C70F07}
		{A5BBADB1-F348-49CD-8264-59B5BE8E9F17} = {BEB94547-F374-4211-BBE6-3DA7CAB972BB}
		{4A684BB2-2CB4-4B04-8541-FF0FA677DD49} = {BEB94547-F374-4211-BBE6-3DA7CAB972BB}
		{4FC79E4E-CD14-4A37-A150-CB6F0E2B99D0} = {BEB94547-F374-4211-BBE6-3DA7CAB972BB}
	EndGlobalSection
	GlobalSection(ExtensibilityGlobals) = postSolution
		SolutionGuid = {5DD8FF23-E55B-4675-A15F-2E0DB2E10CC3}
	EndGlobalSection
EndGlobal
