
Microsoft Visual Studio Solution File, Format Version 12.00
# Visual Studio 15
VisualStudioVersion = 15.0.28307.329
MinimumVisualStudioVersion = 10.0.40219.1
Project("{9A19103F-16F7-4668-BE54-9A1E7A4F7556}") = "Sextant.Benchmarks", "Sextant.Benchmarks.csproj", "{CE75DCE0-0041-410E-9C01-915994881287}"
EndProject
Project("{2150E333-8FDC-42A3-9474-1A3956D46DE8}") = "src", "src", "{1899BBBF-FEC6-4AE4-817E-FCEDCA5C59C5}"
EndProject
Project("{2150E333-8FDC-42A3-9474-1A3956D46DE8}") = "benchmarks", "benchmarks", "{AB4F1EED-E70C-4543-B9EC-72072F17576E}"
EndProject
Project("{9A19103F-16F7-4668-BE54-9A1E7A4F7556}") = "Sextant", "..\Sextant\Sextant.csproj", "{6583635C-03B9-4AA9-8839-E4A91CD89F2C}"
EndProject
Global
	GlobalSection(SolutionConfigurationPlatforms) = preSolution
		Debug|Any CPU = Debug|Any CPU
		Release|Any CPU = Release|Any CPU
	EndGlobalSection
	GlobalSection(ProjectConfigurationPlatforms) = postSolution
		{CE75DCE0-0041-410E-9C01-915994881287}.Debug|Any CPU.ActiveCfg = Debug|Any CPU
		{CE75DCE0-0041-410E-9C01-915994881287}.Debug|Any CPU.Build.0 = Debug|Any CPU
		{CE75DCE0-0041-410E-9C01-915994881287}.Release|Any CPU.ActiveCfg = Release|Any CPU
		{CE75DCE0-0041-410E-9C01-915994881287}.Release|Any CPU.Build.0 = Release|Any CPU
		{6583635C-03B9-4AA9-8839-E4A91CD89F2C}.Debug|Any CPU.ActiveCfg = Debug|Any CPU
		{6583635C-03B9-4AA9-8839-E4A91CD89F2C}.Debug|Any CPU.Build.0 = Debug|Any CPU
		{6583635C-03B9-4AA9-8839-E4A91CD89F2C}.Release|Any CPU.ActiveCfg = Release|Any CPU
		{6583635C-03B9-4AA9-8839-E4A91CD89F2C}.Release|Any CPU.Build.0 = Release|Any CPU
	EndGlobalSection
	GlobalSection(SolutionProperties) = preSolution
		HideSolutionNode = FALSE
	EndGlobalSection
	GlobalSection(NestedProjects) = preSolution
		{CE75DCE0-0041-410E-9C01-915994881287} = {AB4F1EED-E70C-4543-B9EC-72072F17576E}
		{6583635C-03B9-4AA9-8839-E4A91CD89F2C} = {1899BBBF-FEC6-4AE4-817E-FCEDCA5C59C5}
	EndGlobalSection
	GlobalSection(ExtensibilityGlobals) = postSolution
		SolutionGuid = {FD0B58F2-2DE6-4B04-B118-48061684C0DA}
	EndGlobalSection
EndGlobal
