
Microsoft Visual Studio Solution File, Format Version 12.00
# Visual Studio Version 17
VisualStudioVersion = 17.9.34902.65
MinimumVisualStudioVersion = 10.0.40219.1
Project("{9A19103F-16F7-4668-BE54-9A1E7A4F7556}") = "SextantSample", "SextantSample\SextantSample.csproj", "{AB35E5EE-24AE-479A-909E-1FD941E152EF}"
EndProject
Project("{9A19103F-16F7-4668-BE54-9A1E7A4F7556}") = "Sextant", "..\Sextant\Sextant.csproj", "{4CF5E8D0-BB2C-4790-9AD5-03AEC069C3C3}"
EndProject
Project("{9A19103F-16F7-4668-BE54-9A1E7A4F7556}") = "SextantSample.ViewModels", "SextantSample.Core\SextantSample.ViewModels.csproj", "{5818A5AF-3FF6-4E68-80FC-604D4AEF156C}"
EndProject
Project("{9A19103F-16F7-4668-BE54-9A1E7A4F7556}") = "Sextant.XamForms", "..\Sextant.XamForms\Sextant.XamForms.csproj", "{3A3613ED-BB0D-40CF-B0D5-A13C2F12D7BC}"
EndProject
Project("{9A19103F-16F7-4668-BE54-9A1E7A4F7556}") = "Sextant.Avalonia", "..\Sextant.Avalonia\Sextant.Avalonia.csproj", "{41165CA6-DE68-4DF0-A554-CD47B643F545}"
EndProject
Project("{9A19103F-16F7-4668-BE54-9A1E7A4F7556}") = "SextantSample.Avalonia", "SextantSample.Avalonia\SextantSample.Avalonia.csproj", "{901979AB-BEBA-440A-BC70-9067F02B6B63}"
EndProject
Project("{2150E333-8FDC-42A3-9474-1A3956D46DE8}") = "SolutionSetup", "SolutionSetup", "{EFA09A4A-D18B-4AD2-8FD4-F03B53F48507}"
	ProjectSection(SolutionItems) = preProject
		..\Directory.build.props = ..\Directory.build.props
		..\Directory.build.targets = ..\Directory.build.targets
		..\Directory.Packages.props = ..\Directory.Packages.props
		..\global.json = ..\global.json
		..\stylecop.json = ..\stylecop.json
	EndProjectSection
EndProject
Global
	GlobalSection(SolutionConfigurationPlatforms) = preSolution
		Ad-Hoc|Any CPU = Ad-Hoc|Any CPU
		Ad-Hoc|iPhone = Ad-Hoc|iPhone
		Ad-Hoc|iPhoneSimulator = Ad-Hoc|iPhoneSimulator
		AppStore|Any CPU = AppStore|Any CPU
		AppStore|iPhone = AppStore|iPhone
		AppStore|iPhoneSimulator = AppStore|iPhoneSimulator
		Debug|Any CPU = Debug|Any CPU
		Debug|iPhone = Debug|iPhone
		Debug|iPhoneSimulator = Debug|iPhoneSimulator
		Release|Any CPU = Release|Any CPU
		Release|iPhone = Release|iPhone
		Release|iPhoneSimulator = Release|iPhoneSimulator
		Sample Release|Any CPU = Sample Release|Any CPU
		Sample Release|iPhone = Sample Release|iPhone
		Sample Release|iPhoneSimulator = Sample Release|iPhoneSimulator
	EndGlobalSection
	GlobalSection(ProjectConfigurationPlatforms) = postSolution
		{AB35E5EE-24AE-479A-909E-1FD941E152EF}.Ad-Hoc|Any CPU.ActiveCfg = Release|Any CPU
		{AB35E5EE-24AE-479A-909E-1FD941E152EF}.Ad-Hoc|Any CPU.Build.0 = Release|Any CPU
		{AB35E5EE-24AE-479A-909E-1FD941E152EF}.Ad-Hoc|iPhone.ActiveCfg = Debug|Any CPU
		{AB35E5EE-24AE-479A-909E-1FD941E152EF}.Ad-Hoc|iPhone.Build.0 = Debug|Any CPU
		{AB35E5EE-24AE-479A-909E-1FD941E152EF}.Ad-Hoc|iPhoneSimulator.ActiveCfg = Release|Any CPU
		{AB35E5EE-24AE-479A-909E-1FD941E152EF}.Ad-Hoc|iPhoneSimulator.Build.0 = Release|Any CPU
		{AB35E5EE-24AE-479A-909E-1FD941E152EF}.AppStore|Any CPU.ActiveCfg = Release|Any CPU
		{AB35E5EE-24AE-479A-909E-1FD941E152EF}.AppStore|Any CPU.Build.0 = Release|Any CPU
		{AB35E5EE-24AE-479A-909E-1FD941E152EF}.AppStore|iPhone.ActiveCfg = Debug|Any CPU
		{AB35E5EE-24AE-479A-909E-1FD941E152EF}.AppStore|iPhone.Build.0 = Debug|Any CPU
		{AB35E5EE-24AE-479A-909E-1FD941E152EF}.AppStore|iPhoneSimulator.ActiveCfg = Release|Any CPU
		{AB35E5EE-24AE-479A-909E-1FD941E152EF}.AppStore|iPhoneSimulator.Build.0 = Release|Any CPU
		{AB35E5EE-24AE-479A-909E-1FD941E152EF}.Debug|Any CPU.ActiveCfg = Debug|Any CPU
		{AB35E5EE-24AE-479A-909E-1FD941E152EF}.Debug|Any CPU.Build.0 = Debug|Any CPU
		{AB35E5EE-24AE-479A-909E-1FD941E152EF}.Debug|iPhone.ActiveCfg = Debug|Any CPU
		{AB35E5EE-24AE-479A-909E-1FD941E152EF}.Debug|iPhone.Build.0 = Debug|Any CPU
		{AB35E5EE-24AE-479A-909E-1FD941E152EF}.Debug|iPhoneSimulator.ActiveCfg = Debug|Any CPU
		{AB35E5EE-24AE-479A-909E-1FD941E152EF}.Debug|iPhoneSimulator.Build.0 = Debug|Any CPU
		{AB35E5EE-24AE-479A-909E-1FD941E152EF}.Release|Any CPU.ActiveCfg = Release|Any CPU
		{AB35E5EE-24AE-479A-909E-1FD941E152EF}.Release|Any CPU.Build.0 = Release|Any CPU
		{AB35E5EE-24AE-479A-909E-1FD941E152EF}.Release|iPhone.ActiveCfg = Release|Any CPU
		{AB35E5EE-24AE-479A-909E-1FD941E152EF}.Release|iPhone.Build.0 = Release|Any CPU
		{AB35E5EE-24AE-479A-909E-1FD941E152EF}.Release|iPhoneSimulator.ActiveCfg = Release|Any CPU
		{AB35E5EE-24AE-479A-909E-1FD941E152EF}.Release|iPhoneSimulator.Build.0 = Release|Any CPU
		{AB35E5EE-24AE-479A-909E-1FD941E152EF}.Sample Release|Any CPU.ActiveCfg = Release|Any CPU
		{AB35E5EE-24AE-479A-909E-1FD941E152EF}.Sample Release|Any CPU.Build.0 = Release|Any CPU
		{AB35E5EE-24AE-479A-909E-1FD941E152EF}.Sample Release|iPhone.ActiveCfg = Release|Any CPU
		{AB35E5EE-24AE-479A-909E-1FD941E152EF}.Sample Release|iPhone.Build.0 = Release|Any CPU
		{AB35E5EE-24AE-479A-909E-1FD941E152EF}.Sample Release|iPhoneSimulator.ActiveCfg = Release|Any CPU
		{AB35E5EE-24AE-479A-909E-1FD941E152EF}.Sample Release|iPhoneSimulator.Build.0 = Release|Any CPU
		{4CF5E8D0-BB2C-4790-9AD5-03AEC069C3C3}.Ad-Hoc|Any CPU.ActiveCfg = Release|Any CPU
		{4CF5E8D0-BB2C-4790-9AD5-03AEC069C3C3}.Ad-Hoc|Any CPU.Build.0 = Release|Any CPU
		{4CF5E8D0-BB2C-4790-9AD5-03AEC069C3C3}.Ad-Hoc|iPhone.ActiveCfg = Debug|Any CPU
		{4CF5E8D0-BB2C-4790-9AD5-03AEC069C3C3}.Ad-Hoc|iPhone.Build.0 = Debug|Any CPU
		{4CF5E8D0-BB2C-4790-9AD5-03AEC069C3C3}.Ad-Hoc|iPhoneSimulator.ActiveCfg = Release|Any CPU
		{4CF5E8D0-BB2C-4790-9AD5-03AEC069C3C3}.Ad-Hoc|iPhoneSimulator.Build.0 = Release|Any CPU
		{4CF5E8D0-BB2C-4790-9AD5-03AEC069C3C3}.AppStore|Any CPU.ActiveCfg = Release|Any CPU
		{4CF5E8D0-BB2C-4790-9AD5-03AEC069C3C3}.AppStore|Any CPU.Build.0 = Release|Any CPU
		{4CF5E8D0-BB2C-4790-9AD5-03AEC069C3C3}.AppStore|iPhone.ActiveCfg = Debug|Any CPU
		{4CF5E8D0-BB2C-4790-9AD5-03AEC069C3C3}.AppStore|iPhone.Build.0 = Debug|Any CPU
		{4CF5E8D0-BB2C-4790-9AD5-03AEC069C3C3}.AppStore|iPhoneSimulator.ActiveCfg = Release|Any CPU
		{4CF5E8D0-BB2C-4790-9AD5-03AEC069C3C3}.AppStore|iPhoneSimulator.Build.0 = Release|Any CPU
		{4CF5E8D0-BB2C-4790-9AD5-03AEC069C3C3}.Debug|Any CPU.ActiveCfg = Debug|Any CPU
		{4CF5E8D0-BB2C-4790-9AD5-03AEC069C3C3}.Debug|Any CPU.Build.0 = Debug|Any CPU
		{4CF5E8D0-BB2C-4790-9AD5-03AEC069C3C3}.Debug|iPhone.ActiveCfg = Debug|Any CPU
		{4CF5E8D0-BB2C-4790-9AD5-03AEC069C3C3}.Debug|iPhone.Build.0 = Debug|Any CPU
		{4CF5E8D0-BB2C-4790-9AD5-03AEC069C3C3}.Debug|iPhoneSimulator.ActiveCfg = Debug|Any CPU
		{4CF5E8D0-BB2C-4790-9AD5-03AEC069C3C3}.Debug|iPhoneSimulator.Build.0 = Debug|Any CPU
		{4CF5E8D0-BB2C-4790-9AD5-03AEC069C3C3}.Release|Any CPU.ActiveCfg = Release|Any CPU
		{4CF5E8D0-BB2C-4790-9AD5-03AEC069C3C3}.Release|Any CPU.Build.0 = Release|Any CPU
		{4CF5E8D0-BB2C-4790-9AD5-03AEC069C3C3}.Release|iPhone.ActiveCfg = Release|Any CPU
		{4CF5E8D0-BB2C-4790-9AD5-03AEC069C3C3}.Release|iPhone.Build.0 = Release|Any CPU
		{4CF5E8D0-BB2C-4790-9AD5-03AEC069C3C3}.Release|iPhoneSimulator.ActiveCfg = Release|Any CPU
		{4CF5E8D0-BB2C-4790-9AD5-03AEC069C3C3}.Release|iPhoneSimulator.Build.0 = Release|Any CPU
		{4CF5E8D0-BB2C-4790-9AD5-03AEC069C3C3}.Sample Release|Any CPU.ActiveCfg = Release|Any CPU
		{4CF5E8D0-BB2C-4790-9AD5-03AEC069C3C3}.Sample Release|Any CPU.Build.0 = Release|Any CPU
		{4CF5E8D0-BB2C-4790-9AD5-03AEC069C3C3}.Sample Release|iPhone.ActiveCfg = Release|Any CPU
		{4CF5E8D0-BB2C-4790-9AD5-03AEC069C3C3}.Sample Release|iPhone.Build.0 = Release|Any CPU
		{4CF5E8D0-BB2C-4790-9AD5-03AEC069C3C3}.Sample Release|iPhoneSimulator.ActiveCfg = Release|Any CPU
		{4CF5E8D0-BB2C-4790-9AD5-03AEC069C3C3}.Sample Release|iPhoneSimulator.Build.0 = Release|Any CPU
		{5818A5AF-3FF6-4E68-80FC-604D4AEF156C}.Ad-Hoc|Any CPU.ActiveCfg = Release|Any CPU
		{5818A5AF-3FF6-4E68-80FC-604D4AEF156C}.Ad-Hoc|Any CPU.Build.0 = Release|Any CPU
		{5818A5AF-3FF6-4E68-80FC-604D4AEF156C}.Ad-Hoc|iPhone.ActiveCfg = Release|Any CPU
		{5818A5AF-3FF6-4E68-80FC-604D4AEF156C}.Ad-Hoc|iPhone.Build.0 = Release|Any CPU
		{5818A5AF-3FF6-4E68-80FC-604D4AEF156C}.Ad-Hoc|iPhoneSimulator.ActiveCfg = Release|Any CPU
		{5818A5AF-3FF6-4E68-80FC-604D4AEF156C}.Ad-Hoc|iPhoneSimulator.Build.0 = Release|Any CPU
		{5818A5AF-3FF6-4E68-80FC-604D4AEF156C}.AppStore|Any CPU.ActiveCfg = Release|Any CPU
		{5818A5AF-3FF6-4E68-80FC-604D4AEF156C}.AppStore|Any CPU.Build.0 = Release|Any CPU
		{5818A5AF-3FF6-4E68-80FC-604D4AEF156C}.AppStore|iPhone.ActiveCfg = Release|Any CPU
		{5818A5AF-3FF6-4E68-80FC-604D4AEF156C}.AppStore|iPhone.Build.0 = Release|Any CPU
		{5818A5AF-3FF6-4E68-80FC-604D4AEF156C}.AppStore|iPhoneSimulator.ActiveCfg = Release|Any CPU
		{5818A5AF-3FF6-4E68-80FC-604D4AEF156C}.AppStore|iPhoneSimulator.Build.0 = Release|Any CPU
		{5818A5AF-3FF6-4E68-80FC-604D4AEF156C}.Debug|Any CPU.ActiveCfg = Debug|Any CPU
		{5818A5AF-3FF6-4E68-80FC-604D4AEF156C}.Debug|Any CPU.Build.0 = Debug|Any CPU
		{5818A5AF-3FF6-4E68-80FC-604D4AEF156C}.Debug|iPhone.ActiveCfg = Debug|Any CPU
		{5818A5AF-3FF6-4E68-80FC-604D4AEF156C}.Debug|iPhone.Build.0 = Debug|Any CPU
		{5818A5AF-3FF6-4E68-80FC-604D4AEF156C}.Debug|iPhoneSimulator.ActiveCfg = Debug|Any CPU
		{5818A5AF-3FF6-4E68-80FC-604D4AEF156C}.Debug|iPhoneSimulator.Build.0 = Debug|Any CPU
		{5818A5AF-3FF6-4E68-80FC-604D4AEF156C}.Release|Any CPU.ActiveCfg = Release|Any CPU
		{5818A5AF-3FF6-4E68-80FC-604D4AEF156C}.Release|Any CPU.Build.0 = Release|Any CPU
		{5818A5AF-3FF6-4E68-80FC-604D4AEF156C}.Release|iPhone.ActiveCfg = Release|Any CPU
		{5818A5AF-3FF6-4E68-80FC-604D4AEF156C}.Release|iPhone.Build.0 = Release|Any CPU
		{5818A5AF-3FF6-4E68-80FC-604D4AEF156C}.Release|iPhoneSimulator.ActiveCfg = Release|Any CPU
		{5818A5AF-3FF6-4E68-80FC-604D4AEF156C}.Release|iPhoneSimulator.Build.0 = Release|Any CPU
		{5818A5AF-3FF6-4E68-80FC-604D4AEF156C}.Sample Release|Any CPU.ActiveCfg = Release|Any CPU
		{5818A5AF-3FF6-4E68-80FC-604D4AEF156C}.Sample Release|Any CPU.Build.0 = Release|Any CPU
		{5818A5AF-3FF6-4E68-80FC-604D4AEF156C}.Sample Release|iPhone.ActiveCfg = Release|Any CPU
		{5818A5AF-3FF6-4E68-80FC-604D4AEF156C}.Sample Release|iPhone.Build.0 = Release|Any CPU
		{5818A5AF-3FF6-4E68-80FC-604D4AEF156C}.Sample Release|iPhoneSimulator.ActiveCfg = Release|Any CPU
		{5818A5AF-3FF6-4E68-80FC-604D4AEF156C}.Sample Release|iPhoneSimulator.Build.0 = Release|Any CPU
		{3A3613ED-BB0D-40CF-B0D5-A13C2F12D7BC}.Ad-Hoc|Any CPU.ActiveCfg = Debug|Any CPU
		{3A3613ED-BB0D-40CF-B0D5-A13C2F12D7BC}.Ad-Hoc|Any CPU.Build.0 = Debug|Any CPU
		{3A3613ED-BB0D-40CF-B0D5-A13C2F12D7BC}.Ad-Hoc|iPhone.ActiveCfg = Debug|Any CPU
		{3A3613ED-BB0D-40CF-B0D5-A13C2F12D7BC}.Ad-Hoc|iPhone.Build.0 = Debug|Any CPU
		{3A3613ED-BB0D-40CF-B0D5-A13C2F12D7BC}.Ad-Hoc|iPhoneSimulator.ActiveCfg = Debug|Any CPU
		{3A3613ED-BB0D-40CF-B0D5-A13C2F12D7BC}.Ad-Hoc|iPhoneSimulator.Build.0 = Debug|Any CPU
		{3A3613ED-BB0D-40CF-B0D5-A13C2F12D7BC}.AppStore|Any CPU.ActiveCfg = Debug|Any CPU
		{3A3613ED-BB0D-40CF-B0D5-A13C2F12D7BC}.AppStore|Any CPU.Build.0 = Debug|Any CPU
		{3A3613ED-BB0D-40CF-B0D5-A13C2F12D7BC}.AppStore|iPhone.ActiveCfg = Debug|Any CPU
		{3A3613ED-BB0D-40CF-B0D5-A13C2F12D7BC}.AppStore|iPhone.Build.0 = Debug|Any CPU
		{3A3613ED-BB0D-40CF-B0D5-A13C2F12D7BC}.AppStore|iPhoneSimulator.ActiveCfg = Debug|Any CPU
		{3A3613ED-BB0D-40CF-B0D5-A13C2F12D7BC}.AppStore|iPhoneSimulator.Build.0 = Debug|Any CPU
		{3A3613ED-BB0D-40CF-B0D5-A13C2F12D7BC}.Debug|Any CPU.ActiveCfg = Debug|Any CPU
		{3A3613ED-BB0D-40CF-B0D5-A13C2F12D7BC}.Debug|Any CPU.Build.0 = Debug|Any CPU
		{3A3613ED-BB0D-40CF-B0D5-A13C2F12D7BC}.Debug|iPhone.ActiveCfg = Debug|Any CPU
		{3A3613ED-BB0D-40CF-B0D5-A13C2F12D7BC}.Debug|iPhone.Build.0 = Debug|Any CPU
		{3A3613ED-BB0D-40CF-B0D5-A13C2F12D7BC}.Debug|iPhoneSimulator.ActiveCfg = Debug|Any CPU
		{3A3613ED-BB0D-40CF-B0D5-A13C2F12D7BC}.Debug|iPhoneSimulator.Build.0 = Debug|Any CPU
		{3A3613ED-BB0D-40CF-B0D5-A13C2F12D7BC}.Release|Any CPU.ActiveCfg = Release|Any CPU
		{3A3613ED-BB0D-40CF-B0D5-A13C2F12D7BC}.Release|Any CPU.Build.0 = Release|Any CPU
		{3A3613ED-BB0D-40CF-B0D5-A13C2F12D7BC}.Release|iPhone.ActiveCfg = Release|Any CPU
		{3A3613ED-BB0D-40CF-B0D5-A13C2F12D7BC}.Release|iPhone.Build.0 = Release|Any CPU
		{3A3613ED-BB0D-40CF-B0D5-A13C2F12D7BC}.Release|iPhoneSimulator.ActiveCfg = Release|Any CPU
		{3A3613ED-BB0D-40CF-B0D5-A13C2F12D7BC}.Release|iPhoneSimulator.Build.0 = Release|Any CPU
		{3A3613ED-BB0D-40CF-B0D5-A13C2F12D7BC}.Sample Release|Any CPU.ActiveCfg = Debug|Any CPU
		{3A3613ED-BB0D-40CF-B0D5-A13C2F12D7BC}.Sample Release|Any CPU.Build.0 = Debug|Any CPU
		{3A3613ED-BB0D-40CF-B0D5-A13C2F12D7BC}.Sample Release|iPhone.ActiveCfg = Debug|Any CPU
		{3A3613ED-BB0D-40CF-B0D5-A13C2F12D7BC}.Sample Release|iPhone.Build.0 = Debug|Any CPU
		{3A3613ED-BB0D-40CF-B0D5-A13C2F12D7BC}.Sample Release|iPhoneSimulator.ActiveCfg = Debug|Any CPU
		{3A3613ED-BB0D-40CF-B0D5-A13C2F12D7BC}.Sample Release|iPhoneSimulator.Build.0 = Debug|Any CPU
		{41165CA6-DE68-4DF0-A554-CD47B643F545}.Ad-Hoc|Any CPU.ActiveCfg = Debug|Any CPU
		{41165CA6-DE68-4DF0-A554-CD47B643F545}.Ad-Hoc|Any CPU.Build.0 = Debug|Any CPU
		{41165CA6-DE68-4DF0-A554-CD47B643F545}.Ad-Hoc|iPhone.ActiveCfg = Debug|Any CPU
		{41165CA6-DE68-4DF0-A554-CD47B643F545}.Ad-Hoc|iPhone.Build.0 = Debug|Any CPU
		{41165CA6-DE68-4DF0-A554-CD47B643F545}.Ad-Hoc|iPhoneSimulator.ActiveCfg = Debug|Any CPU
		{41165CA6-DE68-4DF0-A554-CD47B643F545}.Ad-Hoc|iPhoneSimulator.Build.0 = Debug|Any CPU
		{41165CA6-DE68-4DF0-A554-CD47B643F545}.AppStore|Any CPU.ActiveCfg = Debug|Any CPU
		{41165CA6-DE68-4DF0-A554-CD47B643F545}.AppStore|Any CPU.Build.0 = Debug|Any CPU
		{41165CA6-DE68-4DF0-A554-CD47B643F545}.AppStore|iPhone.ActiveCfg = Debug|Any CPU
		{41165CA6-DE68-4DF0-A554-CD47B643F545}.AppStore|iPhone.Build.0 = Debug|Any CPU
		{41165CA6-DE68-4DF0-A554-CD47B643F545}.AppStore|iPhoneSimulator.ActiveCfg = Debug|Any CPU
		{41165CA6-DE68-4DF0-A554-CD47B643F545}.AppStore|iPhoneSimulator.Build.0 = Debug|Any CPU
		{41165CA6-DE68-4DF0-A554-CD47B643F545}.Debug|Any CPU.ActiveCfg = Debug|Any CPU
		{41165CA6-DE68-4DF0-A554-CD47B643F545}.Debug|Any CPU.Build.0 = Debug|Any CPU
		{41165CA6-DE68-4DF0-A554-CD47B643F545}.Debug|iPhone.ActiveCfg = Debug|Any CPU
		{41165CA6-DE68-4DF0-A554-CD47B643F545}.Debug|iPhone.Build.0 = Debug|Any CPU
		{41165CA6-DE68-4DF0-A554-CD47B643F545}.Debug|iPhoneSimulator.ActiveCfg = Debug|Any CPU
		{41165CA6-DE68-4DF0-A554-CD47B643F545}.Debug|iPhoneSimulator.Build.0 = Debug|Any CPU
		{41165CA6-DE68-4DF0-A554-CD47B643F545}.Release|Any CPU.ActiveCfg = Release|Any CPU
		{41165CA6-DE68-4DF0-A554-CD47B643F545}.Release|Any CPU.Build.0 = Release|Any CPU
		{41165CA6-DE68-4DF0-A554-CD47B643F545}.Release|iPhone.ActiveCfg = Release|Any CPU
		{41165CA6-DE68-4DF0-A554-CD47B643F545}.Release|iPhone.Build.0 = Release|Any CPU
		{41165CA6-DE68-4DF0-A554-CD47B643F545}.Release|iPhoneSimulator.ActiveCfg = Release|Any CPU
		{41165CA6-DE68-4DF0-A554-CD47B643F545}.Release|iPhoneSimulator.Build.0 = Release|Any CPU
		{41165CA6-DE68-4DF0-A554-CD47B643F545}.Sample Release|Any CPU.ActiveCfg = Debug|Any CPU
		{41165CA6-DE68-4DF0-A554-CD47B643F545}.Sample Release|Any CPU.Build.0 = Debug|Any CPU
		{41165CA6-DE68-4DF0-A554-CD47B643F545}.Sample Release|iPhone.ActiveCfg = Debug|Any CPU
		{41165CA6-DE68-4DF0-A554-CD47B643F545}.Sample Release|iPhone.Build.0 = Debug|Any CPU
		{41165CA6-DE68-4DF0-A554-CD47B643F545}.Sample Release|iPhoneSimulator.ActiveCfg = Debug|Any CPU
		{41165CA6-DE68-4DF0-A554-CD47B643F545}.Sample Release|iPhoneSimulator.Build.0 = Debug|Any CPU
		{901979AB-BEBA-440A-BC70-9067F02B6B63}.Ad-Hoc|Any CPU.ActiveCfg = Debug|Any CPU
		{901979AB-BEBA-440A-BC70-9067F02B6B63}.Ad-Hoc|Any CPU.Build.0 = Debug|Any CPU
		{901979AB-BEBA-440A-BC70-9067F02B6B63}.Ad-Hoc|iPhone.ActiveCfg = Debug|Any CPU
		{901979AB-BEBA-440A-BC70-9067F02B6B63}.Ad-Hoc|iPhone.Build.0 = Debug|Any CPU
		{901979AB-BEBA-440A-BC70-9067F02B6B63}.Ad-Hoc|iPhoneSimulator.ActiveCfg = Debug|Any CPU
		{901979AB-BEBA-440A-BC70-9067F02B6B63}.Ad-Hoc|iPhoneSimulator.Build.0 = Debug|Any CPU
		{901979AB-BEBA-440A-BC70-9067F02B6B63}.AppStore|Any CPU.ActiveCfg = Debug|Any CPU
		{901979AB-BEBA-440A-BC70-9067F02B6B63}.AppStore|Any CPU.Build.0 = Debug|Any CPU
		{901979AB-BEBA-440A-BC70-9067F02B6B63}.AppStore|iPhone.ActiveCfg = Debug|Any CPU
		{901979AB-BEBA-440A-BC70-9067F02B6B63}.AppStore|iPhone.Build.0 = Debug|Any CPU
		{901979AB-BEBA-440A-BC70-9067F02B6B63}.AppStore|iPhoneSimulator.ActiveCfg = Debug|Any CPU
		{901979AB-BEBA-440A-BC70-9067F02B6B63}.AppStore|iPhoneSimulator.Build.0 = Debug|Any CPU
		{901979AB-BEBA-440A-BC70-9067F02B6B63}.Debug|Any CPU.ActiveCfg = Debug|Any CPU
		{901979AB-BEBA-440A-BC70-9067F02B6B63}.Debug|Any CPU.Build.0 = Debug|Any CPU
		{901979AB-BEBA-440A-BC70-9067F02B6B63}.Debug|iPhone.ActiveCfg = Debug|Any CPU
		{901979AB-BEBA-440A-BC70-9067F02B6B63}.Debug|iPhone.Build.0 = Debug|Any CPU
		{901979AB-BEBA-440A-BC70-9067F02B6B63}.Debug|iPhoneSimulator.ActiveCfg = Debug|Any CPU
		{901979AB-BEBA-440A-BC70-9067F02B6B63}.Debug|iPhoneSimulator.Build.0 = Debug|Any CPU
		{901979AB-BEBA-440A-BC70-9067F02B6B63}.Release|Any CPU.ActiveCfg = Release|Any CPU
		{901979AB-BEBA-440A-BC70-9067F02B6B63}.Release|Any CPU.Build.0 = Release|Any CPU
		{901979AB-BEBA-440A-BC70-9067F02B6B63}.Release|iPhone.ActiveCfg = Release|Any CPU
		{901979AB-BEBA-440A-BC70-9067F02B6B63}.Release|iPhone.Build.0 = Release|Any CPU
		{901979AB-BEBA-440A-BC70-9067F02B6B63}.Release|iPhoneSimulator.ActiveCfg = Release|Any CPU
		{901979AB-BEBA-440A-BC70-9067F02B6B63}.Release|iPhoneSimulator.Build.0 = Release|Any CPU
		{901979AB-BEBA-440A-BC70-9067F02B6B63}.Sample Release|Any CPU.ActiveCfg = Debug|Any CPU
		{901979AB-BEBA-440A-BC70-9067F02B6B63}.Sample Release|Any CPU.Build.0 = Debug|Any CPU
		{901979AB-BEBA-440A-BC70-9067F02B6B63}.Sample Release|iPhone.ActiveCfg = Debug|Any CPU
		{901979AB-BEBA-440A-BC70-9067F02B6B63}.Sample Release|iPhone.Build.0 = Debug|Any CPU
		{901979AB-BEBA-440A-BC70-9067F02B6B63}.Sample Release|iPhoneSimulator.ActiveCfg = Debug|Any CPU
		{901979AB-BEBA-440A-BC70-9067F02B6B63}.Sample Release|iPhoneSimulator.Build.0 = Debug|Any CPU
	EndGlobalSection
	GlobalSection(SolutionProperties) = preSolution
		HideSolutionNode = FALSE
	EndGlobalSection
	GlobalSection(ExtensibilityGlobals) = postSolution
		SolutionGuid = {F9AB7F21-AD32-47C9-A787-767DD85B40CB}
	EndGlobalSection
EndGlobal
