Microsoft Visual Studio Solution File, Format Version 12.00
# Visual Studio Version 17
VisualStudioVersion = 17.10.34916.146
MinimumVisualStudioVersion = 10.0.40219.1
Project("{2150E333-8FDC-42A3-9474-1A3956D46DE8}") = "SolutionConfig", "SolutionConfig", "{F29AF2F3-DEC8-58BC-043A-1447862C832D}"
	ProjectSection(SolutionItems) = preProject
		..\..\.editorconfig = ..\..\.editorconfig
		..\..\nuget.config = ..\..\nuget.config
		..\..\README.md = ..\..\README.md
		..\..\version.json = ..\..\version.json
		..\Directory.build.props = ..\Directory.build.props
		..\Directory.build.targets = ..\Directory.build.targets
		..\Directory.Packages.props = ..\Directory.Packages.props
		..\global.json = ..\global.json
		..\stylecop.json = ..\stylecop.json
		..\xunit.runner.json = ..\xunit.runner.json
	EndProjectSection
EndProject
Project("{2150E333-8FDC-42A3-9474-1A3956D46DE8}") = "Libs", "Libs", "{6C4D298B-81FB-2B6B-5AB6-46205EDDC72C}"
EndProject
Project("{9A19103F-16F7-4668-BE54-9A1E7A4F7556}") = "Sextant", "..\Sextant\Sextant.csproj", "{23FAD9AC-3228-B931-96D7-313C66385B72}"
EndProject
Project("{9A19103F-16F7-4668-BE54-9A1E7A4F7556}") = "Sextant.Maui", "..\Sextant.Maui\Sextant.Maui.csproj", "{731C35C8-C3BB-2867-88CA-EF67291B98AC}"
EndProject
Project("{9A19103F-16F7-4668-BE54-9A1E7A4F7556}") = "SextantSample.Maui", "..\..\Samples\SextantSample.Maui\SextantSample.Maui.csproj", "{0A65FB55-9845-3253-1E62-54F5ECF8EC45}"
EndProject
Project("{9A19103F-16F7-4668-BE54-9A1E7A4F7556}") = "SextantSample.ViewModels", "SextantSample.Core\SextantSample.ViewModels.csproj", "{8F56EB4C-63F9-C156-A8CE-0BC8C8DA73E1}"
EndProject
Global
	GlobalSection(ExtensibilityGlobals) = postSolution
		SolutionGuid = {110EFF91-41B2-44E2-960B-417D89D786DC}
	EndGlobalSection
	GlobalSection(SolutionConfigurationPlatforms) = preSolution
		Debug|x64 = Debug|x64
		Release|x64 = Release|x64
	EndGlobalSection
	GlobalSection(ProjectConfigurationPlatforms) = postSolution
		{0A65FB55-9845-3253-1E62-54F5ECF8EC45}.Debug|x64.Deploy.0 = Debug|x64
		{23FAD9AC-3228-B931-96D7-313C66385B72}.Debug|x64.ActiveCfg = Debug|Any CPU
		{23FAD9AC-3228-B931-96D7-313C66385B72}.Debug|x64.Build.0 = Debug|Any CPU
		{23FAD9AC-3228-B931-96D7-313C66385B72}.Release|x64.ActiveCfg = Release|Any CPU
		{23FAD9AC-3228-B931-96D7-313C66385B72}.Release|x64.Build.0 = Release|Any CPU
		{731C35C8-C3BB-2867-88CA-EF67291B98AC}.Debug|x64.ActiveCfg = Debug|Any CPU
		{731C35C8-C3BB-2867-88CA-EF67291B98AC}.Debug|x64.Build.0 = Debug|Any CPU
		{731C35C8-C3BB-2867-88CA-EF67291B98AC}.Release|x64.ActiveCfg = Release|Any CPU
		{731C35C8-C3BB-2867-88CA-EF67291B98AC}.Release|x64.Build.0 = Release|Any CPU
		{0A65FB55-9845-3253-1E62-54F5ECF8EC45}.Debug|x64.ActiveCfg = Debug|x64
		{0A65FB55-9845-3253-1E62-54F5ECF8EC45}.Debug|x64.Build.0 = Debug|x64
		{0A65FB55-9845-3253-1E62-54F5ECF8EC45}.Release|x64.ActiveCfg = Release|x64
		{0A65FB55-9845-3253-1E62-54F5ECF8EC45}.Release|x64.Build.0 = Release|x64
		{8F56EB4C-63F9-C156-A8CE-0BC8C8DA73E1}.Debug|x64.ActiveCfg = Debug|Any CPU
		{8F56EB4C-63F9-C156-A8CE-0BC8C8DA73E1}.Debug|x64.Build.0 = Debug|Any CPU
		{8F56EB4C-63F9-C156-A8CE-0BC8C8DA73E1}.Release|x64.ActiveCfg = Release|Any CPU
		{8F56EB4C-63F9-C156-A8CE-0BC8C8DA73E1}.Release|x64.Build.0 = Release|Any CPU
	EndGlobalSection
	GlobalSection(SolutionProperties) = preSolution
		HideSolutionNode = FALSE
	EndGlobalSection
	GlobalSection(NestedProjects) = preSolution
		{23FAD9AC-3228-B931-96D7-313C66385B72} = {6C4D298B-81FB-2B6B-5AB6-46205EDDC72C}
		{731C35C8-C3BB-2867-88CA-EF67291B98AC} = {6C4D298B-81FB-2B6B-5AB6-46205EDDC72C}
	EndGlobalSection
EndGlobal
