
Microsoft Visual Studio Solution File, Format Version 12.00
# Visual Studio Version 17
VisualStudioVersion = 17.0.31919.166
MinimumVisualStudioVersion = 10.0.40219.1
Project("{9A19103F-16F7-4668-BE54-9A1E7A4F7556}") = "SextantSample", "SextantSample\SextantSample.csproj", "{AB35E5EE-24AE-479A-909E-1FD941E152EF}"
EndProject
Project("{FAE04EC0-301F-11D3-BF4B-00C04F79EFBC}") = "SextantSample.Android", "SextantSample.Android\SextantSample.Android.csproj", "{4A684BB2-2CB4-4B04-8541-FF0FA677DD49}"
EndProject
Project("{9A19103F-16F7-4668-BE54-9A1E7A4F7556}") = "Sextant", "..\src\Sextant\Sextant.csproj", "{4CF5E8D0-BB2C-4790-9AD5-03AEC069C3C3}"
EndProject
Project("{FAE04EC0-301F-11D3-BF4B-00C04F79EFBC}") = "SextantSample.iOS", "SextantSample.iOS\SextantSample.iOS.csproj", "{A5BBADB1-F348-49CD-8264-59B5BE8E9F17}"
EndProject
Project("{9A19103F-16F7-4668-BE54-9A1E7A4F7556}") = "Sextant.XamForms", "..\src\Sextant.XamForms\Sextant.XamForms.csproj", "{4529D741-5B1E-4A05-9FDA-36625C12FC33}"
EndProject
Project("{9A19103F-16F7-4668-BE54-9A1E7A4F7556}") = "SextantSample.ViewModels", "SextantSample.Core\SextantSample.ViewModels.csproj", "{5818A5AF-3FF6-4E68-80FC-604D4AEF156C}"
EndProject
Project("{C7167F0D-BC9F-4E6E-AFE1-012C56B48DB5}") = "SextantSample.WinUI (Package)", "SextantSample.WinUI\SextantSample.WinUI (Package)\SextantSample.WinUI (Package).wapproj", "{FF975149-36F7-473D-B997-1CD8788DB3BF}"
EndProject
Project("{FAE04EC0-301F-11D3-BF4B-00C04F79EFBC}") = "SextantSample.WinUI", "SextantSample.WinUI\SextantSample.WinUI\SextantSample.WinUI.csproj", "{E0AEEE9F-FB3A-40D6-877B-E866FEFE0BC6}"
EndProject
Project("{9A19103F-16F7-4668-BE54-9A1E7A4F7556}") = "Sextant.WinUI", "..\src\Sextant.WinUI\Sextant.WinUI.csproj", "{F33380C4-6AE7-4865-958C-37CA485774EE}"
EndProject
Global
	GlobalSection(SolutionConfigurationPlatforms) = preSolution
		Ad-Hoc|Any CPU = Ad-Hoc|Any CPU
		Ad-Hoc|arm64 = Ad-Hoc|arm64
		Ad-Hoc|iPhone = Ad-Hoc|iPhone
		Ad-Hoc|iPhoneSimulator = Ad-Hoc|iPhoneSimulator
		Ad-Hoc|x64 = Ad-Hoc|x64
		Ad-Hoc|x86 = Ad-Hoc|x86
		AppStore|Any CPU = AppStore|Any CPU
		AppStore|arm64 = AppStore|arm64
		AppStore|iPhone = AppStore|iPhone
		AppStore|iPhoneSimulator = AppStore|iPhoneSimulator
		AppStore|x64 = AppStore|x64
		AppStore|x86 = AppStore|x86
		Debug|Any CPU = Debug|Any CPU
		Debug|arm64 = Debug|arm64
		Debug|iPhone = Debug|iPhone
		Debug|iPhoneSimulator = Debug|iPhoneSimulator
		Debug|x64 = Debug|x64
		Debug|x86 = Debug|x86
		Release|Any CPU = Release|Any CPU
		Release|arm64 = Release|arm64
		Release|iPhone = Release|iPhone
		Release|iPhoneSimulator = Release|iPhoneSimulator
		Release|x64 = Release|x64
		Release|x86 = Release|x86
		Sample Release|Any CPU = Sample Release|Any CPU
		Sample Release|arm64 = Sample Release|arm64
		Sample Release|iPhone = Sample Release|iPhone
		Sample Release|iPhoneSimulator = Sample Release|iPhoneSimulator
		Sample Release|x64 = Sample Release|x64
		Sample Release|x86 = Sample Release|x86
	EndGlobalSection
	GlobalSection(ProjectConfigurationPlatforms) = postSolution
		{AB35E5EE-24AE-479A-909E-1FD941E152EF}.Ad-Hoc|Any CPU.ActiveCfg = Release|Any CPU
		{AB35E5EE-24AE-479A-909E-1FD941E152EF}.Ad-Hoc|Any CPU.Build.0 = Release|Any CPU
		{AB35E5EE-24AE-479A-909E-1FD941E152EF}.Ad-Hoc|arm64.ActiveCfg = Debug|Any CPU
		{AB35E5EE-24AE-479A-909E-1FD941E152EF}.Ad-Hoc|arm64.Build.0 = Debug|Any CPU
		{AB35E5EE-24AE-479A-909E-1FD941E152EF}.Ad-Hoc|iPhone.ActiveCfg = Debug|Any CPU
		{AB35E5EE-24AE-479A-909E-1FD941E152EF}.Ad-Hoc|iPhone.Build.0 = Debug|Any CPU
		{AB35E5EE-24AE-479A-909E-1FD941E152EF}.Ad-Hoc|iPhoneSimulator.ActiveCfg = Release|Any CPU
		{AB35E5EE-24AE-479A-909E-1FD941E152EF}.Ad-Hoc|iPhoneSimulator.Build.0 = Release|Any CPU
		{AB35E5EE-24AE-479A-909E-1FD941E152EF}.Ad-Hoc|x64.ActiveCfg = Debug|Any CPU
		{AB35E5EE-24AE-479A-909E-1FD941E152EF}.Ad-Hoc|x64.Build.0 = Debug|Any CPU
		{AB35E5EE-24AE-479A-909E-1FD941E152EF}.Ad-Hoc|x86.ActiveCfg = Debug|Any CPU
		{AB35E5EE-24AE-479A-909E-1FD941E152EF}.Ad-Hoc|x86.Build.0 = Debug|Any CPU
		{AB35E5EE-24AE-479A-909E-1FD941E152EF}.AppStore|Any CPU.ActiveCfg = Release|Any CPU
		{AB35E5EE-24AE-479A-909E-1FD941E152EF}.AppStore|Any CPU.Build.0 = Release|Any CPU
		{AB35E5EE-24AE-479A-909E-1FD941E152EF}.AppStore|arm64.ActiveCfg = Debug|Any CPU
		{AB35E5EE-24AE-479A-909E-1FD941E152EF}.AppStore|arm64.Build.0 = Debug|Any CPU
		{AB35E5EE-24AE-479A-909E-1FD941E152EF}.AppStore|iPhone.ActiveCfg = Debug|Any CPU
		{AB35E5EE-24AE-479A-909E-1FD941E152EF}.AppStore|iPhone.Build.0 = Debug|Any CPU
		{AB35E5EE-24AE-479A-909E-1FD941E152EF}.AppStore|iPhoneSimulator.ActiveCfg = Release|Any CPU
		{AB35E5EE-24AE-479A-909E-1FD941E152EF}.AppStore|iPhoneSimulator.Build.0 = Release|Any CPU
		{AB35E5EE-24AE-479A-909E-1FD941E152EF}.AppStore|x64.ActiveCfg = Debug|Any CPU
		{AB35E5EE-24AE-479A-909E-1FD941E152EF}.AppStore|x64.Build.0 = Debug|Any CPU
		{AB35E5EE-24AE-479A-909E-1FD941E152EF}.AppStore|x86.ActiveCfg = Debug|Any CPU
		{AB35E5EE-24AE-479A-909E-1FD941E152EF}.AppStore|x86.Build.0 = Debug|Any CPU
		{AB35E5EE-24AE-479A-909E-1FD941E152EF}.Debug|Any CPU.ActiveCfg = Debug|Any CPU
		{AB35E5EE-24AE-479A-909E-1FD941E152EF}.Debug|Any CPU.Build.0 = Debug|Any CPU
		{AB35E5EE-24AE-479A-909E-1FD941E152EF}.Debug|arm64.ActiveCfg = Debug|Any CPU
		{AB35E5EE-24AE-479A-909E-1FD941E152EF}.Debug|arm64.Build.0 = Debug|Any CPU
		{AB35E5EE-24AE-479A-909E-1FD941E152EF}.Debug|iPhone.ActiveCfg = Debug|Any CPU
		{AB35E5EE-24AE-479A-909E-1FD941E152EF}.Debug|iPhone.Build.0 = Debug|Any CPU
		{AB35E5EE-24AE-479A-909E-1FD941E152EF}.Debug|iPhoneSimulator.ActiveCfg = Debug|Any CPU
		{AB35E5EE-24AE-479A-909E-1FD941E152EF}.Debug|iPhoneSimulator.Build.0 = Debug|Any CPU
		{AB35E5EE-24AE-479A-909E-1FD941E152EF}.Debug|x64.ActiveCfg = Debug|Any CPU
		{AB35E5EE-24AE-479A-909E-1FD941E152EF}.Debug|x64.Build.0 = Debug|Any CPU
		{AB35E5EE-24AE-479A-909E-1FD941E152EF}.Debug|x86.ActiveCfg = Debug|Any CPU
		{AB35E5EE-24AE-479A-909E-1FD941E152EF}.Debug|x86.Build.0 = Debug|Any CPU
		{AB35E5EE-24AE-479A-909E-1FD941E152EF}.Release|Any CPU.ActiveCfg = Release|Any CPU
		{AB35E5EE-24AE-479A-909E-1FD941E152EF}.Release|Any CPU.Build.0 = Release|Any CPU
		{AB35E5EE-24AE-479A-909E-1FD941E152EF}.Release|arm64.ActiveCfg = Release|Any CPU
		{AB35E5EE-24AE-479A-909E-1FD941E152EF}.Release|arm64.Build.0 = Release|Any CPU
		{AB35E5EE-24AE-479A-909E-1FD941E152EF}.Release|iPhone.ActiveCfg = Release|Any CPU
		{AB35E5EE-24AE-479A-909E-1FD941E152EF}.Release|iPhone.Build.0 = Release|Any CPU
		{AB35E5EE-24AE-479A-909E-1FD941E152EF}.Release|iPhoneSimulator.ActiveCfg = Release|Any CPU
		{AB35E5EE-24AE-479A-909E-1FD941E152EF}.Release|iPhoneSimulator.Build.0 = Release|Any CPU
		{AB35E5EE-24AE-479A-909E-1FD941E152EF}.Release|x64.ActiveCfg = Release|Any CPU
		{AB35E5EE-24AE-479A-909E-1FD941E152EF}.Release|x64.Build.0 = Release|Any CPU
		{AB35E5EE-24AE-479A-909E-1FD941E152EF}.Release|x86.ActiveCfg = Release|Any CPU
		{AB35E5EE-24AE-479A-909E-1FD941E152EF}.Release|x86.Build.0 = Release|Any CPU
		{AB35E5EE-24AE-479A-909E-1FD941E152EF}.Sample Release|Any CPU.ActiveCfg = Release|Any CPU
		{AB35E5EE-24AE-479A-909E-1FD941E152EF}.Sample Release|Any CPU.Build.0 = Release|Any CPU
		{AB35E5EE-24AE-479A-909E-1FD941E152EF}.Sample Release|arm64.ActiveCfg = Release|Any CPU
		{AB35E5EE-24AE-479A-909E-1FD941E152EF}.Sample Release|arm64.Build.0 = Release|Any CPU
		{AB35E5EE-24AE-479A-909E-1FD941E152EF}.Sample Release|iPhone.ActiveCfg = Release|Any CPU
		{AB35E5EE-24AE-479A-909E-1FD941E152EF}.Sample Release|iPhone.Build.0 = Release|Any CPU
		{AB35E5EE-24AE-479A-909E-1FD941E152EF}.Sample Release|iPhoneSimulator.ActiveCfg = Release|Any CPU
		{AB35E5EE-24AE-479A-909E-1FD941E152EF}.Sample Release|iPhoneSimulator.Build.0 = Release|Any CPU
		{AB35E5EE-24AE-479A-909E-1FD941E152EF}.Sample Release|x64.ActiveCfg = Release|Any CPU
		{AB35E5EE-24AE-479A-909E-1FD941E152EF}.Sample Release|x64.Build.0 = Release|Any CPU
		{AB35E5EE-24AE-479A-909E-1FD941E152EF}.Sample Release|x86.ActiveCfg = Release|Any CPU
		{AB35E5EE-24AE-479A-909E-1FD941E152EF}.Sample Release|x86.Build.0 = Release|Any CPU
		{4A684BB2-2CB4-4B04-8541-FF0FA677DD49}.Ad-Hoc|Any CPU.ActiveCfg = Sample Release|Any CPU
		{4A684BB2-2CB4-4B04-8541-FF0FA677DD49}.Ad-Hoc|Any CPU.Build.0 = Sample Release|Any CPU
		{4A684BB2-2CB4-4B04-8541-FF0FA677DD49}.Ad-Hoc|Any CPU.Deploy.0 = Sample Release|Any CPU
		{4A684BB2-2CB4-4B04-8541-FF0FA677DD49}.Ad-Hoc|arm64.ActiveCfg = Release|Any CPU
		{4A684BB2-2CB4-4B04-8541-FF0FA677DD49}.Ad-Hoc|arm64.Build.0 = Release|Any CPU
		{4A684BB2-2CB4-4B04-8541-FF0FA677DD49}.Ad-Hoc|arm64.Deploy.0 = Release|Any CPU
		{4A684BB2-2CB4-4B04-8541-FF0FA677DD49}.Ad-Hoc|iPhone.ActiveCfg = Debug|Any CPU
		{4A684BB2-2CB4-4B04-8541-FF0FA677DD49}.Ad-Hoc|iPhone.Build.0 = Debug|Any CPU
		{4A684BB2-2CB4-4B04-8541-FF0FA677DD49}.Ad-Hoc|iPhoneSimulator.ActiveCfg = Sample Release|Any CPU
		{4A684BB2-2CB4-4B04-8541-FF0FA677DD49}.Ad-Hoc|iPhoneSimulator.Build.0 = Sample Release|Any CPU
		{4A684BB2-2CB4-4B04-8541-FF0FA677DD49}.Ad-Hoc|iPhoneSimulator.Deploy.0 = Sample Release|Any CPU
		{4A684BB2-2CB4-4B04-8541-FF0FA677DD49}.Ad-Hoc|x64.ActiveCfg = Release|Any CPU
		{4A684BB2-2CB4-4B04-8541-FF0FA677DD49}.Ad-Hoc|x64.Build.0 = Release|Any CPU
		{4A684BB2-2CB4-4B04-8541-FF0FA677DD49}.Ad-Hoc|x64.Deploy.0 = Release|Any CPU
		{4A684BB2-2CB4-4B04-8541-FF0FA677DD49}.Ad-Hoc|x86.ActiveCfg = Release|Any CPU
		{4A684BB2-2CB4-4B04-8541-FF0FA677DD49}.Ad-Hoc|x86.Build.0 = Release|Any CPU
		{4A684BB2-2CB4-4B04-8541-FF0FA677DD49}.Ad-Hoc|x86.Deploy.0 = Release|Any CPU
		{4A684BB2-2CB4-4B04-8541-FF0FA677DD49}.AppStore|Any CPU.ActiveCfg = Sample Release|Any CPU
		{4A684BB2-2CB4-4B04-8541-FF0FA677DD49}.AppStore|Any CPU.Build.0 = Sample Release|Any CPU
		{4A684BB2-2CB4-4B04-8541-FF0FA677DD49}.AppStore|Any CPU.Deploy.0 = Sample Release|Any CPU
		{4A684BB2-2CB4-4B04-8541-FF0FA677DD49}.AppStore|arm64.ActiveCfg = Release|Any CPU
		{4A684BB2-2CB4-4B04-8541-FF0FA677DD49}.AppStore|arm64.Build.0 = Release|Any CPU
		{4A684BB2-2CB4-4B04-8541-FF0FA677DD49}.AppStore|arm64.Deploy.0 = Release|Any CPU
		{4A684BB2-2CB4-4B04-8541-FF0FA677DD49}.AppStore|iPhone.ActiveCfg = Debug|Any CPU
		{4A684BB2-2CB4-4B04-8541-FF0FA677DD49}.AppStore|iPhone.Build.0 = Debug|Any CPU
		{4A684BB2-2CB4-4B04-8541-FF0FA677DD49}.AppStore|iPhoneSimulator.ActiveCfg = Sample Release|Any CPU
		{4A684BB2-2CB4-4B04-8541-FF0FA677DD49}.AppStore|iPhoneSimulator.Build.0 = Sample Release|Any CPU
		{4A684BB2-2CB4-4B04-8541-FF0FA677DD49}.AppStore|iPhoneSimulator.Deploy.0 = Sample Release|Any CPU
		{4A684BB2-2CB4-4B04-8541-FF0FA677DD49}.AppStore|x64.ActiveCfg = Release|Any CPU
		{4A684BB2-2CB4-4B04-8541-FF0FA677DD49}.AppStore|x64.Build.0 = Release|Any CPU
		{4A684BB2-2CB4-4B04-8541-FF0FA677DD49}.AppStore|x64.Deploy.0 = Release|Any CPU
		{4A684BB2-2CB4-4B04-8541-FF0FA677DD49}.AppStore|x86.ActiveCfg = Release|Any CPU
		{4A684BB2-2CB4-4B04-8541-FF0FA677DD49}.AppStore|x86.Build.0 = Release|Any CPU
		{4A684BB2-2CB4-4B04-8541-FF0FA677DD49}.AppStore|x86.Deploy.0 = Release|Any CPU
		{4A684BB2-2CB4-4B04-8541-FF0FA677DD49}.Debug|Any CPU.ActiveCfg = Debug|Any CPU
		{4A684BB2-2CB4-4B04-8541-FF0FA677DD49}.Debug|Any CPU.Build.0 = Debug|Any CPU
		{4A684BB2-2CB4-4B04-8541-FF0FA677DD49}.Debug|Any CPU.Deploy.0 = Debug|Any CPU
		{4A684BB2-2CB4-4B04-8541-FF0FA677DD49}.Debug|arm64.ActiveCfg = Debug|Any CPU
		{4A684BB2-2CB4-4B04-8541-FF0FA677DD49}.Debug|arm64.Build.0 = Debug|Any CPU
		{4A684BB2-2CB4-4B04-8541-FF0FA677DD49}.Debug|arm64.Deploy.0 = Debug|Any CPU
		{4A684BB2-2CB4-4B04-8541-FF0FA677DD49}.Debug|iPhone.ActiveCfg = Debug|Any CPU
		{4A684BB2-2CB4-4B04-8541-FF0FA677DD49}.Debug|iPhone.Build.0 = Debug|Any CPU
		{4A684BB2-2CB4-4B04-8541-FF0FA677DD49}.Debug|iPhoneSimulator.ActiveCfg = Debug|Any CPU
		{4A684BB2-2CB4-4B04-8541-FF0FA677DD49}.Debug|iPhoneSimulator.Build.0 = Debug|Any CPU
		{4A684BB2-2CB4-4B04-8541-FF0FA677DD49}.Debug|x64.ActiveCfg = Debug|Any CPU
		{4A684BB2-2CB4-4B04-8541-FF0FA677DD49}.Debug|x64.Build.0 = Debug|Any CPU
		{4A684BB2-2CB4-4B04-8541-FF0FA677DD49}.Debug|x64.Deploy.0 = Debug|Any CPU
		{4A684BB2-2CB4-4B04-8541-FF0FA677DD49}.Debug|x86.ActiveCfg = Debug|Any CPU
		{4A684BB2-2CB4-4B04-8541-FF0FA677DD49}.Debug|x86.Build.0 = Debug|Any CPU
		{4A684BB2-2CB4-4B04-8541-FF0FA677DD49}.Debug|x86.Deploy.0 = Debug|Any CPU
		{4A684BB2-2CB4-4B04-8541-FF0FA677DD49}.Release|Any CPU.ActiveCfg = Release|Any CPU
		{4A684BB2-2CB4-4B04-8541-FF0FA677DD49}.Release|Any CPU.Build.0 = Release|Any CPU
		{4A684BB2-2CB4-4B04-8541-FF0FA677DD49}.Release|Any CPU.Deploy.0 = Release|Any CPU
		{4A684BB2-2CB4-4B04-8541-FF0FA677DD49}.Release|arm64.ActiveCfg = Release|Any CPU
		{4A684BB2-2CB4-4B04-8541-FF0FA677DD49}.Release|arm64.Build.0 = Release|Any CPU
		{4A684BB2-2CB4-4B04-8541-FF0FA677DD49}.Release|arm64.Deploy.0 = Release|Any CPU
		{4A684BB2-2CB4-4B04-8541-FF0FA677DD49}.Release|iPhone.ActiveCfg = Release|Any CPU
		{4A684BB2-2CB4-4B04-8541-FF0FA677DD49}.Release|iPhone.Build.0 = Release|Any CPU
		{4A684BB2-2CB4-4B04-8541-FF0FA677DD49}.Release|iPhoneSimulator.ActiveCfg = Release|Any CPU
		{4A684BB2-2CB4-4B04-8541-FF0FA677DD49}.Release|iPhoneSimulator.Build.0 = Release|Any CPU
		{4A684BB2-2CB4-4B04-8541-FF0FA677DD49}.Release|x64.ActiveCfg = Release|Any CPU
		{4A684BB2-2CB4-4B04-8541-FF0FA677DD49}.Release|x64.Build.0 = Release|Any CPU
		{4A684BB2-2CB4-4B04-8541-FF0FA677DD49}.Release|x64.Deploy.0 = Release|Any CPU
		{4A684BB2-2CB4-4B04-8541-FF0FA677DD49}.Release|x86.ActiveCfg = Release|Any CPU
		{4A684BB2-2CB4-4B04-8541-FF0FA677DD49}.Release|x86.Build.0 = Release|Any CPU
		{4A684BB2-2CB4-4B04-8541-FF0FA677DD49}.Release|x86.Deploy.0 = Release|Any CPU
		{4A684BB2-2CB4-4B04-8541-FF0FA677DD49}.Sample Release|Any CPU.ActiveCfg = Sample Release|Any CPU
		{4A684BB2-2CB4-4B04-8541-FF0FA677DD49}.Sample Release|Any CPU.Build.0 = Sample Release|Any CPU
		{4A684BB2-2CB4-4B04-8541-FF0FA677DD49}.Sample Release|Any CPU.Deploy.0 = Sample Release|Any CPU
		{4A684BB2-2CB4-4B04-8541-FF0FA677DD49}.Sample Release|arm64.ActiveCfg = Sample Release|Any CPU
		{4A684BB2-2CB4-4B04-8541-FF0FA677DD49}.Sample Release|arm64.Build.0 = Sample Release|Any CPU
		{4A684BB2-2CB4-4B04-8541-FF0FA677DD49}.Sample Release|arm64.Deploy.0 = Sample Release|Any CPU
		{4A684BB2-2CB4-4B04-8541-FF0FA677DD49}.Sample Release|iPhone.ActiveCfg = Sample Release|Any CPU
		{4A684BB2-2CB4-4B04-8541-FF0FA677DD49}.Sample Release|iPhone.Build.0 = Sample Release|Any CPU
		{4A684BB2-2CB4-4B04-8541-FF0FA677DD49}.Sample Release|iPhone.Deploy.0 = Sample Release|Any CPU
		{4A684BB2-2CB4-4B04-8541-FF0FA677DD49}.Sample Release|iPhoneSimulator.ActiveCfg = Sample Release|Any CPU
		{4A684BB2-2CB4-4B04-8541-FF0FA677DD49}.Sample Release|iPhoneSimulator.Build.0 = Sample Release|Any CPU
		{4A684BB2-2CB4-4B04-8541-FF0FA677DD49}.Sample Release|iPhoneSimulator.Deploy.0 = Sample Release|Any CPU
		{4A684BB2-2CB4-4B04-8541-FF0FA677DD49}.Sample Release|x64.ActiveCfg = Sample Release|Any CPU
		{4A684BB2-2CB4-4B04-8541-FF0FA677DD49}.Sample Release|x64.Build.0 = Sample Release|Any CPU
		{4A684BB2-2CB4-4B04-8541-FF0FA677DD49}.Sample Release|x64.Deploy.0 = Sample Release|Any CPU
		{4A684BB2-2CB4-4B04-8541-FF0FA677DD49}.Sample Release|x86.ActiveCfg = Sample Release|Any CPU
		{4A684BB2-2CB4-4B04-8541-FF0FA677DD49}.Sample Release|x86.Build.0 = Sample Release|Any CPU
		{4A684BB2-2CB4-4B04-8541-FF0FA677DD49}.Sample Release|x86.Deploy.0 = Sample Release|Any CPU
		{4CF5E8D0-BB2C-4790-9AD5-03AEC069C3C3}.Ad-Hoc|Any CPU.ActiveCfg = Release|Any CPU
		{4CF5E8D0-BB2C-4790-9AD5-03AEC069C3C3}.Ad-Hoc|Any CPU.Build.0 = Release|Any CPU
		{4CF5E8D0-BB2C-4790-9AD5-03AEC069C3C3}.Ad-Hoc|arm64.ActiveCfg = Debug|Any CPU
		{4CF5E8D0-BB2C-4790-9AD5-03AEC069C3C3}.Ad-Hoc|arm64.Build.0 = Debug|Any CPU
		{4CF5E8D0-BB2C-4790-9AD5-03AEC069C3C3}.Ad-Hoc|iPhone.ActiveCfg = Debug|Any CPU
		{4CF5E8D0-BB2C-4790-9AD5-03AEC069C3C3}.Ad-Hoc|iPhone.Build.0 = Debug|Any CPU
		{4CF5E8D0-BB2C-4790-9AD5-03AEC069C3C3}.Ad-Hoc|iPhoneSimulator.ActiveCfg = Release|Any CPU
		{4CF5E8D0-BB2C-4790-9AD5-03AEC069C3C3}.Ad-Hoc|iPhoneSimulator.Build.0 = Release|Any CPU
		{4CF5E8D0-BB2C-4790-9AD5-03AEC069C3C3}.Ad-Hoc|x64.ActiveCfg = Debug|Any CPU
		{4CF5E8D0-BB2C-4790-9AD5-03AEC069C3C3}.Ad-Hoc|x64.Build.0 = Debug|Any CPU
		{4CF5E8D0-BB2C-4790-9AD5-03AEC069C3C3}.Ad-Hoc|x86.ActiveCfg = Debug|Any CPU
		{4CF5E8D0-BB2C-4790-9AD5-03AEC069C3C3}.Ad-Hoc|x86.Build.0 = Debug|Any CPU
		{4CF5E8D0-BB2C-4790-9AD5-03AEC069C3C3}.AppStore|Any CPU.ActiveCfg = Release|Any CPU
		{4CF5E8D0-BB2C-4790-9AD5-03AEC069C3C3}.AppStore|Any CPU.Build.0 = Release|Any CPU
		{4CF5E8D0-BB2C-4790-9AD5-03AEC069C3C3}.AppStore|arm64.ActiveCfg = Debug|Any CPU
		{4CF5E8D0-BB2C-4790-9AD5-03AEC069C3C3}.AppStore|arm64.Build.0 = Debug|Any CPU
		{4CF5E8D0-BB2C-4790-9AD5-03AEC069C3C3}.AppStore|iPhone.ActiveCfg = Debug|Any CPU
		{4CF5E8D0-BB2C-4790-9AD5-03AEC069C3C3}.AppStore|iPhone.Build.0 = Debug|Any CPU
		{4CF5E8D0-BB2C-4790-9AD5-03AEC069C3C3}.AppStore|iPhoneSimulator.ActiveCfg = Release|Any CPU
		{4CF5E8D0-BB2C-4790-9AD5-03AEC069C3C3}.AppStore|iPhoneSimulator.Build.0 = Release|Any CPU
		{4CF5E8D0-BB2C-4790-9AD5-03AEC069C3C3}.AppStore|x64.ActiveCfg = Debug|Any CPU
		{4CF5E8D0-BB2C-4790-9AD5-03AEC069C3C3}.AppStore|x64.Build.0 = Debug|Any CPU
		{4CF5E8D0-BB2C-4790-9AD5-03AEC069C3C3}.AppStore|x86.ActiveCfg = Debug|Any CPU
		{4CF5E8D0-BB2C-4790-9AD5-03AEC069C3C3}.AppStore|x86.Build.0 = Debug|Any CPU
		{4CF5E8D0-BB2C-4790-9AD5-03AEC069C3C3}.Debug|Any CPU.ActiveCfg = Debug|Any CPU
		{4CF5E8D0-BB2C-4790-9AD5-03AEC069C3C3}.Debug|Any CPU.Build.0 = Debug|Any CPU
		{4CF5E8D0-BB2C-4790-9AD5-03AEC069C3C3}.Debug|arm64.ActiveCfg = Debug|Any CPU
		{4CF5E8D0-BB2C-4790-9AD5-03AEC069C3C3}.Debug|arm64.Build.0 = Debug|Any CPU
		{4CF5E8D0-BB2C-4790-9AD5-03AEC069C3C3}.Debug|iPhone.ActiveCfg = Debug|Any CPU
		{4CF5E8D0-BB2C-4790-9AD5-03AEC069C3C3}.Debug|iPhone.Build.0 = Debug|Any CPU
		{4CF5E8D0-BB2C-4790-9AD5-03AEC069C3C3}.Debug|iPhoneSimulator.ActiveCfg = Debug|Any CPU
		{4CF5E8D0-BB2C-4790-9AD5-03AEC069C3C3}.Debug|iPhoneSimulator.Build.0 = Debug|Any CPU
		{4CF5E8D0-BB2C-4790-9AD5-03AEC069C3C3}.Debug|x64.ActiveCfg = Debug|Any CPU
		{4CF5E8D0-BB2C-4790-9AD5-03AEC069C3C3}.Debug|x64.Build.0 = Debug|Any CPU
		{4CF5E8D0-BB2C-4790-9AD5-03AEC069C3C3}.Debug|x86.ActiveCfg = Debug|Any CPU
		{4CF5E8D0-BB2C-4790-9AD5-03AEC069C3C3}.Debug|x86.Build.0 = Debug|Any CPU
		{4CF5E8D0-BB2C-4790-9AD5-03AEC069C3C3}.Release|Any CPU.ActiveCfg = Release|Any CPU
		{4CF5E8D0-BB2C-4790-9AD5-03AEC069C3C3}.Release|Any CPU.Build.0 = Release|Any CPU
		{4CF5E8D0-BB2C-4790-9AD5-03AEC069C3C3}.Release|arm64.ActiveCfg = Release|Any CPU
		{4CF5E8D0-BB2C-4790-9AD5-03AEC069C3C3}.Release|arm64.Build.0 = Release|Any CPU
		{4CF5E8D0-BB2C-4790-9AD5-03AEC069C3C3}.Release|iPhone.ActiveCfg = Release|Any CPU
		{4CF5E8D0-BB2C-4790-9AD5-03AEC069C3C3}.Release|iPhone.Build.0 = Release|Any CPU
		{4CF5E8D0-BB2C-4790-9AD5-03AEC069C3C3}.Release|iPhoneSimulator.ActiveCfg = Release|Any CPU
		{4CF5E8D0-BB2C-4790-9AD5-03AEC069C3C3}.Release|iPhoneSimulator.Build.0 = Release|Any CPU
		{4CF5E8D0-BB2C-4790-9AD5-03AEC069C3C3}.Release|x64.ActiveCfg = Release|Any CPU
		{4CF5E8D0-BB2C-4790-9AD5-03AEC069C3C3}.Release|x64.Build.0 = Release|Any CPU
		{4CF5E8D0-BB2C-4790-9AD5-03AEC069C3C3}.Release|x86.ActiveCfg = Release|Any CPU
		{4CF5E8D0-BB2C-4790-9AD5-03AEC069C3C3}.Release|x86.Build.0 = Release|Any CPU
		{4CF5E8D0-BB2C-4790-9AD5-03AEC069C3C3}.Sample Release|Any CPU.ActiveCfg = Release|Any CPU
		{4CF5E8D0-BB2C-4790-9AD5-03AEC069C3C3}.Sample Release|Any CPU.Build.0 = Release|Any CPU
		{4CF5E8D0-BB2C-4790-9AD5-03AEC069C3C3}.Sample Release|arm64.ActiveCfg = Release|Any CPU
		{4CF5E8D0-BB2C-4790-9AD5-03AEC069C3C3}.Sample Release|arm64.Build.0 = Release|Any CPU
		{4CF5E8D0-BB2C-4790-9AD5-03AEC069C3C3}.Sample Release|iPhone.ActiveCfg = Release|Any CPU
		{4CF5E8D0-BB2C-4790-9AD5-03AEC069C3C3}.Sample Release|iPhone.Build.0 = Release|Any CPU
		{4CF5E8D0-BB2C-4790-9AD5-03AEC069C3C3}.Sample Release|iPhoneSimulator.ActiveCfg = Release|Any CPU
		{4CF5E8D0-BB2C-4790-9AD5-03AEC069C3C3}.Sample Release|iPhoneSimulator.Build.0 = Release|Any CPU
		{4CF5E8D0-BB2C-4790-9AD5-03AEC069C3C3}.Sample Release|x64.ActiveCfg = Release|Any CPU
		{4CF5E8D0-BB2C-4790-9AD5-03AEC069C3C3}.Sample Release|x64.Build.0 = Release|Any CPU
		{4CF5E8D0-BB2C-4790-9AD5-03AEC069C3C3}.Sample Release|x86.ActiveCfg = Release|Any CPU
		{4CF5E8D0-BB2C-4790-9AD5-03AEC069C3C3}.Sample Release|x86.Build.0 = Release|Any CPU
		{A5BBADB1-F348-49CD-8264-59B5BE8E9F17}.Ad-Hoc|Any CPU.ActiveCfg = Ad-Hoc|Any CPU
		{A5BBADB1-F348-49CD-8264-59B5BE8E9F17}.Ad-Hoc|Any CPU.Build.0 = Ad-Hoc|Any CPU
		{A5BBADB1-F348-49CD-8264-59B5BE8E9F17}.Ad-Hoc|arm64.ActiveCfg = Ad-Hoc|Any CPU
		{A5BBADB1-F348-49CD-8264-59B5BE8E9F17}.Ad-Hoc|arm64.Build.0 = Ad-Hoc|Any CPU
		{A5BBADB1-F348-49CD-8264-59B5BE8E9F17}.Ad-Hoc|iPhone.ActiveCfg = Ad-Hoc|iPhone
		{A5BBADB1-F348-49CD-8264-59B5BE8E9F17}.Ad-Hoc|iPhone.Build.0 = Ad-Hoc|iPhone
		{A5BBADB1-F348-49CD-8264-59B5BE8E9F17}.Ad-Hoc|iPhoneSimulator.ActiveCfg = Ad-Hoc|iPhoneSimulator
		{A5BBADB1-F348-49CD-8264-59B5BE8E9F17}.Ad-Hoc|iPhoneSimulator.Build.0 = Ad-Hoc|iPhoneSimulator
		{A5BBADB1-F348-49CD-8264-59B5BE8E9F17}.Ad-Hoc|x64.ActiveCfg = Ad-Hoc|Any CPU
		{A5BBADB1-F348-49CD-8264-59B5BE8E9F17}.Ad-Hoc|x64.Build.0 = Ad-Hoc|Any CPU
		{A5BBADB1-F348-49CD-8264-59B5BE8E9F17}.Ad-Hoc|x86.ActiveCfg = Ad-Hoc|Any CPU
		{A5BBADB1-F348-49CD-8264-59B5BE8E9F17}.Ad-Hoc|x86.Build.0 = Ad-Hoc|Any CPU
		{A5BBADB1-F348-49CD-8264-59B5BE8E9F17}.AppStore|Any CPU.ActiveCfg = AppStore|Any CPU
		{A5BBADB1-F348-49CD-8264-59B5BE8E9F17}.AppStore|Any CPU.Build.0 = AppStore|Any CPU
		{A5BBADB1-F348-49CD-8264-59B5BE8E9F17}.AppStore|arm64.ActiveCfg = AppStore|Any CPU
		{A5BBADB1-F348-49CD-8264-59B5BE8E9F17}.AppStore|arm64.Build.0 = AppStore|Any CPU
		{A5BBADB1-F348-49CD-8264-59B5BE8E9F17}.AppStore|iPhone.ActiveCfg = AppStore|iPhone
		{A5BBADB1-F348-49CD-8264-59B5BE8E9F17}.AppStore|iPhone.Build.0 = AppStore|iPhone
		{A5BBADB1-F348-49CD-8264-59B5BE8E9F17}.AppStore|iPhoneSimulator.ActiveCfg = AppStore|iPhoneSimulator
		{A5BBADB1-F348-49CD-8264-59B5BE8E9F17}.AppStore|iPhoneSimulator.Build.0 = AppStore|iPhoneSimulator
		{A5BBADB1-F348-49CD-8264-59B5BE8E9F17}.AppStore|x64.ActiveCfg = AppStore|Any CPU
		{A5BBADB1-F348-49CD-8264-59B5BE8E9F17}.AppStore|x64.Build.0 = AppStore|Any CPU
		{A5BBADB1-F348-49CD-8264-59B5BE8E9F17}.AppStore|x86.ActiveCfg = AppStore|Any CPU
		{A5BBADB1-F348-49CD-8264-59B5BE8E9F17}.AppStore|x86.Build.0 = AppStore|Any CPU
		{A5BBADB1-F348-49CD-8264-59B5BE8E9F17}.Debug|Any CPU.ActiveCfg = Debug|iPhoneSimulator
		{A5BBADB1-F348-49CD-8264-59B5BE8E9F17}.Debug|Any CPU.Build.0 = Debug|iPhoneSimulator
		{A5BBADB1-F348-49CD-8264-59B5BE8E9F17}.Debug|arm64.ActiveCfg = Debug|Any CPU
		{A5BBADB1-F348-49CD-8264-59B5BE8E9F17}.Debug|arm64.Build.0 = Debug|Any CPU
		{A5BBADB1-F348-49CD-8264-59B5BE8E9F17}.Debug|iPhone.ActiveCfg = Debug|iPhone
		{A5BBADB1-F348-49CD-8264-59B5BE8E9F17}.Debug|iPhone.Build.0 = Debug|iPhone
		{A5BBADB1-F348-49CD-8264-59B5BE8E9F17}.Debug|iPhoneSimulator.ActiveCfg = Debug|iPhoneSimulator
		{A5BBADB1-F348-49CD-8264-59B5BE8E9F17}.Debug|iPhoneSimulator.Build.0 = Debug|iPhoneSimulator
		{A5BBADB1-F348-49CD-8264-59B5BE8E9F17}.Debug|x64.ActiveCfg = Debug|Any CPU
		{A5BBADB1-F348-49CD-8264-59B5BE8E9F17}.Debug|x64.Build.0 = Debug|Any CPU
		{A5BBADB1-F348-49CD-8264-59B5BE8E9F17}.Debug|x86.ActiveCfg = Debug|Any CPU
		{A5BBADB1-F348-49CD-8264-59B5BE8E9F17}.Debug|x86.Build.0 = Debug|Any CPU
		{A5BBADB1-F348-49CD-8264-59B5BE8E9F17}.Release|Any CPU.ActiveCfg = Sample Release|Any CPU
		{A5BBADB1-F348-49CD-8264-59B5BE8E9F17}.Release|Any CPU.Build.0 = Sample Release|Any CPU
		{A5BBADB1-F348-49CD-8264-59B5BE8E9F17}.Release|arm64.ActiveCfg = Release|Any CPU
		{A5BBADB1-F348-49CD-8264-59B5BE8E9F17}.Release|arm64.Build.0 = Release|Any CPU
		{A5BBADB1-F348-49CD-8264-59B5BE8E9F17}.Release|iPhone.ActiveCfg = Release|iPhone
		{A5BBADB1-F348-49CD-8264-59B5BE8E9F17}.Release|iPhone.Build.0 = Release|iPhone
		{A5BBADB1-F348-49CD-8264-59B5BE8E9F17}.Release|iPhoneSimulator.ActiveCfg = Release|iPhoneSimulator
		{A5BBADB1-F348-49CD-8264-59B5BE8E9F17}.Release|iPhoneSimulator.Build.0 = Release|iPhoneSimulator
		{A5BBADB1-F348-49CD-8264-59B5BE8E9F17}.Release|x64.ActiveCfg = Release|Any CPU
		{A5BBADB1-F348-49CD-8264-59B5BE8E9F17}.Release|x64.Build.0 = Release|Any CPU
		{A5BBADB1-F348-49CD-8264-59B5BE8E9F17}.Release|x86.ActiveCfg = Release|Any CPU
		{A5BBADB1-F348-49CD-8264-59B5BE8E9F17}.Release|x86.Build.0 = Release|Any CPU
		{A5BBADB1-F348-49CD-8264-59B5BE8E9F17}.Sample Release|Any CPU.ActiveCfg = Sample Release|Any CPU
		{A5BBADB1-F348-49CD-8264-59B5BE8E9F17}.Sample Release|Any CPU.Build.0 = Sample Release|Any CPU
		{A5BBADB1-F348-49CD-8264-59B5BE8E9F17}.Sample Release|arm64.ActiveCfg = Sample Release|Any CPU
		{A5BBADB1-F348-49CD-8264-59B5BE8E9F17}.Sample Release|arm64.Build.0 = Sample Release|Any CPU
		{A5BBADB1-F348-49CD-8264-59B5BE8E9F17}.Sample Release|iPhone.ActiveCfg = Sample Release|iPhone
		{A5BBADB1-F348-49CD-8264-59B5BE8E9F17}.Sample Release|iPhone.Build.0 = Sample Release|iPhone
		{A5BBADB1-F348-49CD-8264-59B5BE8E9F17}.Sample Release|iPhoneSimulator.ActiveCfg = Sample Release|iPhoneSimulator
		{A5BBADB1-F348-49CD-8264-59B5BE8E9F17}.Sample Release|iPhoneSimulator.Build.0 = Sample Release|iPhoneSimulator
		{A5BBADB1-F348-49CD-8264-59B5BE8E9F17}.Sample Release|x64.ActiveCfg = Sample Release|Any CPU
		{A5BBADB1-F348-49CD-8264-59B5BE8E9F17}.Sample Release|x64.Build.0 = Sample Release|Any CPU
		{A5BBADB1-F348-49CD-8264-59B5BE8E9F17}.Sample Release|x86.ActiveCfg = Sample Release|Any CPU
		{A5BBADB1-F348-49CD-8264-59B5BE8E9F17}.Sample Release|x86.Build.0 = Sample Release|Any CPU
		{4529D741-5B1E-4A05-9FDA-36625C12FC33}.Ad-Hoc|Any CPU.ActiveCfg = Debug|Any CPU
		{4529D741-5B1E-4A05-9FDA-36625C12FC33}.Ad-Hoc|Any CPU.Build.0 = Debug|Any CPU
		{4529D741-5B1E-4A05-9FDA-36625C12FC33}.Ad-Hoc|arm64.ActiveCfg = Release|Any CPU
		{4529D741-5B1E-4A05-9FDA-36625C12FC33}.Ad-Hoc|arm64.Build.0 = Release|Any CPU
		{4529D741-5B1E-4A05-9FDA-36625C12FC33}.Ad-Hoc|iPhone.ActiveCfg = Release|Any CPU
		{4529D741-5B1E-4A05-9FDA-36625C12FC33}.Ad-Hoc|iPhone.Build.0 = Release|Any CPU
		{4529D741-5B1E-4A05-9FDA-36625C12FC33}.Ad-Hoc|iPhoneSimulator.ActiveCfg = Debug|Any CPU
		{4529D741-5B1E-4A05-9FDA-36625C12FC33}.Ad-Hoc|iPhoneSimulator.Build.0 = Debug|Any CPU
		{4529D741-5B1E-4A05-9FDA-36625C12FC33}.Ad-Hoc|x64.ActiveCfg = Release|Any CPU
		{4529D741-5B1E-4A05-9FDA-36625C12FC33}.Ad-Hoc|x64.Build.0 = Release|Any CPU
		{4529D741-5B1E-4A05-9FDA-36625C12FC33}.Ad-Hoc|x86.ActiveCfg = Release|Any CPU
		{4529D741-5B1E-4A05-9FDA-36625C12FC33}.Ad-Hoc|x86.Build.0 = Release|Any CPU
		{4529D741-5B1E-4A05-9FDA-36625C12FC33}.AppStore|Any CPU.ActiveCfg = Debug|Any CPU
		{4529D741-5B1E-4A05-9FDA-36625C12FC33}.AppStore|Any CPU.Build.0 = Debug|Any CPU
		{4529D741-5B1E-4A05-9FDA-36625C12FC33}.AppStore|arm64.ActiveCfg = Release|Any CPU
		{4529D741-5B1E-4A05-9FDA-36625C12FC33}.AppStore|arm64.Build.0 = Release|Any CPU
		{4529D741-5B1E-4A05-9FDA-36625C12FC33}.AppStore|iPhone.ActiveCfg = Release|Any CPU
		{4529D741-5B1E-4A05-9FDA-36625C12FC33}.AppStore|iPhone.Build.0 = Release|Any CPU
		{4529D741-5B1E-4A05-9FDA-36625C12FC33}.AppStore|iPhoneSimulator.ActiveCfg = Debug|Any CPU
		{4529D741-5B1E-4A05-9FDA-36625C12FC33}.AppStore|iPhoneSimulator.Build.0 = Debug|Any CPU
		{4529D741-5B1E-4A05-9FDA-36625C12FC33}.AppStore|x64.ActiveCfg = Release|Any CPU
		{4529D741-5B1E-4A05-9FDA-36625C12FC33}.AppStore|x64.Build.0 = Release|Any CPU
		{4529D741-5B1E-4A05-9FDA-36625C12FC33}.AppStore|x86.ActiveCfg = Release|Any CPU
		{4529D741-5B1E-4A05-9FDA-36625C12FC33}.AppStore|x86.Build.0 = Release|Any CPU
		{4529D741-5B1E-4A05-9FDA-36625C12FC33}.Debug|Any CPU.ActiveCfg = Debug|Any CPU
		{4529D741-5B1E-4A05-9FDA-36625C12FC33}.Debug|Any CPU.Build.0 = Debug|Any CPU
		{4529D741-5B1E-4A05-9FDA-36625C12FC33}.Debug|arm64.ActiveCfg = Debug|Any CPU
		{4529D741-5B1E-4A05-9FDA-36625C12FC33}.Debug|arm64.Build.0 = Debug|Any CPU
		{4529D741-5B1E-4A05-9FDA-36625C12FC33}.Debug|iPhone.ActiveCfg = Debug|Any CPU
		{4529D741-5B1E-4A05-9FDA-36625C12FC33}.Debug|iPhone.Build.0 = Debug|Any CPU
		{4529D741-5B1E-4A05-9FDA-36625C12FC33}.Debug|iPhoneSimulator.ActiveCfg = Debug|Any CPU
		{4529D741-5B1E-4A05-9FDA-36625C12FC33}.Debug|iPhoneSimulator.Build.0 = Debug|Any CPU
		{4529D741-5B1E-4A05-9FDA-36625C12FC33}.Debug|x64.ActiveCfg = Debug|Any CPU
		{4529D741-5B1E-4A05-9FDA-36625C12FC33}.Debug|x64.Build.0 = Debug|Any CPU
		{4529D741-5B1E-4A05-9FDA-36625C12FC33}.Debug|x86.ActiveCfg = Debug|Any CPU
		{4529D741-5B1E-4A05-9FDA-36625C12FC33}.Debug|x86.Build.0 = Debug|Any CPU
		{4529D741-5B1E-4A05-9FDA-36625C12FC33}.Release|Any CPU.ActiveCfg = Release|Any CPU
		{4529D741-5B1E-4A05-9FDA-36625C12FC33}.Release|Any CPU.Build.0 = Release|Any CPU
		{4529D741-5B1E-4A05-9FDA-36625C12FC33}.Release|arm64.ActiveCfg = Release|Any CPU
		{4529D741-5B1E-4A05-9FDA-36625C12FC33}.Release|arm64.Build.0 = Release|Any CPU
		{4529D741-5B1E-4A05-9FDA-36625C12FC33}.Release|iPhone.ActiveCfg = Release|Any CPU
		{4529D741-5B1E-4A05-9FDA-36625C12FC33}.Release|iPhone.Build.0 = Release|Any CPU
		{4529D741-5B1E-4A05-9FDA-36625C12FC33}.Release|iPhoneSimulator.ActiveCfg = Release|Any CPU
		{4529D741-5B1E-4A05-9FDA-36625C12FC33}.Release|iPhoneSimulator.Build.0 = Release|Any CPU
		{4529D741-5B1E-4A05-9FDA-36625C12FC33}.Release|x64.ActiveCfg = Release|Any CPU
		{4529D741-5B1E-4A05-9FDA-36625C12FC33}.Release|x64.Build.0 = Release|Any CPU
		{4529D741-5B1E-4A05-9FDA-36625C12FC33}.Release|x86.ActiveCfg = Release|Any CPU
		{4529D741-5B1E-4A05-9FDA-36625C12FC33}.Release|x86.Build.0 = Release|Any CPU
		{4529D741-5B1E-4A05-9FDA-36625C12FC33}.Sample Release|Any CPU.ActiveCfg = Release|Any CPU
		{4529D741-5B1E-4A05-9FDA-36625C12FC33}.Sample Release|Any CPU.Build.0 = Release|Any CPU
		{4529D741-5B1E-4A05-9FDA-36625C12FC33}.Sample Release|arm64.ActiveCfg = Release|Any CPU
		{4529D741-5B1E-4A05-9FDA-36625C12FC33}.Sample Release|arm64.Build.0 = Release|Any CPU
		{4529D741-5B1E-4A05-9FDA-36625C12FC33}.Sample Release|iPhone.ActiveCfg = Release|Any CPU
		{4529D741-5B1E-4A05-9FDA-36625C12FC33}.Sample Release|iPhone.Build.0 = Release|Any CPU
		{4529D741-5B1E-4A05-9FDA-36625C12FC33}.Sample Release|iPhoneSimulator.ActiveCfg = Release|Any CPU
		{4529D741-5B1E-4A05-9FDA-36625C12FC33}.Sample Release|iPhoneSimulator.Build.0 = Release|Any CPU
		{4529D741-5B1E-4A05-9FDA-36625C12FC33}.Sample Release|x64.ActiveCfg = Release|Any CPU
		{4529D741-5B1E-4A05-9FDA-36625C12FC33}.Sample Release|x64.Build.0 = Release|Any CPU
		{4529D741-5B1E-4A05-9FDA-36625C12FC33}.Sample Release|x86.ActiveCfg = Release|Any CPU
		{4529D741-5B1E-4A05-9FDA-36625C12FC33}.Sample Release|x86.Build.0 = Release|Any CPU
		{5818A5AF-3FF6-4E68-80FC-604D4AEF156C}.Ad-Hoc|Any CPU.ActiveCfg = Release|Any CPU
		{5818A5AF-3FF6-4E68-80FC-604D4AEF156C}.Ad-Hoc|Any CPU.Build.0 = Release|Any CPU
		{5818A5AF-3FF6-4E68-80FC-604D4AEF156C}.Ad-Hoc|arm64.ActiveCfg = Debug|Any CPU
		{5818A5AF-3FF6-4E68-80FC-604D4AEF156C}.Ad-Hoc|arm64.Build.0 = Debug|Any CPU
		{5818A5AF-3FF6-4E68-80FC-604D4AEF156C}.Ad-Hoc|iPhone.ActiveCfg = Release|Any CPU
		{5818A5AF-3FF6-4E68-80FC-604D4AEF156C}.Ad-Hoc|iPhone.Build.0 = Release|Any CPU
		{5818A5AF-3FF6-4E68-80FC-604D4AEF156C}.Ad-Hoc|iPhoneSimulator.ActiveCfg = Release|Any CPU
		{5818A5AF-3FF6-4E68-80FC-604D4AEF156C}.Ad-Hoc|iPhoneSimulator.Build.0 = Release|Any CPU
		{5818A5AF-3FF6-4E68-80FC-604D4AEF156C}.Ad-Hoc|x64.ActiveCfg = Debug|Any CPU
		{5818A5AF-3FF6-4E68-80FC-604D4AEF156C}.Ad-Hoc|x64.Build.0 = Debug|Any CPU
		{5818A5AF-3FF6-4E68-80FC-604D4AEF156C}.Ad-Hoc|x86.ActiveCfg = Debug|Any CPU
		{5818A5AF-3FF6-4E68-80FC-604D4AEF156C}.Ad-Hoc|x86.Build.0 = Debug|Any CPU
		{5818A5AF-3FF6-4E68-80FC-604D4AEF156C}.AppStore|Any CPU.ActiveCfg = Release|Any CPU
		{5818A5AF-3FF6-4E68-80FC-604D4AEF156C}.AppStore|Any CPU.Build.0 = Release|Any CPU
		{5818A5AF-3FF6-4E68-80FC-604D4AEF156C}.AppStore|arm64.ActiveCfg = Debug|Any CPU
		{5818A5AF-3FF6-4E68-80FC-604D4AEF156C}.AppStore|arm64.Build.0 = Debug|Any CPU
		{5818A5AF-3FF6-4E68-80FC-604D4AEF156C}.AppStore|iPhone.ActiveCfg = Release|Any CPU
		{5818A5AF-3FF6-4E68-80FC-604D4AEF156C}.AppStore|iPhone.Build.0 = Release|Any CPU
		{5818A5AF-3FF6-4E68-80FC-604D4AEF156C}.AppStore|iPhoneSimulator.ActiveCfg = Release|Any CPU
		{5818A5AF-3FF6-4E68-80FC-604D4AEF156C}.AppStore|iPhoneSimulator.Build.0 = Release|Any CPU
		{5818A5AF-3FF6-4E68-80FC-604D4AEF156C}.AppStore|x64.ActiveCfg = Debug|Any CPU
		{5818A5AF-3FF6-4E68-80FC-604D4AEF156C}.AppStore|x64.Build.0 = Debug|Any CPU
		{5818A5AF-3FF6-4E68-80FC-604D4AEF156C}.AppStore|x86.ActiveCfg = Debug|Any CPU
		{5818A5AF-3FF6-4E68-80FC-604D4AEF156C}.AppStore|x86.Build.0 = Debug|Any CPU
		{5818A5AF-3FF6-4E68-80FC-604D4AEF156C}.Debug|Any CPU.ActiveCfg = Debug|Any CPU
		{5818A5AF-3FF6-4E68-80FC-604D4AEF156C}.Debug|Any CPU.Build.0 = Debug|Any CPU
		{5818A5AF-3FF6-4E68-80FC-604D4AEF156C}.Debug|arm64.ActiveCfg = Debug|Any CPU
		{5818A5AF-3FF6-4E68-80FC-604D4AEF156C}.Debug|arm64.Build.0 = Debug|Any CPU
		{5818A5AF-3FF6-4E68-80FC-604D4AEF156C}.Debug|iPhone.ActiveCfg = Debug|Any CPU
		{5818A5AF-3FF6-4E68-80FC-604D4AEF156C}.Debug|iPhone.Build.0 = Debug|Any CPU
		{5818A5AF-3FF6-4E68-80FC-604D4AEF156C}.Debug|iPhoneSimulator.ActiveCfg = Debug|Any CPU
		{5818A5AF-3FF6-4E68-80FC-604D4AEF156C}.Debug|iPhoneSimulator.Build.0 = Debug|Any CPU
		{5818A5AF-3FF6-4E68-80FC-604D4AEF156C}.Debug|x64.ActiveCfg = Debug|Any CPU
		{5818A5AF-3FF6-4E68-80FC-604D4AEF156C}.Debug|x64.Build.0 = Debug|Any CPU
		{5818A5AF-3FF6-4E68-80FC-604D4AEF156C}.Debug|x86.ActiveCfg = Debug|Any CPU
		{5818A5AF-3FF6-4E68-80FC-604D4AEF156C}.Debug|x86.Build.0 = Debug|Any CPU
		{5818A5AF-3FF6-4E68-80FC-604D4AEF156C}.Release|Any CPU.ActiveCfg = Release|Any CPU
		{5818A5AF-3FF6-4E68-80FC-604D4AEF156C}.Release|Any CPU.Build.0 = Release|Any CPU
		{5818A5AF-3FF6-4E68-80FC-604D4AEF156C}.Release|arm64.ActiveCfg = Release|Any CPU
		{5818A5AF-3FF6-4E68-80FC-604D4AEF156C}.Release|arm64.Build.0 = Release|Any CPU
		{5818A5AF-3FF6-4E68-80FC-604D4AEF156C}.Release|iPhone.ActiveCfg = Release|Any CPU
		{5818A5AF-3FF6-4E68-80FC-604D4AEF156C}.Release|iPhone.Build.0 = Release|Any CPU
		{5818A5AF-3FF6-4E68-80FC-604D4AEF156C}.Release|iPhoneSimulator.ActiveCfg = Release|Any CPU
		{5818A5AF-3FF6-4E68-80FC-604D4AEF156C}.Release|iPhoneSimulator.Build.0 = Release|Any CPU
		{5818A5AF-3FF6-4E68-80FC-604D4AEF156C}.Release|x64.ActiveCfg = Release|Any CPU
		{5818A5AF-3FF6-4E68-80FC-604D4AEF156C}.Release|x64.Build.0 = Release|Any CPU
		{5818A5AF-3FF6-4E68-80FC-604D4AEF156C}.Release|x86.ActiveCfg = Release|Any CPU
		{5818A5AF-3FF6-4E68-80FC-604D4AEF156C}.Release|x86.Build.0 = Release|Any CPU
		{5818A5AF-3FF6-4E68-80FC-604D4AEF156C}.Sample Release|Any CPU.ActiveCfg = Release|Any CPU
		{5818A5AF-3FF6-4E68-80FC-604D4AEF156C}.Sample Release|Any CPU.Build.0 = Release|Any CPU
		{5818A5AF-3FF6-4E68-80FC-604D4AEF156C}.Sample Release|arm64.ActiveCfg = Release|Any CPU
		{5818A5AF-3FF6-4E68-80FC-604D4AEF156C}.Sample Release|arm64.Build.0 = Release|Any CPU
		{5818A5AF-3FF6-4E68-80FC-604D4AEF156C}.Sample Release|iPhone.ActiveCfg = Release|Any CPU
		{5818A5AF-3FF6-4E68-80FC-604D4AEF156C}.Sample Release|iPhone.Build.0 = Release|Any CPU
		{5818A5AF-3FF6-4E68-80FC-604D4AEF156C}.Sample Release|iPhoneSimulator.ActiveCfg = Release|Any CPU
		{5818A5AF-3FF6-4E68-80FC-604D4AEF156C}.Sample Release|iPhoneSimulator.Build.0 = Release|Any CPU
		{5818A5AF-3FF6-4E68-80FC-604D4AEF156C}.Sample Release|x64.ActiveCfg = Release|Any CPU
		{5818A5AF-3FF6-4E68-80FC-604D4AEF156C}.Sample Release|x64.Build.0 = Release|Any CPU
		{5818A5AF-3FF6-4E68-80FC-604D4AEF156C}.Sample Release|x86.ActiveCfg = Release|Any CPU
		{5818A5AF-3FF6-4E68-80FC-604D4AEF156C}.Sample Release|x86.Build.0 = Release|Any CPU
		{FF975149-36F7-473D-B997-1CD8788DB3BF}.Ad-Hoc|Any CPU.ActiveCfg = Debug|arm64
		{FF975149-36F7-473D-B997-1CD8788DB3BF}.Ad-Hoc|Any CPU.Build.0 = Debug|arm64
		{FF975149-36F7-473D-B997-1CD8788DB3BF}.Ad-Hoc|Any CPU.Deploy.0 = Debug|arm64
		{FF975149-36F7-473D-B997-1CD8788DB3BF}.Ad-Hoc|arm64.ActiveCfg = Debug|arm64
		{FF975149-36F7-473D-B997-1CD8788DB3BF}.Ad-Hoc|arm64.Build.0 = Debug|arm64
		{FF975149-36F7-473D-B997-1CD8788DB3BF}.Ad-Hoc|arm64.Deploy.0 = Debug|arm64
		{FF975149-36F7-473D-B997-1CD8788DB3BF}.Ad-Hoc|iPhone.ActiveCfg = Debug|arm64
		{FF975149-36F7-473D-B997-1CD8788DB3BF}.Ad-Hoc|iPhone.Build.0 = Debug|arm64
		{FF975149-36F7-473D-B997-1CD8788DB3BF}.Ad-Hoc|iPhone.Deploy.0 = Debug|arm64
		{FF975149-36F7-473D-B997-1CD8788DB3BF}.Ad-Hoc|iPhoneSimulator.ActiveCfg = Debug|arm64
		{FF975149-36F7-473D-B997-1CD8788DB3BF}.Ad-Hoc|iPhoneSimulator.Build.0 = Debug|arm64
		{FF975149-36F7-473D-B997-1CD8788DB3BF}.Ad-Hoc|iPhoneSimulator.Deploy.0 = Debug|arm64
		{FF975149-36F7-473D-B997-1CD8788DB3BF}.Ad-Hoc|x64.ActiveCfg = Debug|x64
		{FF975149-36F7-473D-B997-1CD8788DB3BF}.Ad-Hoc|x64.Build.0 = Debug|x64
		{FF975149-36F7-473D-B997-1CD8788DB3BF}.Ad-Hoc|x64.Deploy.0 = Debug|x64
		{FF975149-36F7-473D-B997-1CD8788DB3BF}.Ad-Hoc|x86.ActiveCfg = Debug|x86
		{FF975149-36F7-473D-B997-1CD8788DB3BF}.Ad-Hoc|x86.Build.0 = Debug|x86
		{FF975149-36F7-473D-B997-1CD8788DB3BF}.Ad-Hoc|x86.Deploy.0 = Debug|x86
		{FF975149-36F7-473D-B997-1CD8788DB3BF}.AppStore|Any CPU.ActiveCfg = Debug|arm64
		{FF975149-36F7-473D-B997-1CD8788DB3BF}.AppStore|Any CPU.Build.0 = Debug|arm64
		{FF975149-36F7-473D-B997-1CD8788DB3BF}.AppStore|Any CPU.Deploy.0 = Debug|arm64
		{FF975149-36F7-473D-B997-1CD8788DB3BF}.AppStore|arm64.ActiveCfg = Debug|arm64
		{FF975149-36F7-473D-B997-1CD8788DB3BF}.AppStore|arm64.Build.0 = Debug|arm64
		{FF975149-36F7-473D-B997-1CD8788DB3BF}.AppStore|arm64.Deploy.0 = Debug|arm64
		{FF975149-36F7-473D-B997-1CD8788DB3BF}.AppStore|iPhone.ActiveCfg = Debug|arm64
		{FF975149-36F7-473D-B997-1CD8788DB3BF}.AppStore|iPhone.Build.0 = Debug|arm64
		{FF975149-36F7-473D-B997-1CD8788DB3BF}.AppStore|iPhone.Deploy.0 = Debug|arm64
		{FF975149-36F7-473D-B997-1CD8788DB3BF}.AppStore|iPhoneSimulator.ActiveCfg = Debug|arm64
		{FF975149-36F7-473D-B997-1CD8788DB3BF}.AppStore|iPhoneSimulator.Build.0 = Debug|arm64
		{FF975149-36F7-473D-B997-1CD8788DB3BF}.AppStore|iPhoneSimulator.Deploy.0 = Debug|arm64
		{FF975149-36F7-473D-B997-1CD8788DB3BF}.AppStore|x64.ActiveCfg = Debug|x64
		{FF975149-36F7-473D-B997-1CD8788DB3BF}.AppStore|x64.Build.0 = Debug|x64
		{FF975149-36F7-473D-B997-1CD8788DB3BF}.AppStore|x64.Deploy.0 = Debug|x64
		{FF975149-36F7-473D-B997-1CD8788DB3BF}.AppStore|x86.ActiveCfg = Debug|x86
		{FF975149-36F7-473D-B997-1CD8788DB3BF}.AppStore|x86.Build.0 = Debug|x86
		{FF975149-36F7-473D-B997-1CD8788DB3BF}.AppStore|x86.Deploy.0 = Debug|x86
		{FF975149-36F7-473D-B997-1CD8788DB3BF}.Debug|Any CPU.ActiveCfg = Debug|x64
		{FF975149-36F7-473D-B997-1CD8788DB3BF}.Debug|Any CPU.Build.0 = Debug|x64
		{FF975149-36F7-473D-B997-1CD8788DB3BF}.Debug|Any CPU.Deploy.0 = Debug|x64
		{FF975149-36F7-473D-B997-1CD8788DB3BF}.Debug|arm64.ActiveCfg = Debug|arm64
		{FF975149-36F7-473D-B997-1CD8788DB3BF}.Debug|arm64.Build.0 = Debug|arm64
		{FF975149-36F7-473D-B997-1CD8788DB3BF}.Debug|arm64.Deploy.0 = Debug|arm64
		{FF975149-36F7-473D-B997-1CD8788DB3BF}.Debug|iPhone.ActiveCfg = Debug|x64
		{FF975149-36F7-473D-B997-1CD8788DB3BF}.Debug|iPhone.Build.0 = Debug|x64
		{FF975149-36F7-473D-B997-1CD8788DB3BF}.Debug|iPhone.Deploy.0 = Debug|x64
		{FF975149-36F7-473D-B997-1CD8788DB3BF}.Debug|iPhoneSimulator.ActiveCfg = Debug|x64
		{FF975149-36F7-473D-B997-1CD8788DB3BF}.Debug|iPhoneSimulator.Build.0 = Debug|x64
		{FF975149-36F7-473D-B997-1CD8788DB3BF}.Debug|iPhoneSimulator.Deploy.0 = Debug|x64
		{FF975149-36F7-473D-B997-1CD8788DB3BF}.Debug|x64.ActiveCfg = Debug|x64
		{FF975149-36F7-473D-B997-1CD8788DB3BF}.Debug|x64.Build.0 = Debug|x64
		{FF975149-36F7-473D-B997-1CD8788DB3BF}.Debug|x64.Deploy.0 = Debug|x64
		{FF975149-36F7-473D-B997-1CD8788DB3BF}.Debug|x86.ActiveCfg = Debug|x86
		{FF975149-36F7-473D-B997-1CD8788DB3BF}.Debug|x86.Build.0 = Debug|x86
		{FF975149-36F7-473D-B997-1CD8788DB3BF}.Debug|x86.Deploy.0 = Debug|x86
		{FF975149-36F7-473D-B997-1CD8788DB3BF}.Release|Any CPU.ActiveCfg = Release|x64
		{FF975149-36F7-473D-B997-1CD8788DB3BF}.Release|Any CPU.Build.0 = Release|x64
		{FF975149-36F7-473D-B997-1CD8788DB3BF}.Release|Any CPU.Deploy.0 = Release|x64
		{FF975149-36F7-473D-B997-1CD8788DB3BF}.Release|arm64.ActiveCfg = Release|arm64
		{FF975149-36F7-473D-B997-1CD8788DB3BF}.Release|arm64.Build.0 = Release|arm64
		{FF975149-36F7-473D-B997-1CD8788DB3BF}.Release|arm64.Deploy.0 = Release|arm64
		{FF975149-36F7-473D-B997-1CD8788DB3BF}.Release|iPhone.ActiveCfg = Release|x64
		{FF975149-36F7-473D-B997-1CD8788DB3BF}.Release|iPhone.Build.0 = Release|x64
		{FF975149-36F7-473D-B997-1CD8788DB3BF}.Release|iPhone.Deploy.0 = Release|x64
		{FF975149-36F7-473D-B997-1CD8788DB3BF}.Release|iPhoneSimulator.ActiveCfg = Release|x64
		{FF975149-36F7-473D-B997-1CD8788DB3BF}.Release|iPhoneSimulator.Build.0 = Release|x64
		{FF975149-36F7-473D-B997-1CD8788DB3BF}.Release|iPhoneSimulator.Deploy.0 = Release|x64
		{FF975149-36F7-473D-B997-1CD8788DB3BF}.Release|x64.ActiveCfg = Release|x64
		{FF975149-36F7-473D-B997-1CD8788DB3BF}.Release|x64.Build.0 = Release|x64
		{FF975149-36F7-473D-B997-1CD8788DB3BF}.Release|x64.Deploy.0 = Release|x64
		{FF975149-36F7-473D-B997-1CD8788DB3BF}.Release|x86.ActiveCfg = Release|x86
		{FF975149-36F7-473D-B997-1CD8788DB3BF}.Release|x86.Build.0 = Release|x86
		{FF975149-36F7-473D-B997-1CD8788DB3BF}.Release|x86.Deploy.0 = Release|x86
		{FF975149-36F7-473D-B997-1CD8788DB3BF}.Sample Release|Any CPU.ActiveCfg = Debug|arm64
		{FF975149-36F7-473D-B997-1CD8788DB3BF}.Sample Release|Any CPU.Build.0 = Debug|arm64
		{FF975149-36F7-473D-B997-1CD8788DB3BF}.Sample Release|Any CPU.Deploy.0 = Debug|arm64
		{FF975149-36F7-473D-B997-1CD8788DB3BF}.Sample Release|arm64.ActiveCfg = Release|arm64
		{FF975149-36F7-473D-B997-1CD8788DB3BF}.Sample Release|arm64.Build.0 = Release|arm64
		{FF975149-36F7-473D-B997-1CD8788DB3BF}.Sample Release|arm64.Deploy.0 = Release|arm64
		{FF975149-36F7-473D-B997-1CD8788DB3BF}.Sample Release|iPhone.ActiveCfg = Debug|arm64
		{FF975149-36F7-473D-B997-1CD8788DB3BF}.Sample Release|iPhone.Build.0 = Debug|arm64
		{FF975149-36F7-473D-B997-1CD8788DB3BF}.Sample Release|iPhone.Deploy.0 = Debug|arm64
		{FF975149-36F7-473D-B997-1CD8788DB3BF}.Sample Release|iPhoneSimulator.ActiveCfg = Debug|arm64
		{FF975149-36F7-473D-B997-1CD8788DB3BF}.Sample Release|iPhoneSimulator.Build.0 = Debug|arm64
		{FF975149-36F7-473D-B997-1CD8788DB3BF}.Sample Release|iPhoneSimulator.Deploy.0 = Debug|arm64
		{FF975149-36F7-473D-B997-1CD8788DB3BF}.Sample Release|x64.ActiveCfg = Release|x64
		{FF975149-36F7-473D-B997-1CD8788DB3BF}.Sample Release|x64.Build.0 = Release|x64
		{FF975149-36F7-473D-B997-1CD8788DB3BF}.Sample Release|x64.Deploy.0 = Release|x64
		{FF975149-36F7-473D-B997-1CD8788DB3BF}.Sample Release|x86.ActiveCfg = Release|x86
		{FF975149-36F7-473D-B997-1CD8788DB3BF}.Sample Release|x86.Build.0 = Release|x86
		{FF975149-36F7-473D-B997-1CD8788DB3BF}.Sample Release|x86.Deploy.0 = Release|x86
		{E0AEEE9F-FB3A-40D6-877B-E866FEFE0BC6}.Ad-Hoc|Any CPU.ActiveCfg = Debug|x86
		{E0AEEE9F-FB3A-40D6-877B-E866FEFE0BC6}.Ad-Hoc|Any CPU.Build.0 = Debug|x86
		{E0AEEE9F-FB3A-40D6-877B-E866FEFE0BC6}.Ad-Hoc|arm64.ActiveCfg = Debug|arm64
		{E0AEEE9F-FB3A-40D6-877B-E866FEFE0BC6}.Ad-Hoc|arm64.Build.0 = Debug|arm64
		{E0AEEE9F-FB3A-40D6-877B-E866FEFE0BC6}.Ad-Hoc|iPhone.ActiveCfg = Debug|x86
		{E0AEEE9F-FB3A-40D6-877B-E866FEFE0BC6}.Ad-Hoc|iPhone.Build.0 = Debug|x86
		{E0AEEE9F-FB3A-40D6-877B-E866FEFE0BC6}.Ad-Hoc|iPhoneSimulator.ActiveCfg = Debug|x86
		{E0AEEE9F-FB3A-40D6-877B-E866FEFE0BC6}.Ad-Hoc|iPhoneSimulator.Build.0 = Debug|x86
		{E0AEEE9F-FB3A-40D6-877B-E866FEFE0BC6}.Ad-Hoc|x64.ActiveCfg = Debug|x64
		{E0AEEE9F-FB3A-40D6-877B-E866FEFE0BC6}.Ad-Hoc|x64.Build.0 = Debug|x64
		{E0AEEE9F-FB3A-40D6-877B-E866FEFE0BC6}.Ad-Hoc|x86.ActiveCfg = Debug|x86
		{E0AEEE9F-FB3A-40D6-877B-E866FEFE0BC6}.Ad-Hoc|x86.Build.0 = Debug|x86
		{E0AEEE9F-FB3A-40D6-877B-E866FEFE0BC6}.AppStore|Any CPU.ActiveCfg = Debug|x86
		{E0AEEE9F-FB3A-40D6-877B-E866FEFE0BC6}.AppStore|Any CPU.Build.0 = Debug|x86
		{E0AEEE9F-FB3A-40D6-877B-E866FEFE0BC6}.AppStore|arm64.ActiveCfg = Debug|arm64
		{E0AEEE9F-FB3A-40D6-877B-E866FEFE0BC6}.AppStore|arm64.Build.0 = Debug|arm64
		{E0AEEE9F-FB3A-40D6-877B-E866FEFE0BC6}.AppStore|iPhone.ActiveCfg = Debug|x86
		{E0AEEE9F-FB3A-40D6-877B-E866FEFE0BC6}.AppStore|iPhone.Build.0 = Debug|x86
		{E0AEEE9F-FB3A-40D6-877B-E866FEFE0BC6}.AppStore|iPhoneSimulator.ActiveCfg = Debug|x86
		{E0AEEE9F-FB3A-40D6-877B-E866FEFE0BC6}.AppStore|iPhoneSimulator.Build.0 = Debug|x86
		{E0AEEE9F-FB3A-40D6-877B-E866FEFE0BC6}.AppStore|x64.ActiveCfg = Debug|x64
		{E0AEEE9F-FB3A-40D6-877B-E866FEFE0BC6}.AppStore|x64.Build.0 = Debug|x64
		{E0AEEE9F-FB3A-40D6-877B-E866FEFE0BC6}.AppStore|x86.ActiveCfg = Debug|x86
		{E0AEEE9F-FB3A-40D6-877B-E866FEFE0BC6}.AppStore|x86.Build.0 = Debug|x86
		{E0AEEE9F-FB3A-40D6-877B-E866FEFE0BC6}.Debug|Any CPU.ActiveCfg = Debug|x64
		{E0AEEE9F-FB3A-40D6-877B-E866FEFE0BC6}.Debug|Any CPU.Build.0 = Debug|x64
		{E0AEEE9F-FB3A-40D6-877B-E866FEFE0BC6}.Debug|arm64.ActiveCfg = Debug|arm64
		{E0AEEE9F-FB3A-40D6-877B-E866FEFE0BC6}.Debug|arm64.Build.0 = Debug|arm64
		{E0AEEE9F-FB3A-40D6-877B-E866FEFE0BC6}.Debug|iPhone.ActiveCfg = Debug|x64
		{E0AEEE9F-FB3A-40D6-877B-E866FEFE0BC6}.Debug|iPhone.Build.0 = Debug|x64
		{E0AEEE9F-FB3A-40D6-877B-E866FEFE0BC6}.Debug|iPhoneSimulator.ActiveCfg = Debug|x64
		{E0AEEE9F-FB3A-40D6-877B-E866FEFE0BC6}.Debug|iPhoneSimulator.Build.0 = Debug|x64
		{E0AEEE9F-FB3A-40D6-877B-E866FEFE0BC6}.Debug|x64.ActiveCfg = Debug|x64
		{E0AEEE9F-FB3A-40D6-877B-E866FEFE0BC6}.Debug|x64.Build.0 = Debug|x64
		{E0AEEE9F-FB3A-40D6-877B-E866FEFE0BC6}.Debug|x86.ActiveCfg = Debug|x86
		{E0AEEE9F-FB3A-40D6-877B-E866FEFE0BC6}.Debug|x86.Build.0 = Debug|x86
		{E0AEEE9F-FB3A-40D6-877B-E866FEFE0BC6}.Release|Any CPU.ActiveCfg = Release|x64
		{E0AEEE9F-FB3A-40D6-877B-E866FEFE0BC6}.Release|Any CPU.Build.0 = Release|x64
		{E0AEEE9F-FB3A-40D6-877B-E866FEFE0BC6}.Release|arm64.ActiveCfg = Release|arm64
		{E0AEEE9F-FB3A-40D6-877B-E866FEFE0BC6}.Release|arm64.Build.0 = Release|arm64
		{E0AEEE9F-FB3A-40D6-877B-E866FEFE0BC6}.Release|iPhone.ActiveCfg = Release|x64
		{E0AEEE9F-FB3A-40D6-877B-E866FEFE0BC6}.Release|iPhone.Build.0 = Release|x64
		{E0AEEE9F-FB3A-40D6-877B-E866FEFE0BC6}.Release|iPhoneSimulator.ActiveCfg = Release|x64
		{E0AEEE9F-FB3A-40D6-877B-E866FEFE0BC6}.Release|iPhoneSimulator.Build.0 = Release|x64
		{E0AEEE9F-FB3A-40D6-877B-E866FEFE0BC6}.Release|x64.ActiveCfg = Release|x64
		{E0AEEE9F-FB3A-40D6-877B-E866FEFE0BC6}.Release|x64.Build.0 = Release|x64
		{E0AEEE9F-FB3A-40D6-877B-E866FEFE0BC6}.Release|x86.ActiveCfg = Release|x86
		{E0AEEE9F-FB3A-40D6-877B-E866FEFE0BC6}.Release|x86.Build.0 = Release|x86
		{E0AEEE9F-FB3A-40D6-877B-E866FEFE0BC6}.Sample Release|Any CPU.ActiveCfg = Debug|x86
		{E0AEEE9F-FB3A-40D6-877B-E866FEFE0BC6}.Sample Release|Any CPU.Build.0 = Debug|x86
		{E0AEEE9F-FB3A-40D6-877B-E866FEFE0BC6}.Sample Release|arm64.ActiveCfg = Release|arm64
		{E0AEEE9F-FB3A-40D6-877B-E866FEFE0BC6}.Sample Release|arm64.Build.0 = Release|arm64
		{E0AEEE9F-FB3A-40D6-877B-E866FEFE0BC6}.Sample Release|iPhone.ActiveCfg = Debug|x86
		{E0AEEE9F-FB3A-40D6-877B-E866FEFE0BC6}.Sample Release|iPhone.Build.0 = Debug|x86
		{E0AEEE9F-FB3A-40D6-877B-E866FEFE0BC6}.Sample Release|iPhoneSimulator.ActiveCfg = Debug|x86
		{E0AEEE9F-FB3A-40D6-877B-E866FEFE0BC6}.Sample Release|iPhoneSimulator.Build.0 = Debug|x86
		{E0AEEE9F-FB3A-40D6-877B-E866FEFE0BC6}.Sample Release|x64.ActiveCfg = Release|x64
		{E0AEEE9F-FB3A-40D6-877B-E866FEFE0BC6}.Sample Release|x64.Build.0 = Release|x64
		{E0AEEE9F-FB3A-40D6-877B-E866FEFE0BC6}.Sample Release|x86.ActiveCfg = Release|x86
		{E0AEEE9F-FB3A-40D6-877B-E866FEFE0BC6}.Sample Release|x86.Build.0 = Release|x86
		{F33380C4-6AE7-4865-958C-37CA485774EE}.Ad-Hoc|Any CPU.ActiveCfg = Debug|Any CPU
		{F33380C4-6AE7-4865-958C-37CA485774EE}.Ad-Hoc|Any CPU.Build.0 = Debug|Any CPU
		{F33380C4-6AE7-4865-958C-37CA485774EE}.Ad-Hoc|arm64.ActiveCfg = Debug|Any CPU
		{F33380C4-6AE7-4865-958C-37CA485774EE}.Ad-Hoc|arm64.Build.0 = Debug|Any CPU
		{F33380C4-6AE7-4865-958C-37CA485774EE}.Ad-Hoc|iPhone.ActiveCfg = Debug|Any CPU
		{F33380C4-6AE7-4865-958C-37CA485774EE}.Ad-Hoc|iPhone.Build.0 = Debug|Any CPU
		{F33380C4-6AE7-4865-958C-37CA485774EE}.Ad-Hoc|iPhoneSimulator.ActiveCfg = Debug|Any CPU
		{F33380C4-6AE7-4865-958C-37CA485774EE}.Ad-Hoc|iPhoneSimulator.Build.0 = Debug|Any CPU
		{F33380C4-6AE7-4865-958C-37CA485774EE}.Ad-Hoc|x64.ActiveCfg = Debug|Any CPU
		{F33380C4-6AE7-4865-958C-37CA485774EE}.Ad-Hoc|x64.Build.0 = Debug|Any CPU
		{F33380C4-6AE7-4865-958C-37CA485774EE}.Ad-Hoc|x86.ActiveCfg = Debug|Any CPU
		{F33380C4-6AE7-4865-958C-37CA485774EE}.Ad-Hoc|x86.Build.0 = Debug|Any CPU
		{F33380C4-6AE7-4865-958C-37CA485774EE}.AppStore|Any CPU.ActiveCfg = Debug|Any CPU
		{F33380C4-6AE7-4865-958C-37CA485774EE}.AppStore|Any CPU.Build.0 = Debug|Any CPU
		{F33380C4-6AE7-4865-958C-37CA485774EE}.AppStore|arm64.ActiveCfg = Debug|Any CPU
		{F33380C4-6AE7-4865-958C-37CA485774EE}.AppStore|arm64.Build.0 = Debug|Any CPU
		{F33380C4-6AE7-4865-958C-37CA485774EE}.AppStore|iPhone.ActiveCfg = Debug|Any CPU
		{F33380C4-6AE7-4865-958C-37CA485774EE}.AppStore|iPhone.Build.0 = Debug|Any CPU
		{F33380C4-6AE7-4865-958C-37CA485774EE}.AppStore|iPhoneSimulator.ActiveCfg = Debug|Any CPU
		{F33380C4-6AE7-4865-958C-37CA485774EE}.AppStore|iPhoneSimulator.Build.0 = Debug|Any CPU
		{F33380C4-6AE7-4865-958C-37CA485774EE}.AppStore|x64.ActiveCfg = Debug|Any CPU
		{F33380C4-6AE7-4865-958C-37CA485774EE}.AppStore|x64.Build.0 = Debug|Any CPU
		{F33380C4-6AE7-4865-958C-37CA485774EE}.AppStore|x86.ActiveCfg = Debug|Any CPU
		{F33380C4-6AE7-4865-958C-37CA485774EE}.AppStore|x86.Build.0 = Debug|Any CPU
		{F33380C4-6AE7-4865-958C-37CA485774EE}.Debug|Any CPU.ActiveCfg = Debug|Any CPU
		{F33380C4-6AE7-4865-958C-37CA485774EE}.Debug|Any CPU.Build.0 = Debug|Any CPU
		{F33380C4-6AE7-4865-958C-37CA485774EE}.Debug|arm64.ActiveCfg = Debug|Any CPU
		{F33380C4-6AE7-4865-958C-37CA485774EE}.Debug|arm64.Build.0 = Debug|Any CPU
		{F33380C4-6AE7-4865-958C-37CA485774EE}.Debug|iPhone.ActiveCfg = Debug|Any CPU
		{F33380C4-6AE7-4865-958C-37CA485774EE}.Debug|iPhone.Build.0 = Debug|Any CPU
		{F33380C4-6AE7-4865-958C-37CA485774EE}.Debug|iPhoneSimulator.ActiveCfg = Debug|Any CPU
		{F33380C4-6AE7-4865-958C-37CA485774EE}.Debug|iPhoneSimulator.Build.0 = Debug|Any CPU
		{F33380C4-6AE7-4865-958C-37CA485774EE}.Debug|x64.ActiveCfg = Debug|Any CPU
		{F33380C4-6AE7-4865-958C-37CA485774EE}.Debug|x64.Build.0 = Debug|Any CPU
		{F33380C4-6AE7-4865-958C-37CA485774EE}.Debug|x86.ActiveCfg = Debug|Any CPU
		{F33380C4-6AE7-4865-958C-37CA485774EE}.Debug|x86.Build.0 = Debug|Any CPU
		{F33380C4-6AE7-4865-958C-37CA485774EE}.Release|Any CPU.ActiveCfg = Release|Any CPU
		{F33380C4-6AE7-4865-958C-37CA485774EE}.Release|Any CPU.Build.0 = Release|Any CPU
		{F33380C4-6AE7-4865-958C-37CA485774EE}.Release|arm64.ActiveCfg = Release|Any CPU
		{F33380C4-6AE7-4865-958C-37CA485774EE}.Release|arm64.Build.0 = Release|Any CPU
		{F33380C4-6AE7-4865-958C-37CA485774EE}.Release|iPhone.ActiveCfg = Release|Any CPU
		{F33380C4-6AE7-4865-958C-37CA485774EE}.Release|iPhone.Build.0 = Release|Any CPU
		{F33380C4-6AE7-4865-958C-37CA485774EE}.Release|iPhoneSimulator.ActiveCfg = Release|Any CPU
		{F33380C4-6AE7-4865-958C-37CA485774EE}.Release|iPhoneSimulator.Build.0 = Release|Any CPU
		{F33380C4-6AE7-4865-958C-37CA485774EE}.Release|x64.ActiveCfg = Release|Any CPU
		{F33380C4-6AE7-4865-958C-37CA485774EE}.Release|x64.Build.0 = Release|Any CPU
		{F33380C4-6AE7-4865-958C-37CA485774EE}.Release|x86.ActiveCfg = Release|Any CPU
		{F33380C4-6AE7-4865-958C-37CA485774EE}.Release|x86.Build.0 = Release|Any CPU
		{F33380C4-6AE7-4865-958C-37CA485774EE}.Sample Release|Any CPU.ActiveCfg = Release|Any CPU
		{F33380C4-6AE7-4865-958C-37CA485774EE}.Sample Release|Any CPU.Build.0 = Release|Any CPU
		{F33380C4-6AE7-4865-958C-37CA485774EE}.Sample Release|arm64.ActiveCfg = Release|Any CPU
		{F33380C4-6AE7-4865-958C-37CA485774EE}.Sample Release|arm64.Build.0 = Release|Any CPU
		{F33380C4-6AE7-4865-958C-37CA485774EE}.Sample Release|iPhone.ActiveCfg = Release|Any CPU
		{F33380C4-6AE7-4865-958C-37CA485774EE}.Sample Release|iPhone.Build.0 = Release|Any CPU
		{F33380C4-6AE7-4865-958C-37CA485774EE}.Sample Release|iPhoneSimulator.ActiveCfg = Release|Any CPU
		{F33380C4-6AE7-4865-958C-37CA485774EE}.Sample Release|iPhoneSimulator.Build.0 = Release|Any CPU
		{F33380C4-6AE7-4865-958C-37CA485774EE}.Sample Release|x64.ActiveCfg = Release|Any CPU
		{F33380C4-6AE7-4865-958C-37CA485774EE}.Sample Release|x64.Build.0 = Release|Any CPU
		{F33380C4-6AE7-4865-958C-37CA485774EE}.Sample Release|x86.ActiveCfg = Release|Any CPU
		{F33380C4-6AE7-4865-958C-37CA485774EE}.Sample Release|x86.Build.0 = Release|Any CPU
	EndGlobalSection
	GlobalSection(SolutionProperties) = preSolution
		HideSolutionNode = FALSE
	EndGlobalSection
	GlobalSection(ExtensibilityGlobals) = postSolution
		SolutionGuid = {F9AB7F21-AD32-47C9-A787-767DD85B40CB}
	EndGlobalSection
EndGlobal
