
Microsoft Visual Studio Solution File, Format Version 12.00
# Visual Studio Version 16
VisualStudioVersion = 16.0.28803.202
MinimumVisualStudioVersion = 10.0.40219.1
Project("{9A19103F-16F7-4668-BE54-9A1E7A4F7556}") = "SextantSample", "SextantSample\SextantSample.csproj", "{AB35E5EE-24AE-479A-909E-1FD941E152EF}"
EndProject
Project("{FAE04EC0-301F-11D3-BF4B-00C04F79EFBC}") = "SextantSample.Android", "SextantSample.Android\SextantSample.Android.csproj", "{4A684BB2-2CB4-4B04-8541-FF0FA677DD49}"
EndProject
Project("{9A19103F-16F7-4668-BE54-9A1E7A4F7556}") = "Sextant", "..\src\Sextant\Sextant.csproj", "{4CF5E8D0-BB2C-4790-9AD5-03AEC069C3C3}"
EndProject
Project("{FAE04EC0-301F-11D3-BF4B-00C04F79EFBC}") = "SextantSample.iOS", "SextantSample.iOS\SextantSample.iOS.csproj", "{A5BBADB1-F348-49CD-8264-59B5BE8E9F17}"
EndProject
Project("{9A19103F-16F7-4668-BE54-9A1E7A4F7556}") = "Sextant.XamForms", "..\src\Sextant.XamForms\Sextant.XamForms.csproj", "{4529D741-5B1E-4A05-9FDA-36625C12FC33}"
EndProject
Project("{FAE04EC0-301F-11D3-BF4B-00C04F79EFBC}") = "SextantSample.ViewModels", "SextantSample.Core\SextantSample.ViewModels.csproj", "{5818A5AF-3FF6-4E68-80FC-604D4AEF156C}"
EndProject
Global
	GlobalSection(SolutionConfigurationPlatforms) = preSolution
		Ad-Hoc|Any CPU = Ad-Hoc|Any CPU
		Ad-Hoc|iPhone = Ad-Hoc|iPhone
		Ad-Hoc|iPhoneSimulator = Ad-Hoc|iPhoneSimulator
		AppStore|Any CPU = AppStore|Any CPU
		AppStore|iPhone = AppStore|iPhone
		AppStore|iPhoneSimulator = AppStore|iPhoneSimulator
		Debug|Any CPU = Debug|Any CPU
		Debug|iPhone = Debug|iPhone
		Debug|iPhoneSimulator = Debug|iPhoneSimulator
		Release|Any CPU = Release|Any CPU
		Release|iPhone = Release|iPhone
		Release|iPhoneSimulator = Release|iPhoneSimulator
		Sample Release|Any CPU = Sample Release|Any CPU
		Sample Release|iPhone = Sample Release|iPhone
		Sample Release|iPhoneSimulator = Sample Release|iPhoneSimulator
	EndGlobalSection
	GlobalSection(ProjectConfigurationPlatforms) = postSolution
		{AB35E5EE-24AE-479A-909E-1FD941E152EF}.Ad-Hoc|Any CPU.ActiveCfg = Release|Any CPU
		{AB35E5EE-24AE-479A-909E-1FD941E152EF}.Ad-Hoc|Any CPU.Build.0 = Release|Any CPU
		{AB35E5EE-24AE-479A-909E-1FD941E152EF}.Ad-Hoc|iPhone.ActiveCfg = Debug|Any CPU
		{AB35E5EE-24AE-479A-909E-1FD941E152EF}.Ad-Hoc|iPhone.Build.0 = Debug|Any CPU
		{AB35E5EE-24AE-479A-909E-1FD941E152EF}.Ad-Hoc|iPhoneSimulator.ActiveCfg = Release|Any CPU
		{AB35E5EE-24AE-479A-909E-1FD941E152EF}.Ad-Hoc|iPhoneSimulator.Build.0 = Release|Any CPU
		{AB35E5EE-24AE-479A-909E-1FD941E152EF}.AppStore|Any CPU.ActiveCfg = Release|Any CPU
		{AB35E5EE-24AE-479A-909E-1FD941E152EF}.AppStore|Any CPU.Build.0 = Release|Any CPU
		{AB35E5EE-24AE-479A-909E-1FD941E152EF}.AppStore|iPhone.ActiveCfg = Debug|Any CPU
		{AB35E5EE-24AE-479A-909E-1FD941E152EF}.AppStore|iPhone.Build.0 = Debug|Any CPU
		{AB35E5EE-24AE-479A-909E-1FD941E152EF}.AppStore|iPhoneSimulator.ActiveCfg = Release|Any CPU
		{AB35E5EE-24AE-479A-909E-1FD941E152EF}.AppStore|iPhoneSimulator.Build.0 = Release|Any CPU
		{AB35E5EE-24AE-479A-909E-1FD941E152EF}.Debug|Any CPU.ActiveCfg = Debug|Any CPU
		{AB35E5EE-24AE-479A-909E-1FD941E152EF}.Debug|Any CPU.Build.0 = Debug|Any CPU
		{AB35E5EE-24AE-479A-909E-1FD941E152EF}.Debug|iPhone.ActiveCfg = Debug|Any CPU
		{AB35E5EE-24AE-479A-909E-1FD941E152EF}.Debug|iPhone.Build.0 = Debug|Any CPU
		{AB35E5EE-24AE-479A-909E-1FD941E152EF}.Debug|iPhoneSimulator.ActiveCfg = Debug|Any CPU
		{AB35E5EE-24AE-479A-909E-1FD941E152EF}.Debug|iPhoneSimulator.Build.0 = Debug|Any CPU
		{AB35E5EE-24AE-479A-909E-1FD941E152EF}.Release|Any CPU.ActiveCfg = Release|Any CPU
		{AB35E5EE-24AE-479A-909E-1FD941E152EF}.Release|Any CPU.Build.0 = Release|Any CPU
		{AB35E5EE-24AE-479A-909E-1FD941E152EF}.Release|iPhone.ActiveCfg = Release|Any CPU
		{AB35E5EE-24AE-479A-909E-1FD941E152EF}.Release|iPhone.Build.0 = Release|Any CPU
		{AB35E5EE-24AE-479A-909E-1FD941E152EF}.Release|iPhoneSimulator.ActiveCfg = Release|Any CPU
		{AB35E5EE-24AE-479A-909E-1FD941E152EF}.Release|iPhoneSimulator.Build.0 = Release|Any CPU
		{AB35E5EE-24AE-479A-909E-1FD941E152EF}.Sample Release|Any CPU.ActiveCfg = Release|Any CPU
		{AB35E5EE-24AE-479A-909E-1FD941E152EF}.Sample Release|Any CPU.Build.0 = Release|Any CPU
		{AB35E5EE-24AE-479A-909E-1FD941E152EF}.Sample Release|iPhone.ActiveCfg = Release|Any CPU
		{AB35E5EE-24AE-479A-909E-1FD941E152EF}.Sample Release|iPhone.Build.0 = Release|Any CPU
		{AB35E5EE-24AE-479A-909E-1FD941E152EF}.Sample Release|iPhoneSimulator.ActiveCfg = Release|Any CPU
		{AB35E5EE-24AE-479A-909E-1FD941E152EF}.Sample Release|iPhoneSimulator.Build.0 = Release|Any CPU
		{4A684BB2-2CB4-4B04-8541-FF0FA677DD49}.Ad-Hoc|Any CPU.ActiveCfg = Sample Release|Any CPU
		{4A684BB2-2CB4-4B04-8541-FF0FA677DD49}.Ad-Hoc|Any CPU.Build.0 = Sample Release|Any CPU
		{4A684BB2-2CB4-4B04-8541-FF0FA677DD49}.Ad-Hoc|Any CPU.Deploy.0 = Sample Release|Any CPU
		{4A684BB2-2CB4-4B04-8541-FF0FA677DD49}.Ad-Hoc|iPhone.ActiveCfg = Debug|Any CPU
		{4A684BB2-2CB4-4B04-8541-FF0FA677DD49}.Ad-Hoc|iPhone.Build.0 = Debug|Any CPU
		{4A684BB2-2CB4-4B04-8541-FF0FA677DD49}.Ad-Hoc|iPhoneSimulator.ActiveCfg = Sample Release|Any CPU
		{4A684BB2-2CB4-4B04-8541-FF0FA677DD49}.Ad-Hoc|iPhoneSimulator.Build.0 = Sample Release|Any CPU
		{4A684BB2-2CB4-4B04-8541-FF0FA677DD49}.Ad-Hoc|iPhoneSimulator.Deploy.0 = Sample Release|Any CPU
		{4A684BB2-2CB4-4B04-8541-FF0FA677DD49}.AppStore|Any CPU.ActiveCfg = Sample Release|Any CPU
		{4A684BB2-2CB4-4B04-8541-FF0FA677DD49}.AppStore|Any CPU.Build.0 = Sample Release|Any CPU
		{4A684BB2-2CB4-4B04-8541-FF0FA677DD49}.AppStore|Any CPU.Deploy.0 = Sample Release|Any CPU
		{4A684BB2-2CB4-4B04-8541-FF0FA677DD49}.AppStore|iPhone.ActiveCfg = Debug|Any CPU
		{4A684BB2-2CB4-4B04-8541-FF0FA677DD49}.AppStore|iPhone.Build.0 = Debug|Any CPU
		{4A684BB2-2CB4-4B04-8541-FF0FA677DD49}.AppStore|iPhoneSimulator.ActiveCfg = Sample Release|Any CPU
		{4A684BB2-2CB4-4B04-8541-FF0FA677DD49}.AppStore|iPhoneSimulator.Build.0 = Sample Release|Any CPU
		{4A684BB2-2CB4-4B04-8541-FF0FA677DD49}.AppStore|iPhoneSimulator.Deploy.0 = Sample Release|Any CPU
		{4A684BB2-2CB4-4B04-8541-FF0FA677DD49}.Debug|Any CPU.ActiveCfg = Debug|Any CPU
		{4A684BB2-2CB4-4B04-8541-FF0FA677DD49}.Debug|Any CPU.Build.0 = Debug|Any CPU
		{4A684BB2-2CB4-4B04-8541-FF0FA677DD49}.Debug|Any CPU.Deploy.0 = Debug|Any CPU
		{4A684BB2-2CB4-4B04-8541-FF0FA677DD49}.Debug|iPhone.ActiveCfg = Debug|Any CPU
		{4A684BB2-2CB4-4B04-8541-FF0FA677DD49}.Debug|iPhone.Build.0 = Debug|Any CPU
		{4A684BB2-2CB4-4B04-8541-FF0FA677DD49}.Debug|iPhoneSimulator.ActiveCfg = Debug|Any CPU
		{4A684BB2-2CB4-4B04-8541-FF0FA677DD49}.Debug|iPhoneSimulator.Build.0 = Debug|Any CPU
		{4A684BB2-2CB4-4B04-8541-FF0FA677DD49}.Release|Any CPU.ActiveCfg = Release|Any CPU
		{4A684BB2-2CB4-4B04-8541-FF0FA677DD49}.Release|Any CPU.Build.0 = Release|Any CPU
		{4A684BB2-2CB4-4B04-8541-FF0FA677DD49}.Release|Any CPU.Deploy.0 = Release|Any CPU
		{4A684BB2-2CB4-4B04-8541-FF0FA677DD49}.Release|iPhone.ActiveCfg = Release|Any CPU
		{4A684BB2-2CB4-4B04-8541-FF0FA677DD49}.Release|iPhone.Build.0 = Release|Any CPU
		{4A684BB2-2CB4-4B04-8541-FF0FA677DD49}.Release|iPhoneSimulator.ActiveCfg = Release|Any CPU
		{4A684BB2-2CB4-4B04-8541-FF0FA677DD49}.Release|iPhoneSimulator.Build.0 = Release|Any CPU
		{4A684BB2-2CB4-4B04-8541-FF0FA677DD49}.Sample Release|Any CPU.ActiveCfg = Sample Release|Any CPU
		{4A684BB2-2CB4-4B04-8541-FF0FA677DD49}.Sample Release|Any CPU.Build.0 = Sample Release|Any CPU
		{4A684BB2-2CB4-4B04-8541-FF0FA677DD49}.Sample Release|Any CPU.Deploy.0 = Sample Release|Any CPU
		{4A684BB2-2CB4-4B04-8541-FF0FA677DD49}.Sample Release|iPhone.ActiveCfg = Sample Release|Any CPU
		{4A684BB2-2CB4-4B04-8541-FF0FA677DD49}.Sample Release|iPhone.Build.0 = Sample Release|Any CPU
		{4A684BB2-2CB4-4B04-8541-FF0FA677DD49}.Sample Release|iPhone.Deploy.0 = Sample Release|Any CPU
		{4A684BB2-2CB4-4B04-8541-FF0FA677DD49}.Sample Release|iPhoneSimulator.ActiveCfg = Sample Release|Any CPU
		{4A684BB2-2CB4-4B04-8541-FF0FA677DD49}.Sample Release|iPhoneSimulator.Build.0 = Sample Release|Any CPU
		{4A684BB2-2CB4-4B04-8541-FF0FA677DD49}.Sample Release|iPhoneSimulator.Deploy.0 = Sample Release|Any CPU
		{4CF5E8D0-BB2C-4790-9AD5-03AEC069C3C3}.Ad-Hoc|Any CPU.ActiveCfg = Release|Any CPU
		{4CF5E8D0-BB2C-4790-9AD5-03AEC069C3C3}.Ad-Hoc|Any CPU.Build.0 = Release|Any CPU
		{4CF5E8D0-BB2C-4790-9AD5-03AEC069C3C3}.Ad-Hoc|iPhone.ActiveCfg = Debug|Any CPU
		{4CF5E8D0-BB2C-4790-9AD5-03AEC069C3C3}.Ad-Hoc|iPhone.Build.0 = Debug|Any CPU
		{4CF5E8D0-BB2C-4790-9AD5-03AEC069C3C3}.Ad-Hoc|iPhoneSimulator.ActiveCfg = Release|Any CPU
		{4CF5E8D0-BB2C-4790-9AD5-03AEC069C3C3}.Ad-Hoc|iPhoneSimulator.Build.0 = Release|Any CPU
		{4CF5E8D0-BB2C-4790-9AD5-03AEC069C3C3}.AppStore|Any CPU.ActiveCfg = Release|Any CPU
		{4CF5E8D0-BB2C-4790-9AD5-03AEC069C3C3}.AppStore|Any CPU.Build.0 = Release|Any CPU
		{4CF5E8D0-BB2C-4790-9AD5-03AEC069C3C3}.AppStore|iPhone.ActiveCfg = Debug|Any CPU
		{4CF5E8D0-BB2C-4790-9AD5-03AEC069C3C3}.AppStore|iPhone.Build.0 = Debug|Any CPU
		{4CF5E8D0-BB2C-4790-9AD5-03AEC069C3C3}.AppStore|iPhoneSimulator.ActiveCfg = Release|Any CPU
		{4CF5E8D0-BB2C-4790-9AD5-03AEC069C3C3}.AppStore|iPhoneSimulator.Build.0 = Release|Any CPU
		{4CF5E8D0-BB2C-4790-9AD5-03AEC069C3C3}.Debug|Any CPU.ActiveCfg = Debug|Any CPU
		{4CF5E8D0-BB2C-4790-9AD5-03AEC069C3C3}.Debug|Any CPU.Build.0 = Debug|Any CPU
		{4CF5E8D0-BB2C-4790-9AD5-03AEC069C3C3}.Debug|iPhone.ActiveCfg = Debug|Any CPU
		{4CF5E8D0-BB2C-4790-9AD5-03AEC069C3C3}.Debug|iPhone.Build.0 = Debug|Any CPU
		{4CF5E8D0-BB2C-4790-9AD5-03AEC069C3C3}.Debug|iPhoneSimulator.ActiveCfg = Debug|Any CPU
		{4CF5E8D0-BB2C-4790-9AD5-03AEC069C3C3}.Debug|iPhoneSimulator.Build.0 = Debug|Any CPU
		{4CF5E8D0-BB2C-4790-9AD5-03AEC069C3C3}.Release|Any CPU.ActiveCfg = Release|Any CPU
		{4CF5E8D0-BB2C-4790-9AD5-03AEC069C3C3}.Release|Any CPU.Build.0 = Release|Any CPU
		{4CF5E8D0-BB2C-4790-9AD5-03AEC069C3C3}.Release|iPhone.ActiveCfg = Release|Any CPU
		{4CF5E8D0-BB2C-4790-9AD5-03AEC069C3C3}.Release|iPhone.Build.0 = Release|Any CPU
		{4CF5E8D0-BB2C-4790-9AD5-03AEC069C3C3}.Release|iPhoneSimulator.ActiveCfg = Release|Any CPU
		{4CF5E8D0-BB2C-4790-9AD5-03AEC069C3C3}.Release|iPhoneSimulator.Build.0 = Release|Any CPU
		{4CF5E8D0-BB2C-4790-9AD5-03AEC069C3C3}.Sample Release|Any CPU.ActiveCfg = Release|Any CPU
		{4CF5E8D0-BB2C-4790-9AD5-03AEC069C3C3}.Sample Release|Any CPU.Build.0 = Release|Any CPU
		{4CF5E8D0-BB2C-4790-9AD5-03AEC069C3C3}.Sample Release|iPhone.ActiveCfg = Release|Any CPU
		{4CF5E8D0-BB2C-4790-9AD5-03AEC069C3C3}.Sample Release|iPhone.Build.0 = Release|Any CPU
		{4CF5E8D0-BB2C-4790-9AD5-03AEC069C3C3}.Sample Release|iPhoneSimulator.ActiveCfg = Release|Any CPU
		{4CF5E8D0-BB2C-4790-9AD5-03AEC069C3C3}.Sample Release|iPhoneSimulator.Build.0 = Release|Any CPU
		{A5BBADB1-F348-49CD-8264-59B5BE8E9F17}.Ad-Hoc|Any CPU.ActiveCfg = Ad-Hoc|Any CPU
		{A5BBADB1-F348-49CD-8264-59B5BE8E9F17}.Ad-Hoc|Any CPU.Build.0 = Ad-Hoc|Any CPU
		{A5BBADB1-F348-49CD-8264-59B5BE8E9F17}.Ad-Hoc|iPhone.ActiveCfg = Ad-Hoc|iPhone
		{A5BBADB1-F348-49CD-8264-59B5BE8E9F17}.Ad-Hoc|iPhone.Build.0 = Ad-Hoc|iPhone
		{A5BBADB1-F348-49CD-8264-59B5BE8E9F17}.Ad-Hoc|iPhoneSimulator.ActiveCfg = Ad-Hoc|iPhoneSimulator
		{A5BBADB1-F348-49CD-8264-59B5BE8E9F17}.Ad-Hoc|iPhoneSimulator.Build.0 = Ad-Hoc|iPhoneSimulator
		{A5BBADB1-F348-49CD-8264-59B5BE8E9F17}.AppStore|Any CPU.ActiveCfg = AppStore|Any CPU
		{A5BBADB1-F348-49CD-8264-59B5BE8E9F17}.AppStore|Any CPU.Build.0 = AppStore|Any CPU
		{A5BBADB1-F348-49CD-8264-59B5BE8E9F17}.AppStore|iPhone.ActiveCfg = AppStore|iPhone
		{A5BBADB1-F348-49CD-8264-59B5BE8E9F17}.AppStore|iPhone.Build.0 = AppStore|iPhone
		{A5BBADB1-F348-49CD-8264-59B5BE8E9F17}.AppStore|iPhoneSimulator.ActiveCfg = AppStore|iPhoneSimulator
		{A5BBADB1-F348-49CD-8264-59B5BE8E9F17}.AppStore|iPhoneSimulator.Build.0 = AppStore|iPhoneSimulator
		{A5BBADB1-F348-49CD-8264-59B5BE8E9F17}.Debug|Any CPU.ActiveCfg = Debug|iPhoneSimulator
		{A5BBADB1-F348-49CD-8264-59B5BE8E9F17}.Debug|Any CPU.Build.0 = Debug|iPhoneSimulator
		{A5BBADB1-F348-49CD-8264-59B5BE8E9F17}.Debug|iPhone.ActiveCfg = Debug|iPhone
		{A5BBADB1-F348-49CD-8264-59B5BE8E9F17}.Debug|iPhone.Build.0 = Debug|iPhone
		{A5BBADB1-F348-49CD-8264-59B5BE8E9F17}.Debug|iPhoneSimulator.ActiveCfg = Debug|iPhoneSimulator
		{A5BBADB1-F348-49CD-8264-59B5BE8E9F17}.Debug|iPhoneSimulator.Build.0 = Debug|iPhoneSimulator
		{A5BBADB1-F348-49CD-8264-59B5BE8E9F17}.Release|Any CPU.ActiveCfg = Sample Release|Any CPU
		{A5BBADB1-F348-49CD-8264-59B5BE8E9F17}.Release|Any CPU.Build.0 = Sample Release|Any CPU
		{A5BBADB1-F348-49CD-8264-59B5BE8E9F17}.Release|iPhone.ActiveCfg = Release|iPhone
		{A5BBADB1-F348-49CD-8264-59B5BE8E9F17}.Release|iPhone.Build.0 = Release|iPhone
		{A5BBADB1-F348-49CD-8264-59B5BE8E9F17}.Release|iPhoneSimulator.ActiveCfg = Release|iPhoneSimulator
		{A5BBADB1-F348-49CD-8264-59B5BE8E9F17}.Release|iPhoneSimulator.Build.0 = Release|iPhoneSimulator
		{A5BBADB1-F348-49CD-8264-59B5BE8E9F17}.Sample Release|Any CPU.ActiveCfg = Sample Release|Any CPU
		{A5BBADB1-F348-49CD-8264-59B5BE8E9F17}.Sample Release|Any CPU.Build.0 = Sample Release|Any CPU
		{A5BBADB1-F348-49CD-8264-59B5BE8E9F17}.Sample Release|iPhone.ActiveCfg = Sample Release|iPhone
		{A5BBADB1-F348-49CD-8264-59B5BE8E9F17}.Sample Release|iPhone.Build.0 = Sample Release|iPhone
		{A5BBADB1-F348-49CD-8264-59B5BE8E9F17}.Sample Release|iPhoneSimulator.ActiveCfg = Sample Release|iPhoneSimulator
		{A5BBADB1-F348-49CD-8264-59B5BE8E9F17}.Sample Release|iPhoneSimulator.Build.0 = Sample Release|iPhoneSimulator
		{4529D741-5B1E-4A05-9FDA-36625C12FC33}.Ad-Hoc|Any CPU.ActiveCfg = Debug|Any CPU
		{4529D741-5B1E-4A05-9FDA-36625C12FC33}.Ad-Hoc|Any CPU.Build.0 = Debug|Any CPU
		{4529D741-5B1E-4A05-9FDA-36625C12FC33}.Ad-Hoc|iPhone.ActiveCfg = Release|Any CPU
		{4529D741-5B1E-4A05-9FDA-36625C12FC33}.Ad-Hoc|iPhone.Build.0 = Release|Any CPU
		{4529D741-5B1E-4A05-9FDA-36625C12FC33}.Ad-Hoc|iPhoneSimulator.ActiveCfg = Debug|Any CPU
		{4529D741-5B1E-4A05-9FDA-36625C12FC33}.Ad-Hoc|iPhoneSimulator.Build.0 = Debug|Any CPU
		{4529D741-5B1E-4A05-9FDA-36625C12FC33}.AppStore|Any CPU.ActiveCfg = Debug|Any CPU
		{4529D741-5B1E-4A05-9FDA-36625C12FC33}.AppStore|Any CPU.Build.0 = Debug|Any CPU
		{4529D741-5B1E-4A05-9FDA-36625C12FC33}.AppStore|iPhone.ActiveCfg = Release|Any CPU
		{4529D741-5B1E-4A05-9FDA-36625C12FC33}.AppStore|iPhone.Build.0 = Release|Any CPU
		{4529D741-5B1E-4A05-9FDA-36625C12FC33}.AppStore|iPhoneSimulator.ActiveCfg = Debug|Any CPU
		{4529D741-5B1E-4A05-9FDA-36625C12FC33}.AppStore|iPhoneSimulator.Build.0 = Debug|Any CPU
		{4529D741-5B1E-4A05-9FDA-36625C12FC33}.Debug|Any CPU.ActiveCfg = Debug|Any CPU
		{4529D741-5B1E-4A05-9FDA-36625C12FC33}.Debug|Any CPU.Build.0 = Debug|Any CPU
		{4529D741-5B1E-4A05-9FDA-36625C12FC33}.Debug|iPhone.ActiveCfg = Debug|Any CPU
		{4529D741-5B1E-4A05-9FDA-36625C12FC33}.Debug|iPhone.Build.0 = Debug|Any CPU
		{4529D741-5B1E-4A05-9FDA-36625C12FC33}.Debug|iPhoneSimulator.ActiveCfg = Debug|Any CPU
		{4529D741-5B1E-4A05-9FDA-36625C12FC33}.Debug|iPhoneSimulator.Build.0 = Debug|Any CPU
		{4529D741-5B1E-4A05-9FDA-36625C12FC33}.Release|Any CPU.ActiveCfg = Release|Any CPU
		{4529D741-5B1E-4A05-9FDA-36625C12FC33}.Release|Any CPU.Build.0 = Release|Any CPU
		{4529D741-5B1E-4A05-9FDA-36625C12FC33}.Release|iPhone.ActiveCfg = Release|Any CPU
		{4529D741-5B1E-4A05-9FDA-36625C12FC33}.Release|iPhone.Build.0 = Release|Any CPU
		{4529D741-5B1E-4A05-9FDA-36625C12FC33}.Release|iPhoneSimulator.ActiveCfg = Release|Any CPU
		{4529D741-5B1E-4A05-9FDA-36625C12FC33}.Release|iPhoneSimulator.Build.0 = Release|Any CPU
		{4529D741-5B1E-4A05-9FDA-36625C12FC33}.Sample Release|Any CPU.ActiveCfg = Release|Any CPU
		{4529D741-5B1E-4A05-9FDA-36625C12FC33}.Sample Release|Any CPU.Build.0 = Release|Any CPU
		{4529D741-5B1E-4A05-9FDA-36625C12FC33}.Sample Release|iPhone.ActiveCfg = Release|Any CPU
		{4529D741-5B1E-4A05-9FDA-36625C12FC33}.Sample Release|iPhone.Build.0 = Release|Any CPU
		{4529D741-5B1E-4A05-9FDA-36625C12FC33}.Sample Release|iPhoneSimulator.ActiveCfg = Release|Any CPU
		{4529D741-5B1E-4A05-9FDA-36625C12FC33}.Sample Release|iPhoneSimulator.Build.0 = Release|Any CPU
		{5818A5AF-3FF6-4E68-80FC-604D4AEF156C}.Debug|Any CPU.ActiveCfg = Debug|Any CPU
		{5818A5AF-3FF6-4E68-80FC-604D4AEF156C}.Debug|Any CPU.Build.0 = Debug|Any CPU
	EndGlobalSection
	GlobalSection(SolutionProperties) = preSolution
		HideSolutionNode = FALSE
	EndGlobalSection
	GlobalSection(ExtensibilityGlobals) = postSolution
		SolutionGuid = {F9AB7F21-AD32-47C9-A787-767DD85B40CB}
	EndGlobalSection
EndGlobal
