
Microsoft Visual Studio Solution File, Format Version 12.00
# Visual Studio Version 16
VisualStudioVersion = 16.0.29521.150
MinimumVisualStudioVersion = 10.0.40219.1
Project("{9A19103F-16F7-4668-BE54-9A1E7A4F7556}") = "Sextant", "Sextant\Sextant.csproj", "{D6B84899-4AFC-4E6C-9C3F-005F21DF5A52}"
EndProject
Project("{2150E333-8FDC-42A3-9474-1A3956D46DE8}") = "Sample", "Sample", "{BEB94547-F374-4211-BBE6-3DA7CAB972BB}"
EndProject
Project("{9A19103F-16F7-4668-BE54-9A1E7A4F7556}") = "SextantSample", "..\Sample\SextantSample\SextantSample.csproj", "{44FA03FD-7A52-41AD-9332-1B34FFDEE67B}"
EndProject
Project("{FAE04EC0-301F-11D3-BF4B-00C04F79EFBC}") = "SextantSample.iOS", "..\Sample\SextantSample.iOS\SextantSample.iOS.csproj", "{A5BBADB1-F348-49CD-8264-59B5BE8E9F17}"
EndProject
Project("{FAE04EC0-301F-11D3-BF4B-00C04F79EFBC}") = "SextantSample.Android", "..\Sample\SextantSample.Android\SextantSample.Android.csproj", "{4A684BB2-2CB4-4B04-8541-FF0FA677DD49}"
EndProject
Project("{9A19103F-16F7-4668-BE54-9A1E7A4F7556}") = "Sextant.Tests", "Sextant.Tests\Sextant.Tests.csproj", "{DA6A30AC-CCA5-40BA-94A1-93E142E06515}"
EndProject
Project("{2150E333-8FDC-42A3-9474-1A3956D46DE8}") = "Solution Items", "Solution Items", "{B1DD0155-5421-430D-B1F3-270EFCD5EE04}"
	ProjectSection(SolutionItems) = preProject
		analyzers.ruleset = analyzers.ruleset
		ApiGeneratorGlobalSuppressions.cs = ApiGeneratorGlobalSuppressions.cs
		Directory.build.props = Directory.build.props
		Directory.build.targets = Directory.build.targets
		global.json = global.json
		stylecop.json = stylecop.json
		..\build.cake = ..\build.cake
	EndProjectSection
EndProject
Project("{9A19103F-16F7-4668-BE54-9A1E7A4F7556}") = "Sextant.XamForms", "Sextant.XamForms\Sextant.XamForms.csproj", "{91D39618-AF73-4A28-9145-2DAC63437762}"
EndProject
Project("{9A19103F-16F7-4668-BE54-9A1E7A4F7556}") = "Sextant.XamForms.Tests", "Sextant.XamForms.Tests\Sextant.XamForms.Tests.csproj", "{1A8F7E6B-F9EE-46A7-ABB2-F09E7784B1BD}"
EndProject
Project("{9A19103F-16F7-4668-BE54-9A1E7A4F7556}") = "Sextant.Mocks", "Sextant.Mocks\Sextant.Mocks.csproj", "{07C90E5B-858E-4EB2-948B-8D0A698F439B}"
EndProject
Project("{2150E333-8FDC-42A3-9474-1A3956D46DE8}") = "tests", "tests", "{42173B56-0F72-4E8E-828F-4289222C8BB4}"
EndProject
Project("{FAE04EC0-301F-11D3-BF4B-00C04F79EFBC}") = "Sextant.iOS.Runner", "Sextant.iOS.Runner\Sextant.iOS.Runner.csproj", "{80A96B52-6758-4BDB-B0B4-CEA4CA155C60}"
EndProject
Project("{FAE04EC0-301F-11D3-BF4B-00C04F79EFBC}") = "SextantSample.UWP", "..\Sample\SextantSample.UWP\SextantSample.UWP.csproj", "{30FC2A59-FFBA-4C10-9E8F-39C504DDA990}"
EndProject
Project("{9A19103F-16F7-4668-BE54-9A1E7A4F7556}") = "SextantSample.ViewModels", "..\Sample\SextantSample.Core\SextantSample.ViewModels.csproj", "{69790D55-7AA2-4D01-8D1D-70CC25AAE8F0}"
EndProject
Project("{FAE04EC0-301F-11D3-BF4B-00C04F79EFBC}") = "Sextant.Plugins.Popup", "Sextant.Plugins.Popup\Sextant.Plugins.Popup.csproj", "{C863B0F3-46AF-46A3-93E9-5B1CEFA18896}"
EndProject
Project("{FAE04EC0-301F-11D3-BF4B-00C04F79EFBC}") = "Sextant.Plugins.Popup.Tests", "Sextant.Plugins.Popup.Tests\Sextant.Plugins.Popup.Tests.csproj", "{BD186721-EE51-40B2-A546-91EDDE122998}"
EndProject
Global
	GlobalSection(SolutionConfigurationPlatforms) = preSolution
		Ad-Hoc|Any CPU = Ad-Hoc|Any CPU
		Ad-Hoc|ARM = Ad-Hoc|ARM
		Ad-Hoc|ARM64 = Ad-Hoc|ARM64
		Ad-Hoc|iPhone = Ad-Hoc|iPhone
		Ad-Hoc|iPhoneSimulator = Ad-Hoc|iPhoneSimulator
		Ad-Hoc|x64 = Ad-Hoc|x64
		Ad-Hoc|x86 = Ad-Hoc|x86
		AppStore|Any CPU = AppStore|Any CPU
		AppStore|ARM = AppStore|ARM
		AppStore|ARM64 = AppStore|ARM64
		AppStore|iPhone = AppStore|iPhone
		AppStore|iPhoneSimulator = AppStore|iPhoneSimulator
		AppStore|x64 = AppStore|x64
		AppStore|x86 = AppStore|x86
		Debug|Any CPU = Debug|Any CPU
		Debug|ARM = Debug|ARM
		Debug|ARM64 = Debug|ARM64
		Debug|iPhone = Debug|iPhone
		Debug|iPhoneSimulator = Debug|iPhoneSimulator
		Debug|x64 = Debug|x64
		Debug|x86 = Debug|x86
		Release|Any CPU = Release|Any CPU
		Release|ARM = Release|ARM
		Release|ARM64 = Release|ARM64
		Release|iPhone = Release|iPhone
		Release|iPhoneSimulator = Release|iPhoneSimulator
		Release|x64 = Release|x64
		Release|x86 = Release|x86
		Sample Release|Any CPU = Sample Release|Any CPU
		Sample Release|ARM = Sample Release|ARM
		Sample Release|ARM64 = Sample Release|ARM64
		Sample Release|iPhone = Sample Release|iPhone
		Sample Release|iPhoneSimulator = Sample Release|iPhoneSimulator
		Sample Release|x64 = Sample Release|x64
		Sample Release|x86 = Sample Release|x86
	EndGlobalSection
	GlobalSection(ProjectConfigurationPlatforms) = postSolution
		{D6B84899-4AFC-4E6C-9C3F-005F21DF5A52}.Ad-Hoc|Any CPU.ActiveCfg = Release|Any CPU
		{D6B84899-4AFC-4E6C-9C3F-005F21DF5A52}.Ad-Hoc|Any CPU.Build.0 = Release|Any CPU
		{D6B84899-4AFC-4E6C-9C3F-005F21DF5A52}.Ad-Hoc|ARM.ActiveCfg = Debug|Any CPU
		{D6B84899-4AFC-4E6C-9C3F-005F21DF5A52}.Ad-Hoc|ARM.Build.0 = Debug|Any CPU
		{D6B84899-4AFC-4E6C-9C3F-005F21DF5A52}.Ad-Hoc|ARM64.ActiveCfg = Debug|Any CPU
		{D6B84899-4AFC-4E6C-9C3F-005F21DF5A52}.Ad-Hoc|ARM64.Build.0 = Debug|Any CPU
		{D6B84899-4AFC-4E6C-9C3F-005F21DF5A52}.Ad-Hoc|iPhone.ActiveCfg = Debug|Any CPU
		{D6B84899-4AFC-4E6C-9C3F-005F21DF5A52}.Ad-Hoc|iPhone.Build.0 = Debug|Any CPU
		{D6B84899-4AFC-4E6C-9C3F-005F21DF5A52}.Ad-Hoc|iPhoneSimulator.ActiveCfg = Release|Any CPU
		{D6B84899-4AFC-4E6C-9C3F-005F21DF5A52}.Ad-Hoc|iPhoneSimulator.Build.0 = Release|Any CPU
		{D6B84899-4AFC-4E6C-9C3F-005F21DF5A52}.Ad-Hoc|x64.ActiveCfg = Debug|Any CPU
		{D6B84899-4AFC-4E6C-9C3F-005F21DF5A52}.Ad-Hoc|x64.Build.0 = Debug|Any CPU
		{D6B84899-4AFC-4E6C-9C3F-005F21DF5A52}.Ad-Hoc|x86.ActiveCfg = Debug|Any CPU
		{D6B84899-4AFC-4E6C-9C3F-005F21DF5A52}.Ad-Hoc|x86.Build.0 = Debug|Any CPU
		{D6B84899-4AFC-4E6C-9C3F-005F21DF5A52}.AppStore|Any CPU.ActiveCfg = Release|Any CPU
		{D6B84899-4AFC-4E6C-9C3F-005F21DF5A52}.AppStore|Any CPU.Build.0 = Release|Any CPU
		{D6B84899-4AFC-4E6C-9C3F-005F21DF5A52}.AppStore|ARM.ActiveCfg = Debug|Any CPU
		{D6B84899-4AFC-4E6C-9C3F-005F21DF5A52}.AppStore|ARM.Build.0 = Debug|Any CPU
		{D6B84899-4AFC-4E6C-9C3F-005F21DF5A52}.AppStore|ARM64.ActiveCfg = Debug|Any CPU
		{D6B84899-4AFC-4E6C-9C3F-005F21DF5A52}.AppStore|ARM64.Build.0 = Debug|Any CPU
		{D6B84899-4AFC-4E6C-9C3F-005F21DF5A52}.AppStore|iPhone.ActiveCfg = Debug|Any CPU
		{D6B84899-4AFC-4E6C-9C3F-005F21DF5A52}.AppStore|iPhone.Build.0 = Debug|Any CPU
		{D6B84899-4AFC-4E6C-9C3F-005F21DF5A52}.AppStore|iPhoneSimulator.ActiveCfg = Release|Any CPU
		{D6B84899-4AFC-4E6C-9C3F-005F21DF5A52}.AppStore|iPhoneSimulator.Build.0 = Release|Any CPU
		{D6B84899-4AFC-4E6C-9C3F-005F21DF5A52}.AppStore|x64.ActiveCfg = Debug|Any CPU
		{D6B84899-4AFC-4E6C-9C3F-005F21DF5A52}.AppStore|x64.Build.0 = Debug|Any CPU
		{D6B84899-4AFC-4E6C-9C3F-005F21DF5A52}.AppStore|x86.ActiveCfg = Debug|Any CPU
		{D6B84899-4AFC-4E6C-9C3F-005F21DF5A52}.AppStore|x86.Build.0 = Debug|Any CPU
		{D6B84899-4AFC-4E6C-9C3F-005F21DF5A52}.Debug|Any CPU.ActiveCfg = Debug|Any CPU
		{D6B84899-4AFC-4E6C-9C3F-005F21DF5A52}.Debug|Any CPU.Build.0 = Debug|Any CPU
		{D6B84899-4AFC-4E6C-9C3F-005F21DF5A52}.Debug|ARM.ActiveCfg = Debug|Any CPU
		{D6B84899-4AFC-4E6C-9C3F-005F21DF5A52}.Debug|ARM.Build.0 = Debug|Any CPU
		{D6B84899-4AFC-4E6C-9C3F-005F21DF5A52}.Debug|ARM64.ActiveCfg = Debug|Any CPU
		{D6B84899-4AFC-4E6C-9C3F-005F21DF5A52}.Debug|ARM64.Build.0 = Debug|Any CPU
		{D6B84899-4AFC-4E6C-9C3F-005F21DF5A52}.Debug|iPhone.ActiveCfg = Debug|Any CPU
		{D6B84899-4AFC-4E6C-9C3F-005F21DF5A52}.Debug|iPhone.Build.0 = Debug|Any CPU
		{D6B84899-4AFC-4E6C-9C3F-005F21DF5A52}.Debug|iPhoneSimulator.ActiveCfg = Debug|Any CPU
		{D6B84899-4AFC-4E6C-9C3F-005F21DF5A52}.Debug|iPhoneSimulator.Build.0 = Debug|Any CPU
		{D6B84899-4AFC-4E6C-9C3F-005F21DF5A52}.Debug|x64.ActiveCfg = Debug|Any CPU
		{D6B84899-4AFC-4E6C-9C3F-005F21DF5A52}.Debug|x64.Build.0 = Debug|Any CPU
		{D6B84899-4AFC-4E6C-9C3F-005F21DF5A52}.Debug|x86.ActiveCfg = Debug|Any CPU
		{D6B84899-4AFC-4E6C-9C3F-005F21DF5A52}.Debug|x86.Build.0 = Debug|Any CPU
		{D6B84899-4AFC-4E6C-9C3F-005F21DF5A52}.Release|Any CPU.ActiveCfg = Release|Any CPU
		{D6B84899-4AFC-4E6C-9C3F-005F21DF5A52}.Release|Any CPU.Build.0 = Release|Any CPU
		{D6B84899-4AFC-4E6C-9C3F-005F21DF5A52}.Release|ARM.ActiveCfg = Release|Any CPU
		{D6B84899-4AFC-4E6C-9C3F-005F21DF5A52}.Release|ARM.Build.0 = Release|Any CPU
		{D6B84899-4AFC-4E6C-9C3F-005F21DF5A52}.Release|ARM64.ActiveCfg = Release|Any CPU
		{D6B84899-4AFC-4E6C-9C3F-005F21DF5A52}.Release|ARM64.Build.0 = Release|Any CPU
		{D6B84899-4AFC-4E6C-9C3F-005F21DF5A52}.Release|iPhone.ActiveCfg = Release|Any CPU
		{D6B84899-4AFC-4E6C-9C3F-005F21DF5A52}.Release|iPhone.Build.0 = Release|Any CPU
		{D6B84899-4AFC-4E6C-9C3F-005F21DF5A52}.Release|iPhoneSimulator.ActiveCfg = Release|Any CPU
		{D6B84899-4AFC-4E6C-9C3F-005F21DF5A52}.Release|iPhoneSimulator.Build.0 = Release|Any CPU
		{D6B84899-4AFC-4E6C-9C3F-005F21DF5A52}.Release|x64.ActiveCfg = Release|Any CPU
		{D6B84899-4AFC-4E6C-9C3F-005F21DF5A52}.Release|x64.Build.0 = Release|Any CPU
		{D6B84899-4AFC-4E6C-9C3F-005F21DF5A52}.Release|x86.ActiveCfg = Release|Any CPU
		{D6B84899-4AFC-4E6C-9C3F-005F21DF5A52}.Release|x86.Build.0 = Release|Any CPU
		{D6B84899-4AFC-4E6C-9C3F-005F21DF5A52}.Sample Release|Any CPU.ActiveCfg = Release|Any CPU
		{D6B84899-4AFC-4E6C-9C3F-005F21DF5A52}.Sample Release|Any CPU.Build.0 = Release|Any CPU
		{D6B84899-4AFC-4E6C-9C3F-005F21DF5A52}.Sample Release|ARM.ActiveCfg = Release|Any CPU
		{D6B84899-4AFC-4E6C-9C3F-005F21DF5A52}.Sample Release|ARM.Build.0 = Release|Any CPU
		{D6B84899-4AFC-4E6C-9C3F-005F21DF5A52}.Sample Release|ARM64.ActiveCfg = Release|Any CPU
		{D6B84899-4AFC-4E6C-9C3F-005F21DF5A52}.Sample Release|ARM64.Build.0 = Release|Any CPU
		{D6B84899-4AFC-4E6C-9C3F-005F21DF5A52}.Sample Release|iPhone.ActiveCfg = Release|Any CPU
		{D6B84899-4AFC-4E6C-9C3F-005F21DF5A52}.Sample Release|iPhone.Build.0 = Release|Any CPU
		{D6B84899-4AFC-4E6C-9C3F-005F21DF5A52}.Sample Release|iPhoneSimulator.ActiveCfg = Release|Any CPU
		{D6B84899-4AFC-4E6C-9C3F-005F21DF5A52}.Sample Release|iPhoneSimulator.Build.0 = Release|Any CPU
		{D6B84899-4AFC-4E6C-9C3F-005F21DF5A52}.Sample Release|x64.ActiveCfg = Release|Any CPU
		{D6B84899-4AFC-4E6C-9C3F-005F21DF5A52}.Sample Release|x64.Build.0 = Release|Any CPU
		{D6B84899-4AFC-4E6C-9C3F-005F21DF5A52}.Sample Release|x86.ActiveCfg = Release|Any CPU
		{D6B84899-4AFC-4E6C-9C3F-005F21DF5A52}.Sample Release|x86.Build.0 = Release|Any CPU
		{44FA03FD-7A52-41AD-9332-1B34FFDEE67B}.Ad-Hoc|Any CPU.ActiveCfg = Release|Any CPU
		{44FA03FD-7A52-41AD-9332-1B34FFDEE67B}.Ad-Hoc|Any CPU.Build.0 = Release|Any CPU
		{44FA03FD-7A52-41AD-9332-1B34FFDEE67B}.Ad-Hoc|ARM.ActiveCfg = Debug|Any CPU
		{44FA03FD-7A52-41AD-9332-1B34FFDEE67B}.Ad-Hoc|ARM.Build.0 = Debug|Any CPU
		{44FA03FD-7A52-41AD-9332-1B34FFDEE67B}.Ad-Hoc|ARM64.ActiveCfg = Debug|Any CPU
		{44FA03FD-7A52-41AD-9332-1B34FFDEE67B}.Ad-Hoc|ARM64.Build.0 = Debug|Any CPU
		{44FA03FD-7A52-41AD-9332-1B34FFDEE67B}.Ad-Hoc|iPhone.ActiveCfg = Release|Any CPU
		{44FA03FD-7A52-41AD-9332-1B34FFDEE67B}.Ad-Hoc|iPhone.Build.0 = Release|Any CPU
		{44FA03FD-7A52-41AD-9332-1B34FFDEE67B}.Ad-Hoc|iPhoneSimulator.ActiveCfg = Release|Any CPU
		{44FA03FD-7A52-41AD-9332-1B34FFDEE67B}.Ad-Hoc|iPhoneSimulator.Build.0 = Release|Any CPU
		{44FA03FD-7A52-41AD-9332-1B34FFDEE67B}.Ad-Hoc|x64.ActiveCfg = Debug|Any CPU
		{44FA03FD-7A52-41AD-9332-1B34FFDEE67B}.Ad-Hoc|x64.Build.0 = Debug|Any CPU
		{44FA03FD-7A52-41AD-9332-1B34FFDEE67B}.Ad-Hoc|x86.ActiveCfg = Debug|Any CPU
		{44FA03FD-7A52-41AD-9332-1B34FFDEE67B}.Ad-Hoc|x86.Build.0 = Debug|Any CPU
		{44FA03FD-7A52-41AD-9332-1B34FFDEE67B}.AppStore|Any CPU.ActiveCfg = Release|Any CPU
		{44FA03FD-7A52-41AD-9332-1B34FFDEE67B}.AppStore|Any CPU.Build.0 = Release|Any CPU
		{44FA03FD-7A52-41AD-9332-1B34FFDEE67B}.AppStore|ARM.ActiveCfg = Debug|Any CPU
		{44FA03FD-7A52-41AD-9332-1B34FFDEE67B}.AppStore|ARM.Build.0 = Debug|Any CPU
		{44FA03FD-7A52-41AD-9332-1B34FFDEE67B}.AppStore|ARM64.ActiveCfg = Debug|Any CPU
		{44FA03FD-7A52-41AD-9332-1B34FFDEE67B}.AppStore|ARM64.Build.0 = Debug|Any CPU
		{44FA03FD-7A52-41AD-9332-1B34FFDEE67B}.AppStore|iPhone.ActiveCfg = Release|Any CPU
		{44FA03FD-7A52-41AD-9332-1B34FFDEE67B}.AppStore|iPhone.Build.0 = Release|Any CPU
		{44FA03FD-7A52-41AD-9332-1B34FFDEE67B}.AppStore|iPhoneSimulator.ActiveCfg = Release|Any CPU
		{44FA03FD-7A52-41AD-9332-1B34FFDEE67B}.AppStore|iPhoneSimulator.Build.0 = Release|Any CPU
		{44FA03FD-7A52-41AD-9332-1B34FFDEE67B}.AppStore|x64.ActiveCfg = Debug|Any CPU
		{44FA03FD-7A52-41AD-9332-1B34FFDEE67B}.AppStore|x64.Build.0 = Debug|Any CPU
		{44FA03FD-7A52-41AD-9332-1B34FFDEE67B}.AppStore|x86.ActiveCfg = Debug|Any CPU
		{44FA03FD-7A52-41AD-9332-1B34FFDEE67B}.AppStore|x86.Build.0 = Debug|Any CPU
		{44FA03FD-7A52-41AD-9332-1B34FFDEE67B}.Debug|Any CPU.ActiveCfg = Debug|Any CPU
		{44FA03FD-7A52-41AD-9332-1B34FFDEE67B}.Debug|Any CPU.Build.0 = Debug|Any CPU
		{44FA03FD-7A52-41AD-9332-1B34FFDEE67B}.Debug|ARM.ActiveCfg = Debug|Any CPU
		{44FA03FD-7A52-41AD-9332-1B34FFDEE67B}.Debug|ARM.Build.0 = Debug|Any CPU
		{44FA03FD-7A52-41AD-9332-1B34FFDEE67B}.Debug|ARM64.ActiveCfg = Debug|Any CPU
		{44FA03FD-7A52-41AD-9332-1B34FFDEE67B}.Debug|ARM64.Build.0 = Debug|Any CPU
		{44FA03FD-7A52-41AD-9332-1B34FFDEE67B}.Debug|iPhone.ActiveCfg = Debug|Any CPU
		{44FA03FD-7A52-41AD-9332-1B34FFDEE67B}.Debug|iPhone.Build.0 = Debug|Any CPU
		{44FA03FD-7A52-41AD-9332-1B34FFDEE67B}.Debug|iPhoneSimulator.ActiveCfg = Debug|Any CPU
		{44FA03FD-7A52-41AD-9332-1B34FFDEE67B}.Debug|iPhoneSimulator.Build.0 = Debug|Any CPU
		{44FA03FD-7A52-41AD-9332-1B34FFDEE67B}.Debug|x64.ActiveCfg = Debug|Any CPU
		{44FA03FD-7A52-41AD-9332-1B34FFDEE67B}.Debug|x64.Build.0 = Debug|Any CPU
		{44FA03FD-7A52-41AD-9332-1B34FFDEE67B}.Debug|x86.ActiveCfg = Debug|Any CPU
		{44FA03FD-7A52-41AD-9332-1B34FFDEE67B}.Debug|x86.Build.0 = Debug|Any CPU
		{44FA03FD-7A52-41AD-9332-1B34FFDEE67B}.Release|Any CPU.ActiveCfg = Release|Any CPU
		{44FA03FD-7A52-41AD-9332-1B34FFDEE67B}.Release|ARM.ActiveCfg = Release|Any CPU
		{44FA03FD-7A52-41AD-9332-1B34FFDEE67B}.Release|ARM.Build.0 = Release|Any CPU
		{44FA03FD-7A52-41AD-9332-1B34FFDEE67B}.Release|ARM64.ActiveCfg = Release|Any CPU
		{44FA03FD-7A52-41AD-9332-1B34FFDEE67B}.Release|ARM64.Build.0 = Release|Any CPU
		{44FA03FD-7A52-41AD-9332-1B34FFDEE67B}.Release|iPhone.ActiveCfg = Release|Any CPU
		{44FA03FD-7A52-41AD-9332-1B34FFDEE67B}.Release|iPhone.Build.0 = Release|Any CPU
		{44FA03FD-7A52-41AD-9332-1B34FFDEE67B}.Release|iPhoneSimulator.ActiveCfg = Release|Any CPU
		{44FA03FD-7A52-41AD-9332-1B34FFDEE67B}.Release|iPhoneSimulator.Build.0 = Release|Any CPU
		{44FA03FD-7A52-41AD-9332-1B34FFDEE67B}.Release|x64.ActiveCfg = Release|Any CPU
		{44FA03FD-7A52-41AD-9332-1B34FFDEE67B}.Release|x64.Build.0 = Release|Any CPU
		{44FA03FD-7A52-41AD-9332-1B34FFDEE67B}.Release|x86.ActiveCfg = Release|Any CPU
		{44FA03FD-7A52-41AD-9332-1B34FFDEE67B}.Release|x86.Build.0 = Release|Any CPU
		{44FA03FD-7A52-41AD-9332-1B34FFDEE67B}.Sample Release|Any CPU.ActiveCfg = Release|Any CPU
		{44FA03FD-7A52-41AD-9332-1B34FFDEE67B}.Sample Release|Any CPU.Build.0 = Release|Any CPU
		{44FA03FD-7A52-41AD-9332-1B34FFDEE67B}.Sample Release|ARM.ActiveCfg = Release|Any CPU
		{44FA03FD-7A52-41AD-9332-1B34FFDEE67B}.Sample Release|ARM.Build.0 = Release|Any CPU
		{44FA03FD-7A52-41AD-9332-1B34FFDEE67B}.Sample Release|ARM64.ActiveCfg = Release|Any CPU
		{44FA03FD-7A52-41AD-9332-1B34FFDEE67B}.Sample Release|ARM64.Build.0 = Release|Any CPU
		{44FA03FD-7A52-41AD-9332-1B34FFDEE67B}.Sample Release|iPhone.ActiveCfg = Release|Any CPU
		{44FA03FD-7A52-41AD-9332-1B34FFDEE67B}.Sample Release|iPhone.Build.0 = Release|Any CPU
		{44FA03FD-7A52-41AD-9332-1B34FFDEE67B}.Sample Release|iPhoneSimulator.ActiveCfg = Release|Any CPU
		{44FA03FD-7A52-41AD-9332-1B34FFDEE67B}.Sample Release|iPhoneSimulator.Build.0 = Release|Any CPU
		{44FA03FD-7A52-41AD-9332-1B34FFDEE67B}.Sample Release|x64.ActiveCfg = Release|Any CPU
		{44FA03FD-7A52-41AD-9332-1B34FFDEE67B}.Sample Release|x64.Build.0 = Release|Any CPU
		{44FA03FD-7A52-41AD-9332-1B34FFDEE67B}.Sample Release|x86.ActiveCfg = Release|Any CPU
		{44FA03FD-7A52-41AD-9332-1B34FFDEE67B}.Sample Release|x86.Build.0 = Release|Any CPU
		{A5BBADB1-F348-49CD-8264-59B5BE8E9F17}.Ad-Hoc|Any CPU.ActiveCfg = Ad-Hoc|iPhone
		{A5BBADB1-F348-49CD-8264-59B5BE8E9F17}.Ad-Hoc|Any CPU.Build.0 = Ad-Hoc|iPhone
		{A5BBADB1-F348-49CD-8264-59B5BE8E9F17}.Ad-Hoc|ARM.ActiveCfg = Ad-Hoc|Any CPU
		{A5BBADB1-F348-49CD-8264-59B5BE8E9F17}.Ad-Hoc|ARM.Build.0 = Ad-Hoc|Any CPU
		{A5BBADB1-F348-49CD-8264-59B5BE8E9F17}.Ad-Hoc|ARM64.ActiveCfg = Ad-Hoc|Any CPU
		{A5BBADB1-F348-49CD-8264-59B5BE8E9F17}.Ad-Hoc|ARM64.Build.0 = Ad-Hoc|Any CPU
		{A5BBADB1-F348-49CD-8264-59B5BE8E9F17}.Ad-Hoc|iPhone.ActiveCfg = Ad-Hoc|iPhone
		{A5BBADB1-F348-49CD-8264-59B5BE8E9F17}.Ad-Hoc|iPhone.Build.0 = Ad-Hoc|iPhone
		{A5BBADB1-F348-49CD-8264-59B5BE8E9F17}.Ad-Hoc|iPhoneSimulator.ActiveCfg = Debug|iPhoneSimulator
		{A5BBADB1-F348-49CD-8264-59B5BE8E9F17}.Ad-Hoc|iPhoneSimulator.Build.0 = Debug|iPhoneSimulator
		{A5BBADB1-F348-49CD-8264-59B5BE8E9F17}.Ad-Hoc|x64.ActiveCfg = Ad-Hoc|Any CPU
		{A5BBADB1-F348-49CD-8264-59B5BE8E9F17}.Ad-Hoc|x64.Build.0 = Ad-Hoc|Any CPU
		{A5BBADB1-F348-49CD-8264-59B5BE8E9F17}.Ad-Hoc|x86.ActiveCfg = Ad-Hoc|Any CPU
		{A5BBADB1-F348-49CD-8264-59B5BE8E9F17}.Ad-Hoc|x86.Build.0 = Ad-Hoc|Any CPU
		{A5BBADB1-F348-49CD-8264-59B5BE8E9F17}.AppStore|Any CPU.ActiveCfg = AppStore|iPhone
		{A5BBADB1-F348-49CD-8264-59B5BE8E9F17}.AppStore|Any CPU.Build.0 = AppStore|iPhone
		{A5BBADB1-F348-49CD-8264-59B5BE8E9F17}.AppStore|ARM.ActiveCfg = AppStore|Any CPU
		{A5BBADB1-F348-49CD-8264-59B5BE8E9F17}.AppStore|ARM.Build.0 = AppStore|Any CPU
		{A5BBADB1-F348-49CD-8264-59B5BE8E9F17}.AppStore|ARM64.ActiveCfg = AppStore|Any CPU
		{A5BBADB1-F348-49CD-8264-59B5BE8E9F17}.AppStore|ARM64.Build.0 = AppStore|Any CPU
		{A5BBADB1-F348-49CD-8264-59B5BE8E9F17}.AppStore|iPhone.ActiveCfg = AppStore|iPhone
		{A5BBADB1-F348-49CD-8264-59B5BE8E9F17}.AppStore|iPhone.Build.0 = AppStore|iPhone
		{A5BBADB1-F348-49CD-8264-59B5BE8E9F17}.AppStore|iPhoneSimulator.ActiveCfg = Debug|iPhoneSimulator
		{A5BBADB1-F348-49CD-8264-59B5BE8E9F17}.AppStore|iPhoneSimulator.Build.0 = Debug|iPhoneSimulator
		{A5BBADB1-F348-49CD-8264-59B5BE8E9F17}.AppStore|x64.ActiveCfg = AppStore|Any CPU
		{A5BBADB1-F348-49CD-8264-59B5BE8E9F17}.AppStore|x64.Build.0 = AppStore|Any CPU
		{A5BBADB1-F348-49CD-8264-59B5BE8E9F17}.AppStore|x86.ActiveCfg = AppStore|Any CPU
		{A5BBADB1-F348-49CD-8264-59B5BE8E9F17}.AppStore|x86.Build.0 = AppStore|Any CPU
		{A5BBADB1-F348-49CD-8264-59B5BE8E9F17}.Debug|Any CPU.ActiveCfg = Debug|iPhoneSimulator
		{A5BBADB1-F348-49CD-8264-59B5BE8E9F17}.Debug|Any CPU.Build.0 = Debug|iPhoneSimulator
		{A5BBADB1-F348-49CD-8264-59B5BE8E9F17}.Debug|ARM.ActiveCfg = Debug|Any CPU
		{A5BBADB1-F348-49CD-8264-59B5BE8E9F17}.Debug|ARM.Build.0 = Debug|Any CPU
		{A5BBADB1-F348-49CD-8264-59B5BE8E9F17}.Debug|ARM64.ActiveCfg = Debug|Any CPU
		{A5BBADB1-F348-49CD-8264-59B5BE8E9F17}.Debug|ARM64.Build.0 = Debug|Any CPU
		{A5BBADB1-F348-49CD-8264-59B5BE8E9F17}.Debug|iPhone.ActiveCfg = Debug|iPhone
		{A5BBADB1-F348-49CD-8264-59B5BE8E9F17}.Debug|iPhone.Build.0 = Debug|iPhone
		{A5BBADB1-F348-49CD-8264-59B5BE8E9F17}.Debug|iPhoneSimulator.ActiveCfg = Debug|iPhoneSimulator
		{A5BBADB1-F348-49CD-8264-59B5BE8E9F17}.Debug|iPhoneSimulator.Build.0 = Debug|iPhoneSimulator
		{A5BBADB1-F348-49CD-8264-59B5BE8E9F17}.Debug|x64.ActiveCfg = Debug|Any CPU
		{A5BBADB1-F348-49CD-8264-59B5BE8E9F17}.Debug|x64.Build.0 = Debug|Any CPU
		{A5BBADB1-F348-49CD-8264-59B5BE8E9F17}.Debug|x86.ActiveCfg = Debug|Any CPU
		{A5BBADB1-F348-49CD-8264-59B5BE8E9F17}.Debug|x86.Build.0 = Debug|Any CPU
		{A5BBADB1-F348-49CD-8264-59B5BE8E9F17}.Release|Any CPU.ActiveCfg = Release|iPhoneSimulator
		{A5BBADB1-F348-49CD-8264-59B5BE8E9F17}.Release|ARM.ActiveCfg = Release|Any CPU
		{A5BBADB1-F348-49CD-8264-59B5BE8E9F17}.Release|ARM.Build.0 = Release|Any CPU
		{A5BBADB1-F348-49CD-8264-59B5BE8E9F17}.Release|ARM64.ActiveCfg = Release|Any CPU
		{A5BBADB1-F348-49CD-8264-59B5BE8E9F17}.Release|ARM64.Build.0 = Release|Any CPU
		{A5BBADB1-F348-49CD-8264-59B5BE8E9F17}.Release|iPhone.ActiveCfg = Release|iPhone
		{A5BBADB1-F348-49CD-8264-59B5BE8E9F17}.Release|iPhone.Build.0 = Release|iPhone
		{A5BBADB1-F348-49CD-8264-59B5BE8E9F17}.Release|iPhoneSimulator.ActiveCfg = Release|iPhoneSimulator
		{A5BBADB1-F348-49CD-8264-59B5BE8E9F17}.Release|iPhoneSimulator.Build.0 = Release|iPhoneSimulator
		{A5BBADB1-F348-49CD-8264-59B5BE8E9F17}.Release|x64.ActiveCfg = Release|Any CPU
		{A5BBADB1-F348-49CD-8264-59B5BE8E9F17}.Release|x64.Build.0 = Release|Any CPU
		{A5BBADB1-F348-49CD-8264-59B5BE8E9F17}.Release|x86.ActiveCfg = Release|Any CPU
		{A5BBADB1-F348-49CD-8264-59B5BE8E9F17}.Release|x86.Build.0 = Release|Any CPU
		{A5BBADB1-F348-49CD-8264-59B5BE8E9F17}.Sample Release|Any CPU.ActiveCfg = Sample Release|Any CPU
		{A5BBADB1-F348-49CD-8264-59B5BE8E9F17}.Sample Release|Any CPU.Build.0 = Sample Release|Any CPU
		{A5BBADB1-F348-49CD-8264-59B5BE8E9F17}.Sample Release|ARM.ActiveCfg = Sample Release|Any CPU
		{A5BBADB1-F348-49CD-8264-59B5BE8E9F17}.Sample Release|ARM.Build.0 = Sample Release|Any CPU
		{A5BBADB1-F348-49CD-8264-59B5BE8E9F17}.Sample Release|ARM64.ActiveCfg = Sample Release|Any CPU
		{A5BBADB1-F348-49CD-8264-59B5BE8E9F17}.Sample Release|ARM64.Build.0 = Sample Release|Any CPU
		{A5BBADB1-F348-49CD-8264-59B5BE8E9F17}.Sample Release|iPhone.ActiveCfg = Sample Release|iPhone
		{A5BBADB1-F348-49CD-8264-59B5BE8E9F17}.Sample Release|iPhone.Build.0 = Sample Release|iPhone
		{A5BBADB1-F348-49CD-8264-59B5BE8E9F17}.Sample Release|iPhoneSimulator.ActiveCfg = Sample Release|iPhoneSimulator
		{A5BBADB1-F348-49CD-8264-59B5BE8E9F17}.Sample Release|iPhoneSimulator.Build.0 = Sample Release|iPhoneSimulator
		{A5BBADB1-F348-49CD-8264-59B5BE8E9F17}.Sample Release|x64.ActiveCfg = Sample Release|Any CPU
		{A5BBADB1-F348-49CD-8264-59B5BE8E9F17}.Sample Release|x64.Build.0 = Sample Release|Any CPU
		{A5BBADB1-F348-49CD-8264-59B5BE8E9F17}.Sample Release|x86.ActiveCfg = Sample Release|Any CPU
		{A5BBADB1-F348-49CD-8264-59B5BE8E9F17}.Sample Release|x86.Build.0 = Sample Release|Any CPU
		{4A684BB2-2CB4-4B04-8541-FF0FA677DD49}.Ad-Hoc|Any CPU.ActiveCfg = Release|Any CPU
		{4A684BB2-2CB4-4B04-8541-FF0FA677DD49}.Ad-Hoc|Any CPU.Build.0 = Release|Any CPU
		{4A684BB2-2CB4-4B04-8541-FF0FA677DD49}.Ad-Hoc|ARM.ActiveCfg = Sample Release|Any CPU
		{4A684BB2-2CB4-4B04-8541-FF0FA677DD49}.Ad-Hoc|ARM.Build.0 = Sample Release|Any CPU
		{4A684BB2-2CB4-4B04-8541-FF0FA677DD49}.Ad-Hoc|ARM.Deploy.0 = Sample Release|Any CPU
		{4A684BB2-2CB4-4B04-8541-FF0FA677DD49}.Ad-Hoc|ARM64.ActiveCfg = Sample Release|Any CPU
		{4A684BB2-2CB4-4B04-8541-FF0FA677DD49}.Ad-Hoc|ARM64.Build.0 = Sample Release|Any CPU
		{4A684BB2-2CB4-4B04-8541-FF0FA677DD49}.Ad-Hoc|ARM64.Deploy.0 = Sample Release|Any CPU
		{4A684BB2-2CB4-4B04-8541-FF0FA677DD49}.Ad-Hoc|iPhone.ActiveCfg = Release|Any CPU
		{4A684BB2-2CB4-4B04-8541-FF0FA677DD49}.Ad-Hoc|iPhone.Build.0 = Release|Any CPU
		{4A684BB2-2CB4-4B04-8541-FF0FA677DD49}.Ad-Hoc|iPhoneSimulator.ActiveCfg = Debug|Any CPU
		{4A684BB2-2CB4-4B04-8541-FF0FA677DD49}.Ad-Hoc|iPhoneSimulator.Build.0 = Debug|Any CPU
		{4A684BB2-2CB4-4B04-8541-FF0FA677DD49}.Ad-Hoc|x64.ActiveCfg = Sample Release|Any CPU
		{4A684BB2-2CB4-4B04-8541-FF0FA677DD49}.Ad-Hoc|x64.Build.0 = Sample Release|Any CPU
		{4A684BB2-2CB4-4B04-8541-FF0FA677DD49}.Ad-Hoc|x64.Deploy.0 = Sample Release|Any CPU
		{4A684BB2-2CB4-4B04-8541-FF0FA677DD49}.Ad-Hoc|x86.ActiveCfg = Sample Release|Any CPU
		{4A684BB2-2CB4-4B04-8541-FF0FA677DD49}.Ad-Hoc|x86.Build.0 = Sample Release|Any CPU
		{4A684BB2-2CB4-4B04-8541-FF0FA677DD49}.Ad-Hoc|x86.Deploy.0 = Sample Release|Any CPU
		{4A684BB2-2CB4-4B04-8541-FF0FA677DD49}.AppStore|Any CPU.ActiveCfg = Release|Any CPU
		{4A684BB2-2CB4-4B04-8541-FF0FA677DD49}.AppStore|Any CPU.Build.0 = Release|Any CPU
		{4A684BB2-2CB4-4B04-8541-FF0FA677DD49}.AppStore|ARM.ActiveCfg = Sample Release|Any CPU
		{4A684BB2-2CB4-4B04-8541-FF0FA677DD49}.AppStore|ARM.Build.0 = Sample Release|Any CPU
		{4A684BB2-2CB4-4B04-8541-FF0FA677DD49}.AppStore|ARM.Deploy.0 = Sample Release|Any CPU
		{4A684BB2-2CB4-4B04-8541-FF0FA677DD49}.AppStore|ARM64.ActiveCfg = Sample Release|Any CPU
		{4A684BB2-2CB4-4B04-8541-FF0FA677DD49}.AppStore|ARM64.Build.0 = Sample Release|Any CPU
		{4A684BB2-2CB4-4B04-8541-FF0FA677DD49}.AppStore|ARM64.Deploy.0 = Sample Release|Any CPU
		{4A684BB2-2CB4-4B04-8541-FF0FA677DD49}.AppStore|iPhone.ActiveCfg = Release|Any CPU
		{4A684BB2-2CB4-4B04-8541-FF0FA677DD49}.AppStore|iPhone.Build.0 = Release|Any CPU
		{4A684BB2-2CB4-4B04-8541-FF0FA677DD49}.AppStore|iPhoneSimulator.ActiveCfg = Debug|Any CPU
		{4A684BB2-2CB4-4B04-8541-FF0FA677DD49}.AppStore|iPhoneSimulator.Build.0 = Debug|Any CPU
		{4A684BB2-2CB4-4B04-8541-FF0FA677DD49}.AppStore|x64.ActiveCfg = Sample Release|Any CPU
		{4A684BB2-2CB4-4B04-8541-FF0FA677DD49}.AppStore|x64.Build.0 = Sample Release|Any CPU
		{4A684BB2-2CB4-4B04-8541-FF0FA677DD49}.AppStore|x64.Deploy.0 = Sample Release|Any CPU
		{4A684BB2-2CB4-4B04-8541-FF0FA677DD49}.AppStore|x86.ActiveCfg = Sample Release|Any CPU
		{4A684BB2-2CB4-4B04-8541-FF0FA677DD49}.AppStore|x86.Build.0 = Sample Release|Any CPU
		{4A684BB2-2CB4-4B04-8541-FF0FA677DD49}.AppStore|x86.Deploy.0 = Sample Release|Any CPU
		{4A684BB2-2CB4-4B04-8541-FF0FA677DD49}.Debug|Any CPU.ActiveCfg = Debug|Any CPU
		{4A684BB2-2CB4-4B04-8541-FF0FA677DD49}.Debug|Any CPU.Build.0 = Debug|Any CPU
		{4A684BB2-2CB4-4B04-8541-FF0FA677DD49}.Debug|Any CPU.Deploy.0 = Debug|Any CPU
		{4A684BB2-2CB4-4B04-8541-FF0FA677DD49}.Debug|ARM.ActiveCfg = Debug|Any CPU
		{4A684BB2-2CB4-4B04-8541-FF0FA677DD49}.Debug|ARM.Build.0 = Debug|Any CPU
		{4A684BB2-2CB4-4B04-8541-FF0FA677DD49}.Debug|ARM.Deploy.0 = Debug|Any CPU
		{4A684BB2-2CB4-4B04-8541-FF0FA677DD49}.Debug|ARM64.ActiveCfg = Debug|Any CPU
		{4A684BB2-2CB4-4B04-8541-FF0FA677DD49}.Debug|ARM64.Build.0 = Debug|Any CPU
		{4A684BB2-2CB4-4B04-8541-FF0FA677DD49}.Debug|ARM64.Deploy.0 = Debug|Any CPU
		{4A684BB2-2CB4-4B04-8541-FF0FA677DD49}.Debug|iPhone.ActiveCfg = Debug|Any CPU
		{4A684BB2-2CB4-4B04-8541-FF0FA677DD49}.Debug|iPhone.Build.0 = Debug|Any CPU
		{4A684BB2-2CB4-4B04-8541-FF0FA677DD49}.Debug|iPhoneSimulator.ActiveCfg = Debug|Any CPU
		{4A684BB2-2CB4-4B04-8541-FF0FA677DD49}.Debug|iPhoneSimulator.Build.0 = Debug|Any CPU
		{4A684BB2-2CB4-4B04-8541-FF0FA677DD49}.Debug|x64.ActiveCfg = Debug|Any CPU
		{4A684BB2-2CB4-4B04-8541-FF0FA677DD49}.Debug|x64.Build.0 = Debug|Any CPU
		{4A684BB2-2CB4-4B04-8541-FF0FA677DD49}.Debug|x64.Deploy.0 = Debug|Any CPU
		{4A684BB2-2CB4-4B04-8541-FF0FA677DD49}.Debug|x86.ActiveCfg = Debug|Any CPU
		{4A684BB2-2CB4-4B04-8541-FF0FA677DD49}.Debug|x86.Build.0 = Debug|Any CPU
		{4A684BB2-2CB4-4B04-8541-FF0FA677DD49}.Debug|x86.Deploy.0 = Debug|Any CPU
		{4A684BB2-2CB4-4B04-8541-FF0FA677DD49}.Release|Any CPU.ActiveCfg = Release|Any CPU
		{4A684BB2-2CB4-4B04-8541-FF0FA677DD49}.Release|ARM.ActiveCfg = Release|Any CPU
		{4A684BB2-2CB4-4B04-8541-FF0FA677DD49}.Release|ARM.Build.0 = Release|Any CPU
		{4A684BB2-2CB4-4B04-8541-FF0FA677DD49}.Release|ARM.Deploy.0 = Release|Any CPU
		{4A684BB2-2CB4-4B04-8541-FF0FA677DD49}.Release|ARM64.ActiveCfg = Release|Any CPU
		{4A684BB2-2CB4-4B04-8541-FF0FA677DD49}.Release|ARM64.Build.0 = Release|Any CPU
		{4A684BB2-2CB4-4B04-8541-FF0FA677DD49}.Release|ARM64.Deploy.0 = Release|Any CPU
		{4A684BB2-2CB4-4B04-8541-FF0FA677DD49}.Release|iPhone.ActiveCfg = Release|Any CPU
		{4A684BB2-2CB4-4B04-8541-FF0FA677DD49}.Release|iPhone.Build.0 = Release|Any CPU
		{4A684BB2-2CB4-4B04-8541-FF0FA677DD49}.Release|iPhoneSimulator.ActiveCfg = Release|Any CPU
		{4A684BB2-2CB4-4B04-8541-FF0FA677DD49}.Release|iPhoneSimulator.Build.0 = Release|Any CPU
		{4A684BB2-2CB4-4B04-8541-FF0FA677DD49}.Release|x64.ActiveCfg = Release|Any CPU
		{4A684BB2-2CB4-4B04-8541-FF0FA677DD49}.Release|x64.Build.0 = Release|Any CPU
		{4A684BB2-2CB4-4B04-8541-FF0FA677DD49}.Release|x64.Deploy.0 = Release|Any CPU
		{4A684BB2-2CB4-4B04-8541-FF0FA677DD49}.Release|x86.ActiveCfg = Release|Any CPU
		{4A684BB2-2CB4-4B04-8541-FF0FA677DD49}.Release|x86.Build.0 = Release|Any CPU
		{4A684BB2-2CB4-4B04-8541-FF0FA677DD49}.Release|x86.Deploy.0 = Release|Any CPU
		{4A684BB2-2CB4-4B04-8541-FF0FA677DD49}.Sample Release|Any CPU.ActiveCfg = Sample Release|Any CPU
		{4A684BB2-2CB4-4B04-8541-FF0FA677DD49}.Sample Release|Any CPU.Build.0 = Sample Release|Any CPU
		{4A684BB2-2CB4-4B04-8541-FF0FA677DD49}.Sample Release|ARM.ActiveCfg = Sample Release|Any CPU
		{4A684BB2-2CB4-4B04-8541-FF0FA677DD49}.Sample Release|ARM.Build.0 = Sample Release|Any CPU
		{4A684BB2-2CB4-4B04-8541-FF0FA677DD49}.Sample Release|ARM.Deploy.0 = Sample Release|Any CPU
		{4A684BB2-2CB4-4B04-8541-FF0FA677DD49}.Sample Release|ARM64.ActiveCfg = Sample Release|Any CPU
		{4A684BB2-2CB4-4B04-8541-FF0FA677DD49}.Sample Release|ARM64.Build.0 = Sample Release|Any CPU
		{4A684BB2-2CB4-4B04-8541-FF0FA677DD49}.Sample Release|ARM64.Deploy.0 = Sample Release|Any CPU
		{4A684BB2-2CB4-4B04-8541-FF0FA677DD49}.Sample Release|iPhone.ActiveCfg = Sample Release|Any CPU
		{4A684BB2-2CB4-4B04-8541-FF0FA677DD49}.Sample Release|iPhone.Build.0 = Sample Release|Any CPU
		{4A684BB2-2CB4-4B04-8541-FF0FA677DD49}.Sample Release|iPhone.Deploy.0 = Sample Release|Any CPU
		{4A684BB2-2CB4-4B04-8541-FF0FA677DD49}.Sample Release|iPhoneSimulator.ActiveCfg = Sample Release|Any CPU
		{4A684BB2-2CB4-4B04-8541-FF0FA677DD49}.Sample Release|iPhoneSimulator.Build.0 = Sample Release|Any CPU
		{4A684BB2-2CB4-4B04-8541-FF0FA677DD49}.Sample Release|iPhoneSimulator.Deploy.0 = Sample Release|Any CPU
		{4A684BB2-2CB4-4B04-8541-FF0FA677DD49}.Sample Release|x64.ActiveCfg = Sample Release|Any CPU
		{4A684BB2-2CB4-4B04-8541-FF0FA677DD49}.Sample Release|x64.Build.0 = Sample Release|Any CPU
		{4A684BB2-2CB4-4B04-8541-FF0FA677DD49}.Sample Release|x64.Deploy.0 = Sample Release|Any CPU
		{4A684BB2-2CB4-4B04-8541-FF0FA677DD49}.Sample Release|x86.ActiveCfg = Sample Release|Any CPU
		{4A684BB2-2CB4-4B04-8541-FF0FA677DD49}.Sample Release|x86.Build.0 = Sample Release|Any CPU
		{4A684BB2-2CB4-4B04-8541-FF0FA677DD49}.Sample Release|x86.Deploy.0 = Sample Release|Any CPU
		{DA6A30AC-CCA5-40BA-94A1-93E142E06515}.Ad-Hoc|Any CPU.ActiveCfg = Debug|Any CPU
		{DA6A30AC-CCA5-40BA-94A1-93E142E06515}.Ad-Hoc|Any CPU.Build.0 = Debug|Any CPU
		{DA6A30AC-CCA5-40BA-94A1-93E142E06515}.Ad-Hoc|ARM.ActiveCfg = Release|Any CPU
		{DA6A30AC-CCA5-40BA-94A1-93E142E06515}.Ad-Hoc|ARM.Build.0 = Release|Any CPU
		{DA6A30AC-CCA5-40BA-94A1-93E142E06515}.Ad-Hoc|ARM64.ActiveCfg = Release|Any CPU
		{DA6A30AC-CCA5-40BA-94A1-93E142E06515}.Ad-Hoc|ARM64.Build.0 = Release|Any CPU
		{DA6A30AC-CCA5-40BA-94A1-93E142E06515}.Ad-Hoc|iPhone.ActiveCfg = Debug|Any CPU
		{DA6A30AC-CCA5-40BA-94A1-93E142E06515}.Ad-Hoc|iPhone.Build.0 = Debug|Any CPU
		{DA6A30AC-CCA5-40BA-94A1-93E142E06515}.Ad-Hoc|iPhoneSimulator.ActiveCfg = Debug|Any CPU
		{DA6A30AC-CCA5-40BA-94A1-93E142E06515}.Ad-Hoc|iPhoneSimulator.Build.0 = Debug|Any CPU
		{DA6A30AC-CCA5-40BA-94A1-93E142E06515}.Ad-Hoc|x64.ActiveCfg = Release|Any CPU
		{DA6A30AC-CCA5-40BA-94A1-93E142E06515}.Ad-Hoc|x64.Build.0 = Release|Any CPU
		{DA6A30AC-CCA5-40BA-94A1-93E142E06515}.Ad-Hoc|x86.ActiveCfg = Release|Any CPU
		{DA6A30AC-CCA5-40BA-94A1-93E142E06515}.Ad-Hoc|x86.Build.0 = Release|Any CPU
		{DA6A30AC-CCA5-40BA-94A1-93E142E06515}.AppStore|Any CPU.ActiveCfg = Debug|Any CPU
		{DA6A30AC-CCA5-40BA-94A1-93E142E06515}.AppStore|Any CPU.Build.0 = Debug|Any CPU
		{DA6A30AC-CCA5-40BA-94A1-93E142E06515}.AppStore|ARM.ActiveCfg = Release|Any CPU
		{DA6A30AC-CCA5-40BA-94A1-93E142E06515}.AppStore|ARM.Build.0 = Release|Any CPU
		{DA6A30AC-CCA5-40BA-94A1-93E142E06515}.AppStore|ARM64.ActiveCfg = Release|Any CPU
		{DA6A30AC-CCA5-40BA-94A1-93E142E06515}.AppStore|ARM64.Build.0 = Release|Any CPU
		{DA6A30AC-CCA5-40BA-94A1-93E142E06515}.AppStore|iPhone.ActiveCfg = Debug|Any CPU
		{DA6A30AC-CCA5-40BA-94A1-93E142E06515}.AppStore|iPhone.Build.0 = Debug|Any CPU
		{DA6A30AC-CCA5-40BA-94A1-93E142E06515}.AppStore|iPhoneSimulator.ActiveCfg = Debug|Any CPU
		{DA6A30AC-CCA5-40BA-94A1-93E142E06515}.AppStore|iPhoneSimulator.Build.0 = Debug|Any CPU
		{DA6A30AC-CCA5-40BA-94A1-93E142E06515}.AppStore|x64.ActiveCfg = Release|Any CPU
		{DA6A30AC-CCA5-40BA-94A1-93E142E06515}.AppStore|x64.Build.0 = Release|Any CPU
		{DA6A30AC-CCA5-40BA-94A1-93E142E06515}.AppStore|x86.ActiveCfg = Release|Any CPU
		{DA6A30AC-CCA5-40BA-94A1-93E142E06515}.AppStore|x86.Build.0 = Release|Any CPU
		{DA6A30AC-CCA5-40BA-94A1-93E142E06515}.Debug|Any CPU.ActiveCfg = Debug|Any CPU
		{DA6A30AC-CCA5-40BA-94A1-93E142E06515}.Debug|Any CPU.Build.0 = Debug|Any CPU
		{DA6A30AC-CCA5-40BA-94A1-93E142E06515}.Debug|ARM.ActiveCfg = Debug|Any CPU
		{DA6A30AC-CCA5-40BA-94A1-93E142E06515}.Debug|ARM.Build.0 = Debug|Any CPU
		{DA6A30AC-CCA5-40BA-94A1-93E142E06515}.Debug|ARM64.ActiveCfg = Debug|Any CPU
		{DA6A30AC-CCA5-40BA-94A1-93E142E06515}.Debug|ARM64.Build.0 = Debug|Any CPU
		{DA6A30AC-CCA5-40BA-94A1-93E142E06515}.Debug|iPhone.ActiveCfg = Debug|Any CPU
		{DA6A30AC-CCA5-40BA-94A1-93E142E06515}.Debug|iPhone.Build.0 = Debug|Any CPU
		{DA6A30AC-CCA5-40BA-94A1-93E142E06515}.Debug|iPhoneSimulator.ActiveCfg = Debug|Any CPU
		{DA6A30AC-CCA5-40BA-94A1-93E142E06515}.Debug|iPhoneSimulator.Build.0 = Debug|Any CPU
		{DA6A30AC-CCA5-40BA-94A1-93E142E06515}.Debug|x64.ActiveCfg = Debug|Any CPU
		{DA6A30AC-CCA5-40BA-94A1-93E142E06515}.Debug|x64.Build.0 = Debug|Any CPU
		{DA6A30AC-CCA5-40BA-94A1-93E142E06515}.Debug|x86.ActiveCfg = Debug|Any CPU
		{DA6A30AC-CCA5-40BA-94A1-93E142E06515}.Debug|x86.Build.0 = Debug|Any CPU
		{DA6A30AC-CCA5-40BA-94A1-93E142E06515}.Release|Any CPU.ActiveCfg = Release|Any CPU
		{DA6A30AC-CCA5-40BA-94A1-93E142E06515}.Release|Any CPU.Build.0 = Release|Any CPU
		{DA6A30AC-CCA5-40BA-94A1-93E142E06515}.Release|ARM.ActiveCfg = Release|Any CPU
		{DA6A30AC-CCA5-40BA-94A1-93E142E06515}.Release|ARM.Build.0 = Release|Any CPU
		{DA6A30AC-CCA5-40BA-94A1-93E142E06515}.Release|ARM64.ActiveCfg = Release|Any CPU
		{DA6A30AC-CCA5-40BA-94A1-93E142E06515}.Release|ARM64.Build.0 = Release|Any CPU
		{DA6A30AC-CCA5-40BA-94A1-93E142E06515}.Release|iPhone.ActiveCfg = Release|Any CPU
		{DA6A30AC-CCA5-40BA-94A1-93E142E06515}.Release|iPhone.Build.0 = Release|Any CPU
		{DA6A30AC-CCA5-40BA-94A1-93E142E06515}.Release|iPhoneSimulator.ActiveCfg = Release|Any CPU
		{DA6A30AC-CCA5-40BA-94A1-93E142E06515}.Release|iPhoneSimulator.Build.0 = Release|Any CPU
		{DA6A30AC-CCA5-40BA-94A1-93E142E06515}.Release|x64.ActiveCfg = Release|Any CPU
		{DA6A30AC-CCA5-40BA-94A1-93E142E06515}.Release|x64.Build.0 = Release|Any CPU
		{DA6A30AC-CCA5-40BA-94A1-93E142E06515}.Release|x86.ActiveCfg = Release|Any CPU
		{DA6A30AC-CCA5-40BA-94A1-93E142E06515}.Release|x86.Build.0 = Release|Any CPU
		{DA6A30AC-CCA5-40BA-94A1-93E142E06515}.Sample Release|Any CPU.ActiveCfg = Release|Any CPU
		{DA6A30AC-CCA5-40BA-94A1-93E142E06515}.Sample Release|Any CPU.Build.0 = Release|Any CPU
		{DA6A30AC-CCA5-40BA-94A1-93E142E06515}.Sample Release|ARM.ActiveCfg = Release|Any CPU
		{DA6A30AC-CCA5-40BA-94A1-93E142E06515}.Sample Release|ARM.Build.0 = Release|Any CPU
		{DA6A30AC-CCA5-40BA-94A1-93E142E06515}.Sample Release|ARM64.ActiveCfg = Release|Any CPU
		{DA6A30AC-CCA5-40BA-94A1-93E142E06515}.Sample Release|ARM64.Build.0 = Release|Any CPU
		{DA6A30AC-CCA5-40BA-94A1-93E142E06515}.Sample Release|iPhone.ActiveCfg = Release|Any CPU
		{DA6A30AC-CCA5-40BA-94A1-93E142E06515}.Sample Release|iPhone.Build.0 = Release|Any CPU
		{DA6A30AC-CCA5-40BA-94A1-93E142E06515}.Sample Release|iPhoneSimulator.ActiveCfg = Release|Any CPU
		{DA6A30AC-CCA5-40BA-94A1-93E142E06515}.Sample Release|iPhoneSimulator.Build.0 = Release|Any CPU
		{DA6A30AC-CCA5-40BA-94A1-93E142E06515}.Sample Release|x64.ActiveCfg = Release|Any CPU
		{DA6A30AC-CCA5-40BA-94A1-93E142E06515}.Sample Release|x64.Build.0 = Release|Any CPU
		{DA6A30AC-CCA5-40BA-94A1-93E142E06515}.Sample Release|x86.ActiveCfg = Release|Any CPU
		{DA6A30AC-CCA5-40BA-94A1-93E142E06515}.Sample Release|x86.Build.0 = Release|Any CPU
		{91D39618-AF73-4A28-9145-2DAC63437762}.Ad-Hoc|Any CPU.ActiveCfg = Debug|Any CPU
		{91D39618-AF73-4A28-9145-2DAC63437762}.Ad-Hoc|Any CPU.Build.0 = Debug|Any CPU
		{91D39618-AF73-4A28-9145-2DAC63437762}.Ad-Hoc|ARM.ActiveCfg = Release|Any CPU
		{91D39618-AF73-4A28-9145-2DAC63437762}.Ad-Hoc|ARM.Build.0 = Release|Any CPU
		{91D39618-AF73-4A28-9145-2DAC63437762}.Ad-Hoc|ARM64.ActiveCfg = Release|Any CPU
		{91D39618-AF73-4A28-9145-2DAC63437762}.Ad-Hoc|ARM64.Build.0 = Release|Any CPU
		{91D39618-AF73-4A28-9145-2DAC63437762}.Ad-Hoc|iPhone.ActiveCfg = Debug|Any CPU
		{91D39618-AF73-4A28-9145-2DAC63437762}.Ad-Hoc|iPhone.Build.0 = Debug|Any CPU
		{91D39618-AF73-4A28-9145-2DAC63437762}.Ad-Hoc|iPhoneSimulator.ActiveCfg = Debug|Any CPU
		{91D39618-AF73-4A28-9145-2DAC63437762}.Ad-Hoc|iPhoneSimulator.Build.0 = Debug|Any CPU
		{91D39618-AF73-4A28-9145-2DAC63437762}.Ad-Hoc|x64.ActiveCfg = Release|Any CPU
		{91D39618-AF73-4A28-9145-2DAC63437762}.Ad-Hoc|x64.Build.0 = Release|Any CPU
		{91D39618-AF73-4A28-9145-2DAC63437762}.Ad-Hoc|x86.ActiveCfg = Release|Any CPU
		{91D39618-AF73-4A28-9145-2DAC63437762}.Ad-Hoc|x86.Build.0 = Release|Any CPU
		{91D39618-AF73-4A28-9145-2DAC63437762}.AppStore|Any CPU.ActiveCfg = Debug|Any CPU
		{91D39618-AF73-4A28-9145-2DAC63437762}.AppStore|Any CPU.Build.0 = Debug|Any CPU
		{91D39618-AF73-4A28-9145-2DAC63437762}.AppStore|ARM.ActiveCfg = Release|Any CPU
		{91D39618-AF73-4A28-9145-2DAC63437762}.AppStore|ARM.Build.0 = Release|Any CPU
		{91D39618-AF73-4A28-9145-2DAC63437762}.AppStore|ARM64.ActiveCfg = Release|Any CPU
		{91D39618-AF73-4A28-9145-2DAC63437762}.AppStore|ARM64.Build.0 = Release|Any CPU
		{91D39618-AF73-4A28-9145-2DAC63437762}.AppStore|iPhone.ActiveCfg = Debug|Any CPU
		{91D39618-AF73-4A28-9145-2DAC63437762}.AppStore|iPhone.Build.0 = Debug|Any CPU
		{91D39618-AF73-4A28-9145-2DAC63437762}.AppStore|iPhoneSimulator.ActiveCfg = Debug|Any CPU
		{91D39618-AF73-4A28-9145-2DAC63437762}.AppStore|iPhoneSimulator.Build.0 = Debug|Any CPU
		{91D39618-AF73-4A28-9145-2DAC63437762}.AppStore|x64.ActiveCfg = Release|Any CPU
		{91D39618-AF73-4A28-9145-2DAC63437762}.AppStore|x64.Build.0 = Release|Any CPU
		{91D39618-AF73-4A28-9145-2DAC63437762}.AppStore|x86.ActiveCfg = Release|Any CPU
		{91D39618-AF73-4A28-9145-2DAC63437762}.AppStore|x86.Build.0 = Release|Any CPU
		{91D39618-AF73-4A28-9145-2DAC63437762}.Debug|Any CPU.ActiveCfg = Debug|Any CPU
		{91D39618-AF73-4A28-9145-2DAC63437762}.Debug|Any CPU.Build.0 = Debug|Any CPU
		{91D39618-AF73-4A28-9145-2DAC63437762}.Debug|ARM.ActiveCfg = Debug|Any CPU
		{91D39618-AF73-4A28-9145-2DAC63437762}.Debug|ARM.Build.0 = Debug|Any CPU
		{91D39618-AF73-4A28-9145-2DAC63437762}.Debug|ARM64.ActiveCfg = Debug|Any CPU
		{91D39618-AF73-4A28-9145-2DAC63437762}.Debug|ARM64.Build.0 = Debug|Any CPU
		{91D39618-AF73-4A28-9145-2DAC63437762}.Debug|iPhone.ActiveCfg = Debug|Any CPU
		{91D39618-AF73-4A28-9145-2DAC63437762}.Debug|iPhone.Build.0 = Debug|Any CPU
		{91D39618-AF73-4A28-9145-2DAC63437762}.Debug|iPhoneSimulator.ActiveCfg = Debug|Any CPU
		{91D39618-AF73-4A28-9145-2DAC63437762}.Debug|iPhoneSimulator.Build.0 = Debug|Any CPU
		{91D39618-AF73-4A28-9145-2DAC63437762}.Debug|x64.ActiveCfg = Debug|Any CPU
		{91D39618-AF73-4A28-9145-2DAC63437762}.Debug|x64.Build.0 = Debug|Any CPU
		{91D39618-AF73-4A28-9145-2DAC63437762}.Debug|x86.ActiveCfg = Debug|Any CPU
		{91D39618-AF73-4A28-9145-2DAC63437762}.Debug|x86.Build.0 = Debug|Any CPU
		{91D39618-AF73-4A28-9145-2DAC63437762}.Release|Any CPU.ActiveCfg = Release|Any CPU
		{91D39618-AF73-4A28-9145-2DAC63437762}.Release|Any CPU.Build.0 = Release|Any CPU
		{91D39618-AF73-4A28-9145-2DAC63437762}.Release|ARM.ActiveCfg = Release|Any CPU
		{91D39618-AF73-4A28-9145-2DAC63437762}.Release|ARM.Build.0 = Release|Any CPU
		{91D39618-AF73-4A28-9145-2DAC63437762}.Release|ARM64.ActiveCfg = Release|Any CPU
		{91D39618-AF73-4A28-9145-2DAC63437762}.Release|ARM64.Build.0 = Release|Any CPU
		{91D39618-AF73-4A28-9145-2DAC63437762}.Release|iPhone.ActiveCfg = Release|Any CPU
		{91D39618-AF73-4A28-9145-2DAC63437762}.Release|iPhone.Build.0 = Release|Any CPU
		{91D39618-AF73-4A28-9145-2DAC63437762}.Release|iPhoneSimulator.ActiveCfg = Release|Any CPU
		{91D39618-AF73-4A28-9145-2DAC63437762}.Release|iPhoneSimulator.Build.0 = Release|Any CPU
		{91D39618-AF73-4A28-9145-2DAC63437762}.Release|x64.ActiveCfg = Release|Any CPU
		{91D39618-AF73-4A28-9145-2DAC63437762}.Release|x64.Build.0 = Release|Any CPU
		{91D39618-AF73-4A28-9145-2DAC63437762}.Release|x86.ActiveCfg = Release|Any CPU
		{91D39618-AF73-4A28-9145-2DAC63437762}.Release|x86.Build.0 = Release|Any CPU
		{91D39618-AF73-4A28-9145-2DAC63437762}.Sample Release|Any CPU.ActiveCfg = Release|Any CPU
		{91D39618-AF73-4A28-9145-2DAC63437762}.Sample Release|Any CPU.Build.0 = Release|Any CPU
		{91D39618-AF73-4A28-9145-2DAC63437762}.Sample Release|ARM.ActiveCfg = Release|Any CPU
		{91D39618-AF73-4A28-9145-2DAC63437762}.Sample Release|ARM.Build.0 = Release|Any CPU
		{91D39618-AF73-4A28-9145-2DAC63437762}.Sample Release|ARM64.ActiveCfg = Release|Any CPU
		{91D39618-AF73-4A28-9145-2DAC63437762}.Sample Release|ARM64.Build.0 = Release|Any CPU
		{91D39618-AF73-4A28-9145-2DAC63437762}.Sample Release|iPhone.ActiveCfg = Release|Any CPU
		{91D39618-AF73-4A28-9145-2DAC63437762}.Sample Release|iPhone.Build.0 = Release|Any CPU
		{91D39618-AF73-4A28-9145-2DAC63437762}.Sample Release|iPhoneSimulator.ActiveCfg = Release|Any CPU
		{91D39618-AF73-4A28-9145-2DAC63437762}.Sample Release|iPhoneSimulator.Build.0 = Release|Any CPU
		{91D39618-AF73-4A28-9145-2DAC63437762}.Sample Release|x64.ActiveCfg = Release|Any CPU
		{91D39618-AF73-4A28-9145-2DAC63437762}.Sample Release|x64.Build.0 = Release|Any CPU
		{91D39618-AF73-4A28-9145-2DAC63437762}.Sample Release|x86.ActiveCfg = Release|Any CPU
		{91D39618-AF73-4A28-9145-2DAC63437762}.Sample Release|x86.Build.0 = Release|Any CPU
		{1A8F7E6B-F9EE-46A7-ABB2-F09E7784B1BD}.Ad-Hoc|Any CPU.ActiveCfg = Debug|Any CPU
		{1A8F7E6B-F9EE-46A7-ABB2-F09E7784B1BD}.Ad-Hoc|Any CPU.Build.0 = Debug|Any CPU
		{1A8F7E6B-F9EE-46A7-ABB2-F09E7784B1BD}.Ad-Hoc|ARM.ActiveCfg = Release|Any CPU
		{1A8F7E6B-F9EE-46A7-ABB2-F09E7784B1BD}.Ad-Hoc|ARM.Build.0 = Release|Any CPU
		{1A8F7E6B-F9EE-46A7-ABB2-F09E7784B1BD}.Ad-Hoc|ARM64.ActiveCfg = Release|Any CPU
		{1A8F7E6B-F9EE-46A7-ABB2-F09E7784B1BD}.Ad-Hoc|ARM64.Build.0 = Release|Any CPU
		{1A8F7E6B-F9EE-46A7-ABB2-F09E7784B1BD}.Ad-Hoc|iPhone.ActiveCfg = Debug|Any CPU
		{1A8F7E6B-F9EE-46A7-ABB2-F09E7784B1BD}.Ad-Hoc|iPhone.Build.0 = Debug|Any CPU
		{1A8F7E6B-F9EE-46A7-ABB2-F09E7784B1BD}.Ad-Hoc|iPhoneSimulator.ActiveCfg = Debug|Any CPU
		{1A8F7E6B-F9EE-46A7-ABB2-F09E7784B1BD}.Ad-Hoc|iPhoneSimulator.Build.0 = Debug|Any CPU
		{1A8F7E6B-F9EE-46A7-ABB2-F09E7784B1BD}.Ad-Hoc|x64.ActiveCfg = Release|Any CPU
		{1A8F7E6B-F9EE-46A7-ABB2-F09E7784B1BD}.Ad-Hoc|x64.Build.0 = Release|Any CPU
		{1A8F7E6B-F9EE-46A7-ABB2-F09E7784B1BD}.Ad-Hoc|x86.ActiveCfg = Release|Any CPU
		{1A8F7E6B-F9EE-46A7-ABB2-F09E7784B1BD}.Ad-Hoc|x86.Build.0 = Release|Any CPU
		{1A8F7E6B-F9EE-46A7-ABB2-F09E7784B1BD}.AppStore|Any CPU.ActiveCfg = Debug|Any CPU
		{1A8F7E6B-F9EE-46A7-ABB2-F09E7784B1BD}.AppStore|Any CPU.Build.0 = Debug|Any CPU
		{1A8F7E6B-F9EE-46A7-ABB2-F09E7784B1BD}.AppStore|ARM.ActiveCfg = Release|Any CPU
		{1A8F7E6B-F9EE-46A7-ABB2-F09E7784B1BD}.AppStore|ARM.Build.0 = Release|Any CPU
		{1A8F7E6B-F9EE-46A7-ABB2-F09E7784B1BD}.AppStore|ARM64.ActiveCfg = Release|Any CPU
		{1A8F7E6B-F9EE-46A7-ABB2-F09E7784B1BD}.AppStore|ARM64.Build.0 = Release|Any CPU
		{1A8F7E6B-F9EE-46A7-ABB2-F09E7784B1BD}.AppStore|iPhone.ActiveCfg = Debug|Any CPU
		{1A8F7E6B-F9EE-46A7-ABB2-F09E7784B1BD}.AppStore|iPhone.Build.0 = Debug|Any CPU
		{1A8F7E6B-F9EE-46A7-ABB2-F09E7784B1BD}.AppStore|iPhoneSimulator.ActiveCfg = Debug|Any CPU
		{1A8F7E6B-F9EE-46A7-ABB2-F09E7784B1BD}.AppStore|iPhoneSimulator.Build.0 = Debug|Any CPU
		{1A8F7E6B-F9EE-46A7-ABB2-F09E7784B1BD}.AppStore|x64.ActiveCfg = Release|Any CPU
		{1A8F7E6B-F9EE-46A7-ABB2-F09E7784B1BD}.AppStore|x64.Build.0 = Release|Any CPU
		{1A8F7E6B-F9EE-46A7-ABB2-F09E7784B1BD}.AppStore|x86.ActiveCfg = Release|Any CPU
		{1A8F7E6B-F9EE-46A7-ABB2-F09E7784B1BD}.AppStore|x86.Build.0 = Release|Any CPU
		{1A8F7E6B-F9EE-46A7-ABB2-F09E7784B1BD}.Debug|Any CPU.ActiveCfg = Debug|Any CPU
		{1A8F7E6B-F9EE-46A7-ABB2-F09E7784B1BD}.Debug|Any CPU.Build.0 = Debug|Any CPU
		{1A8F7E6B-F9EE-46A7-ABB2-F09E7784B1BD}.Debug|ARM.ActiveCfg = Debug|Any CPU
		{1A8F7E6B-F9EE-46A7-ABB2-F09E7784B1BD}.Debug|ARM.Build.0 = Debug|Any CPU
		{1A8F7E6B-F9EE-46A7-ABB2-F09E7784B1BD}.Debug|ARM64.ActiveCfg = Debug|Any CPU
		{1A8F7E6B-F9EE-46A7-ABB2-F09E7784B1BD}.Debug|ARM64.Build.0 = Debug|Any CPU
		{1A8F7E6B-F9EE-46A7-ABB2-F09E7784B1BD}.Debug|iPhone.ActiveCfg = Debug|Any CPU
		{1A8F7E6B-F9EE-46A7-ABB2-F09E7784B1BD}.Debug|iPhone.Build.0 = Debug|Any CPU
		{1A8F7E6B-F9EE-46A7-ABB2-F09E7784B1BD}.Debug|iPhoneSimulator.ActiveCfg = Debug|Any CPU
		{1A8F7E6B-F9EE-46A7-ABB2-F09E7784B1BD}.Debug|iPhoneSimulator.Build.0 = Debug|Any CPU
		{1A8F7E6B-F9EE-46A7-ABB2-F09E7784B1BD}.Debug|x64.ActiveCfg = Debug|Any CPU
		{1A8F7E6B-F9EE-46A7-ABB2-F09E7784B1BD}.Debug|x64.Build.0 = Debug|Any CPU
		{1A8F7E6B-F9EE-46A7-ABB2-F09E7784B1BD}.Debug|x86.ActiveCfg = Debug|Any CPU
		{1A8F7E6B-F9EE-46A7-ABB2-F09E7784B1BD}.Debug|x86.Build.0 = Debug|Any CPU
		{1A8F7E6B-F9EE-46A7-ABB2-F09E7784B1BD}.Release|Any CPU.ActiveCfg = Release|Any CPU
		{1A8F7E6B-F9EE-46A7-ABB2-F09E7784B1BD}.Release|Any CPU.Build.0 = Release|Any CPU
		{1A8F7E6B-F9EE-46A7-ABB2-F09E7784B1BD}.Release|ARM.ActiveCfg = Release|Any CPU
		{1A8F7E6B-F9EE-46A7-ABB2-F09E7784B1BD}.Release|ARM.Build.0 = Release|Any CPU
		{1A8F7E6B-F9EE-46A7-ABB2-F09E7784B1BD}.Release|ARM64.ActiveCfg = Release|Any CPU
		{1A8F7E6B-F9EE-46A7-ABB2-F09E7784B1BD}.Release|ARM64.Build.0 = Release|Any CPU
		{1A8F7E6B-F9EE-46A7-ABB2-F09E7784B1BD}.Release|iPhone.ActiveCfg = Release|Any CPU
		{1A8F7E6B-F9EE-46A7-ABB2-F09E7784B1BD}.Release|iPhone.Build.0 = Release|Any CPU
		{1A8F7E6B-F9EE-46A7-ABB2-F09E7784B1BD}.Release|iPhoneSimulator.ActiveCfg = Release|Any CPU
		{1A8F7E6B-F9EE-46A7-ABB2-F09E7784B1BD}.Release|iPhoneSimulator.Build.0 = Release|Any CPU
		{1A8F7E6B-F9EE-46A7-ABB2-F09E7784B1BD}.Release|x64.ActiveCfg = Release|Any CPU
		{1A8F7E6B-F9EE-46A7-ABB2-F09E7784B1BD}.Release|x64.Build.0 = Release|Any CPU
		{1A8F7E6B-F9EE-46A7-ABB2-F09E7784B1BD}.Release|x86.ActiveCfg = Release|Any CPU
		{1A8F7E6B-F9EE-46A7-ABB2-F09E7784B1BD}.Release|x86.Build.0 = Release|Any CPU
		{1A8F7E6B-F9EE-46A7-ABB2-F09E7784B1BD}.Sample Release|Any CPU.ActiveCfg = Release|Any CPU
		{1A8F7E6B-F9EE-46A7-ABB2-F09E7784B1BD}.Sample Release|Any CPU.Build.0 = Release|Any CPU
		{1A8F7E6B-F9EE-46A7-ABB2-F09E7784B1BD}.Sample Release|ARM.ActiveCfg = Release|Any CPU
		{1A8F7E6B-F9EE-46A7-ABB2-F09E7784B1BD}.Sample Release|ARM.Build.0 = Release|Any CPU
		{1A8F7E6B-F9EE-46A7-ABB2-F09E7784B1BD}.Sample Release|ARM64.ActiveCfg = Release|Any CPU
		{1A8F7E6B-F9EE-46A7-ABB2-F09E7784B1BD}.Sample Release|ARM64.Build.0 = Release|Any CPU
		{1A8F7E6B-F9EE-46A7-ABB2-F09E7784B1BD}.Sample Release|iPhone.ActiveCfg = Release|Any CPU
		{1A8F7E6B-F9EE-46A7-ABB2-F09E7784B1BD}.Sample Release|iPhone.Build.0 = Release|Any CPU
		{1A8F7E6B-F9EE-46A7-ABB2-F09E7784B1BD}.Sample Release|iPhoneSimulator.ActiveCfg = Release|Any CPU
		{1A8F7E6B-F9EE-46A7-ABB2-F09E7784B1BD}.Sample Release|iPhoneSimulator.Build.0 = Release|Any CPU
		{1A8F7E6B-F9EE-46A7-ABB2-F09E7784B1BD}.Sample Release|x64.ActiveCfg = Release|Any CPU
		{1A8F7E6B-F9EE-46A7-ABB2-F09E7784B1BD}.Sample Release|x64.Build.0 = Release|Any CPU
		{1A8F7E6B-F9EE-46A7-ABB2-F09E7784B1BD}.Sample Release|x86.ActiveCfg = Release|Any CPU
		{1A8F7E6B-F9EE-46A7-ABB2-F09E7784B1BD}.Sample Release|x86.Build.0 = Release|Any CPU
		{07C90E5B-858E-4EB2-948B-8D0A698F439B}.Ad-Hoc|Any CPU.ActiveCfg = Debug|Any CPU
		{07C90E5B-858E-4EB2-948B-8D0A698F439B}.Ad-Hoc|Any CPU.Build.0 = Debug|Any CPU
		{07C90E5B-858E-4EB2-948B-8D0A698F439B}.Ad-Hoc|ARM.ActiveCfg = Release|Any CPU
		{07C90E5B-858E-4EB2-948B-8D0A698F439B}.Ad-Hoc|ARM.Build.0 = Release|Any CPU
		{07C90E5B-858E-4EB2-948B-8D0A698F439B}.Ad-Hoc|ARM64.ActiveCfg = Release|Any CPU
		{07C90E5B-858E-4EB2-948B-8D0A698F439B}.Ad-Hoc|ARM64.Build.0 = Release|Any CPU
		{07C90E5B-858E-4EB2-948B-8D0A698F439B}.Ad-Hoc|iPhone.ActiveCfg = Debug|Any CPU
		{07C90E5B-858E-4EB2-948B-8D0A698F439B}.Ad-Hoc|iPhone.Build.0 = Debug|Any CPU
		{07C90E5B-858E-4EB2-948B-8D0A698F439B}.Ad-Hoc|iPhoneSimulator.ActiveCfg = Debug|Any CPU
		{07C90E5B-858E-4EB2-948B-8D0A698F439B}.Ad-Hoc|iPhoneSimulator.Build.0 = Debug|Any CPU
		{07C90E5B-858E-4EB2-948B-8D0A698F439B}.Ad-Hoc|x64.ActiveCfg = Release|Any CPU
		{07C90E5B-858E-4EB2-948B-8D0A698F439B}.Ad-Hoc|x64.Build.0 = Release|Any CPU
		{07C90E5B-858E-4EB2-948B-8D0A698F439B}.Ad-Hoc|x86.ActiveCfg = Release|Any CPU
		{07C90E5B-858E-4EB2-948B-8D0A698F439B}.Ad-Hoc|x86.Build.0 = Release|Any CPU
		{07C90E5B-858E-4EB2-948B-8D0A698F439B}.AppStore|Any CPU.ActiveCfg = Debug|Any CPU
		{07C90E5B-858E-4EB2-948B-8D0A698F439B}.AppStore|Any CPU.Build.0 = Debug|Any CPU
		{07C90E5B-858E-4EB2-948B-8D0A698F439B}.AppStore|ARM.ActiveCfg = Release|Any CPU
		{07C90E5B-858E-4EB2-948B-8D0A698F439B}.AppStore|ARM.Build.0 = Release|Any CPU
		{07C90E5B-858E-4EB2-948B-8D0A698F439B}.AppStore|ARM64.ActiveCfg = Release|Any CPU
		{07C90E5B-858E-4EB2-948B-8D0A698F439B}.AppStore|ARM64.Build.0 = Release|Any CPU
		{07C90E5B-858E-4EB2-948B-8D0A698F439B}.AppStore|iPhone.ActiveCfg = Debug|Any CPU
		{07C90E5B-858E-4EB2-948B-8D0A698F439B}.AppStore|iPhone.Build.0 = Debug|Any CPU
		{07C90E5B-858E-4EB2-948B-8D0A698F439B}.AppStore|iPhoneSimulator.ActiveCfg = Debug|Any CPU
		{07C90E5B-858E-4EB2-948B-8D0A698F439B}.AppStore|iPhoneSimulator.Build.0 = Debug|Any CPU
		{07C90E5B-858E-4EB2-948B-8D0A698F439B}.AppStore|x64.ActiveCfg = Release|Any CPU
		{07C90E5B-858E-4EB2-948B-8D0A698F439B}.AppStore|x64.Build.0 = Release|Any CPU
		{07C90E5B-858E-4EB2-948B-8D0A698F439B}.AppStore|x86.ActiveCfg = Release|Any CPU
		{07C90E5B-858E-4EB2-948B-8D0A698F439B}.AppStore|x86.Build.0 = Release|Any CPU
		{07C90E5B-858E-4EB2-948B-8D0A698F439B}.Debug|Any CPU.ActiveCfg = Debug|Any CPU
		{07C90E5B-858E-4EB2-948B-8D0A698F439B}.Debug|Any CPU.Build.0 = Debug|Any CPU
		{07C90E5B-858E-4EB2-948B-8D0A698F439B}.Debug|ARM.ActiveCfg = Debug|Any CPU
		{07C90E5B-858E-4EB2-948B-8D0A698F439B}.Debug|ARM.Build.0 = Debug|Any CPU
		{07C90E5B-858E-4EB2-948B-8D0A698F439B}.Debug|ARM64.ActiveCfg = Debug|Any CPU
		{07C90E5B-858E-4EB2-948B-8D0A698F439B}.Debug|ARM64.Build.0 = Debug|Any CPU
		{07C90E5B-858E-4EB2-948B-8D0A698F439B}.Debug|iPhone.ActiveCfg = Debug|Any CPU
		{07C90E5B-858E-4EB2-948B-8D0A698F439B}.Debug|iPhone.Build.0 = Debug|Any CPU
		{07C90E5B-858E-4EB2-948B-8D0A698F439B}.Debug|iPhoneSimulator.ActiveCfg = Debug|Any CPU
		{07C90E5B-858E-4EB2-948B-8D0A698F439B}.Debug|iPhoneSimulator.Build.0 = Debug|Any CPU
		{07C90E5B-858E-4EB2-948B-8D0A698F439B}.Debug|x64.ActiveCfg = Debug|Any CPU
		{07C90E5B-858E-4EB2-948B-8D0A698F439B}.Debug|x64.Build.0 = Debug|Any CPU
		{07C90E5B-858E-4EB2-948B-8D0A698F439B}.Debug|x86.ActiveCfg = Debug|Any CPU
		{07C90E5B-858E-4EB2-948B-8D0A698F439B}.Debug|x86.Build.0 = Debug|Any CPU
		{07C90E5B-858E-4EB2-948B-8D0A698F439B}.Release|Any CPU.ActiveCfg = Release|Any CPU
		{07C90E5B-858E-4EB2-948B-8D0A698F439B}.Release|Any CPU.Build.0 = Release|Any CPU
		{07C90E5B-858E-4EB2-948B-8D0A698F439B}.Release|ARM.ActiveCfg = Release|Any CPU
		{07C90E5B-858E-4EB2-948B-8D0A698F439B}.Release|ARM.Build.0 = Release|Any CPU
		{07C90E5B-858E-4EB2-948B-8D0A698F439B}.Release|ARM64.ActiveCfg = Release|Any CPU
		{07C90E5B-858E-4EB2-948B-8D0A698F439B}.Release|ARM64.Build.0 = Release|Any CPU
		{07C90E5B-858E-4EB2-948B-8D0A698F439B}.Release|iPhone.ActiveCfg = Release|Any CPU
		{07C90E5B-858E-4EB2-948B-8D0A698F439B}.Release|iPhone.Build.0 = Release|Any CPU
		{07C90E5B-858E-4EB2-948B-8D0A698F439B}.Release|iPhoneSimulator.ActiveCfg = Release|Any CPU
		{07C90E5B-858E-4EB2-948B-8D0A698F439B}.Release|iPhoneSimulator.Build.0 = Release|Any CPU
		{07C90E5B-858E-4EB2-948B-8D0A698F439B}.Release|x64.ActiveCfg = Release|Any CPU
		{07C90E5B-858E-4EB2-948B-8D0A698F439B}.Release|x64.Build.0 = Release|Any CPU
		{07C90E5B-858E-4EB2-948B-8D0A698F439B}.Release|x86.ActiveCfg = Release|Any CPU
		{07C90E5B-858E-4EB2-948B-8D0A698F439B}.Release|x86.Build.0 = Release|Any CPU
		{07C90E5B-858E-4EB2-948B-8D0A698F439B}.Sample Release|Any CPU.ActiveCfg = Release|Any CPU
		{07C90E5B-858E-4EB2-948B-8D0A698F439B}.Sample Release|Any CPU.Build.0 = Release|Any CPU
		{07C90E5B-858E-4EB2-948B-8D0A698F439B}.Sample Release|ARM.ActiveCfg = Release|Any CPU
		{07C90E5B-858E-4EB2-948B-8D0A698F439B}.Sample Release|ARM.Build.0 = Release|Any CPU
		{07C90E5B-858E-4EB2-948B-8D0A698F439B}.Sample Release|ARM64.ActiveCfg = Release|Any CPU
		{07C90E5B-858E-4EB2-948B-8D0A698F439B}.Sample Release|ARM64.Build.0 = Release|Any CPU
		{07C90E5B-858E-4EB2-948B-8D0A698F439B}.Sample Release|iPhone.ActiveCfg = Release|Any CPU
		{07C90E5B-858E-4EB2-948B-8D0A698F439B}.Sample Release|iPhone.Build.0 = Release|Any CPU
		{07C90E5B-858E-4EB2-948B-8D0A698F439B}.Sample Release|iPhoneSimulator.ActiveCfg = Release|Any CPU
		{07C90E5B-858E-4EB2-948B-8D0A698F439B}.Sample Release|iPhoneSimulator.Build.0 = Release|Any CPU
		{07C90E5B-858E-4EB2-948B-8D0A698F439B}.Sample Release|x64.ActiveCfg = Release|Any CPU
		{07C90E5B-858E-4EB2-948B-8D0A698F439B}.Sample Release|x64.Build.0 = Release|Any CPU
		{07C90E5B-858E-4EB2-948B-8D0A698F439B}.Sample Release|x86.ActiveCfg = Release|Any CPU
		{07C90E5B-858E-4EB2-948B-8D0A698F439B}.Sample Release|x86.Build.0 = Release|Any CPU
		{80A96B52-6758-4BDB-B0B4-CEA4CA155C60}.Ad-Hoc|Any CPU.ActiveCfg = Release|iPhone
		{80A96B52-6758-4BDB-B0B4-CEA4CA155C60}.Ad-Hoc|Any CPU.Build.0 = Release|iPhone
		{80A96B52-6758-4BDB-B0B4-CEA4CA155C60}.Ad-Hoc|ARM.ActiveCfg = Debug|iPhoneSimulator
		{80A96B52-6758-4BDB-B0B4-CEA4CA155C60}.Ad-Hoc|ARM.Build.0 = Debug|iPhoneSimulator
		{80A96B52-6758-4BDB-B0B4-CEA4CA155C60}.Ad-Hoc|ARM64.ActiveCfg = Debug|iPhoneSimulator
		{80A96B52-6758-4BDB-B0B4-CEA4CA155C60}.Ad-Hoc|ARM64.Build.0 = Debug|iPhoneSimulator
		{80A96B52-6758-4BDB-B0B4-CEA4CA155C60}.Ad-Hoc|iPhone.ActiveCfg = Release|iPhone
		{80A96B52-6758-4BDB-B0B4-CEA4CA155C60}.Ad-Hoc|iPhone.Build.0 = Release|iPhone
		{80A96B52-6758-4BDB-B0B4-CEA4CA155C60}.Ad-Hoc|iPhoneSimulator.ActiveCfg = Release|iPhoneSimulator
		{80A96B52-6758-4BDB-B0B4-CEA4CA155C60}.Ad-Hoc|iPhoneSimulator.Build.0 = Release|iPhoneSimulator
		{80A96B52-6758-4BDB-B0B4-CEA4CA155C60}.Ad-Hoc|x64.ActiveCfg = Debug|iPhoneSimulator
		{80A96B52-6758-4BDB-B0B4-CEA4CA155C60}.Ad-Hoc|x64.Build.0 = Debug|iPhoneSimulator
		{80A96B52-6758-4BDB-B0B4-CEA4CA155C60}.Ad-Hoc|x86.ActiveCfg = Debug|iPhoneSimulator
		{80A96B52-6758-4BDB-B0B4-CEA4CA155C60}.Ad-Hoc|x86.Build.0 = Debug|iPhoneSimulator
		{80A96B52-6758-4BDB-B0B4-CEA4CA155C60}.AppStore|Any CPU.ActiveCfg = Release|iPhone
		{80A96B52-6758-4BDB-B0B4-CEA4CA155C60}.AppStore|Any CPU.Build.0 = Release|iPhone
		{80A96B52-6758-4BDB-B0B4-CEA4CA155C60}.AppStore|ARM.ActiveCfg = Debug|iPhoneSimulator
		{80A96B52-6758-4BDB-B0B4-CEA4CA155C60}.AppStore|ARM.Build.0 = Debug|iPhoneSimulator
		{80A96B52-6758-4BDB-B0B4-CEA4CA155C60}.AppStore|ARM64.ActiveCfg = Debug|iPhoneSimulator
		{80A96B52-6758-4BDB-B0B4-CEA4CA155C60}.AppStore|ARM64.Build.0 = Debug|iPhoneSimulator
		{80A96B52-6758-4BDB-B0B4-CEA4CA155C60}.AppStore|iPhone.ActiveCfg = Release|iPhone
		{80A96B52-6758-4BDB-B0B4-CEA4CA155C60}.AppStore|iPhone.Build.0 = Release|iPhone
		{80A96B52-6758-4BDB-B0B4-CEA4CA155C60}.AppStore|iPhoneSimulator.ActiveCfg = Release|iPhoneSimulator
		{80A96B52-6758-4BDB-B0B4-CEA4CA155C60}.AppStore|iPhoneSimulator.Build.0 = Release|iPhoneSimulator
		{80A96B52-6758-4BDB-B0B4-CEA4CA155C60}.AppStore|x64.ActiveCfg = Debug|iPhoneSimulator
		{80A96B52-6758-4BDB-B0B4-CEA4CA155C60}.AppStore|x64.Build.0 = Debug|iPhoneSimulator
		{80A96B52-6758-4BDB-B0B4-CEA4CA155C60}.AppStore|x86.ActiveCfg = Debug|iPhoneSimulator
		{80A96B52-6758-4BDB-B0B4-CEA4CA155C60}.AppStore|x86.Build.0 = Debug|iPhoneSimulator
		{80A96B52-6758-4BDB-B0B4-CEA4CA155C60}.Debug|Any CPU.ActiveCfg = Debug|iPhone
		{80A96B52-6758-4BDB-B0B4-CEA4CA155C60}.Debug|ARM.ActiveCfg = Debug|iPhoneSimulator
		{80A96B52-6758-4BDB-B0B4-CEA4CA155C60}.Debug|ARM64.ActiveCfg = Debug|iPhoneSimulator
		{80A96B52-6758-4BDB-B0B4-CEA4CA155C60}.Debug|iPhone.ActiveCfg = Debug|iPhone
		{80A96B52-6758-4BDB-B0B4-CEA4CA155C60}.Debug|iPhone.Build.0 = Debug|iPhone
		{80A96B52-6758-4BDB-B0B4-CEA4CA155C60}.Debug|iPhoneSimulator.ActiveCfg = Debug|iPhoneSimulator
		{80A96B52-6758-4BDB-B0B4-CEA4CA155C60}.Debug|iPhoneSimulator.Build.0 = Debug|iPhoneSimulator
		{80A96B52-6758-4BDB-B0B4-CEA4CA155C60}.Debug|x64.ActiveCfg = Debug|iPhoneSimulator
		{80A96B52-6758-4BDB-B0B4-CEA4CA155C60}.Debug|x86.ActiveCfg = Debug|iPhoneSimulator
		{80A96B52-6758-4BDB-B0B4-CEA4CA155C60}.Release|Any CPU.ActiveCfg = Release|iPhone
		{80A96B52-6758-4BDB-B0B4-CEA4CA155C60}.Release|ARM.ActiveCfg = Release|iPhoneSimulator
		{80A96B52-6758-4BDB-B0B4-CEA4CA155C60}.Release|ARM64.ActiveCfg = Release|iPhoneSimulator
		{80A96B52-6758-4BDB-B0B4-CEA4CA155C60}.Release|iPhone.ActiveCfg = Release|iPhone
		{80A96B52-6758-4BDB-B0B4-CEA4CA155C60}.Release|iPhone.Build.0 = Release|iPhone
		{80A96B52-6758-4BDB-B0B4-CEA4CA155C60}.Release|iPhoneSimulator.ActiveCfg = Release|iPhoneSimulator
		{80A96B52-6758-4BDB-B0B4-CEA4CA155C60}.Release|iPhoneSimulator.Build.0 = Release|iPhoneSimulator
		{80A96B52-6758-4BDB-B0B4-CEA4CA155C60}.Release|x64.ActiveCfg = Release|iPhoneSimulator
		{80A96B52-6758-4BDB-B0B4-CEA4CA155C60}.Release|x86.ActiveCfg = Release|iPhoneSimulator
		{80A96B52-6758-4BDB-B0B4-CEA4CA155C60}.Sample Release|Any CPU.ActiveCfg = Release|iPhone
		{80A96B52-6758-4BDB-B0B4-CEA4CA155C60}.Sample Release|Any CPU.Build.0 = Release|iPhone
		{80A96B52-6758-4BDB-B0B4-CEA4CA155C60}.Sample Release|ARM.ActiveCfg = Debug|iPhoneSimulator
		{80A96B52-6758-4BDB-B0B4-CEA4CA155C60}.Sample Release|ARM.Build.0 = Debug|iPhoneSimulator
		{80A96B52-6758-4BDB-B0B4-CEA4CA155C60}.Sample Release|ARM64.ActiveCfg = Debug|iPhoneSimulator
		{80A96B52-6758-4BDB-B0B4-CEA4CA155C60}.Sample Release|ARM64.Build.0 = Debug|iPhoneSimulator
		{80A96B52-6758-4BDB-B0B4-CEA4CA155C60}.Sample Release|iPhone.ActiveCfg = Release|iPhone
		{80A96B52-6758-4BDB-B0B4-CEA4CA155C60}.Sample Release|iPhone.Build.0 = Release|iPhone
		{80A96B52-6758-4BDB-B0B4-CEA4CA155C60}.Sample Release|iPhoneSimulator.ActiveCfg = Release|iPhoneSimulator
		{80A96B52-6758-4BDB-B0B4-CEA4CA155C60}.Sample Release|iPhoneSimulator.Build.0 = Release|iPhoneSimulator
		{80A96B52-6758-4BDB-B0B4-CEA4CA155C60}.Sample Release|x64.ActiveCfg = Debug|iPhoneSimulator
		{80A96B52-6758-4BDB-B0B4-CEA4CA155C60}.Sample Release|x64.Build.0 = Debug|iPhoneSimulator
		{80A96B52-6758-4BDB-B0B4-CEA4CA155C60}.Sample Release|x86.ActiveCfg = Debug|iPhoneSimulator
		{80A96B52-6758-4BDB-B0B4-CEA4CA155C60}.Sample Release|x86.Build.0 = Debug|iPhoneSimulator
		{30FC2A59-FFBA-4C10-9E8F-39C504DDA990}.Ad-Hoc|Any CPU.ActiveCfg = Release|x64
		{30FC2A59-FFBA-4C10-9E8F-39C504DDA990}.Ad-Hoc|Any CPU.Build.0 = Release|x64
		{30FC2A59-FFBA-4C10-9E8F-39C504DDA990}.Ad-Hoc|Any CPU.Deploy.0 = Release|x64
		{30FC2A59-FFBA-4C10-9E8F-39C504DDA990}.Ad-Hoc|ARM.ActiveCfg = Release|ARM
		{30FC2A59-FFBA-4C10-9E8F-39C504DDA990}.Ad-Hoc|ARM.Build.0 = Release|ARM
		{30FC2A59-FFBA-4C10-9E8F-39C504DDA990}.Ad-Hoc|ARM.Deploy.0 = Release|ARM
		{30FC2A59-FFBA-4C10-9E8F-39C504DDA990}.Ad-Hoc|ARM64.ActiveCfg = Release|ARM64
		{30FC2A59-FFBA-4C10-9E8F-39C504DDA990}.Ad-Hoc|ARM64.Build.0 = Release|ARM64
		{30FC2A59-FFBA-4C10-9E8F-39C504DDA990}.Ad-Hoc|ARM64.Deploy.0 = Release|ARM64
		{30FC2A59-FFBA-4C10-9E8F-39C504DDA990}.Ad-Hoc|iPhone.ActiveCfg = Release|x64
		{30FC2A59-FFBA-4C10-9E8F-39C504DDA990}.Ad-Hoc|iPhone.Build.0 = Release|x64
		{30FC2A59-FFBA-4C10-9E8F-39C504DDA990}.Ad-Hoc|iPhone.Deploy.0 = Release|x64
		{30FC2A59-FFBA-4C10-9E8F-39C504DDA990}.Ad-Hoc|iPhoneSimulator.ActiveCfg = Release|x64
		{30FC2A59-FFBA-4C10-9E8F-39C504DDA990}.Ad-Hoc|iPhoneSimulator.Build.0 = Release|x64
		{30FC2A59-FFBA-4C10-9E8F-39C504DDA990}.Ad-Hoc|iPhoneSimulator.Deploy.0 = Release|x64
		{30FC2A59-FFBA-4C10-9E8F-39C504DDA990}.Ad-Hoc|x64.ActiveCfg = Release|x64
		{30FC2A59-FFBA-4C10-9E8F-39C504DDA990}.Ad-Hoc|x64.Build.0 = Release|x64
		{30FC2A59-FFBA-4C10-9E8F-39C504DDA990}.Ad-Hoc|x64.Deploy.0 = Release|x64
		{30FC2A59-FFBA-4C10-9E8F-39C504DDA990}.Ad-Hoc|x86.ActiveCfg = Release|x86
		{30FC2A59-FFBA-4C10-9E8F-39C504DDA990}.Ad-Hoc|x86.Build.0 = Release|x86
		{30FC2A59-FFBA-4C10-9E8F-39C504DDA990}.Ad-Hoc|x86.Deploy.0 = Release|x86
		{30FC2A59-FFBA-4C10-9E8F-39C504DDA990}.AppStore|Any CPU.ActiveCfg = Release|x64
		{30FC2A59-FFBA-4C10-9E8F-39C504DDA990}.AppStore|Any CPU.Build.0 = Release|x64
		{30FC2A59-FFBA-4C10-9E8F-39C504DDA990}.AppStore|Any CPU.Deploy.0 = Release|x64
		{30FC2A59-FFBA-4C10-9E8F-39C504DDA990}.AppStore|ARM.ActiveCfg = Release|ARM
		{30FC2A59-FFBA-4C10-9E8F-39C504DDA990}.AppStore|ARM.Build.0 = Release|ARM
		{30FC2A59-FFBA-4C10-9E8F-39C504DDA990}.AppStore|ARM.Deploy.0 = Release|ARM
		{30FC2A59-FFBA-4C10-9E8F-39C504DDA990}.AppStore|ARM64.ActiveCfg = Release|ARM64
		{30FC2A59-FFBA-4C10-9E8F-39C504DDA990}.AppStore|ARM64.Build.0 = Release|ARM64
		{30FC2A59-FFBA-4C10-9E8F-39C504DDA990}.AppStore|ARM64.Deploy.0 = Release|ARM64
		{30FC2A59-FFBA-4C10-9E8F-39C504DDA990}.AppStore|iPhone.ActiveCfg = Release|x64
		{30FC2A59-FFBA-4C10-9E8F-39C504DDA990}.AppStore|iPhone.Build.0 = Release|x64
		{30FC2A59-FFBA-4C10-9E8F-39C504DDA990}.AppStore|iPhone.Deploy.0 = Release|x64
		{30FC2A59-FFBA-4C10-9E8F-39C504DDA990}.AppStore|iPhoneSimulator.ActiveCfg = Release|x64
		{30FC2A59-FFBA-4C10-9E8F-39C504DDA990}.AppStore|iPhoneSimulator.Build.0 = Release|x64
		{30FC2A59-FFBA-4C10-9E8F-39C504DDA990}.AppStore|iPhoneSimulator.Deploy.0 = Release|x64
		{30FC2A59-FFBA-4C10-9E8F-39C504DDA990}.AppStore|x64.ActiveCfg = Release|x64
		{30FC2A59-FFBA-4C10-9E8F-39C504DDA990}.AppStore|x64.Build.0 = Release|x64
		{30FC2A59-FFBA-4C10-9E8F-39C504DDA990}.AppStore|x64.Deploy.0 = Release|x64
		{30FC2A59-FFBA-4C10-9E8F-39C504DDA990}.AppStore|x86.ActiveCfg = Release|x86
		{30FC2A59-FFBA-4C10-9E8F-39C504DDA990}.AppStore|x86.Build.0 = Release|x86
		{30FC2A59-FFBA-4C10-9E8F-39C504DDA990}.AppStore|x86.Deploy.0 = Release|x86
		{30FC2A59-FFBA-4C10-9E8F-39C504DDA990}.Debug|Any CPU.ActiveCfg = Debug|x86
		{30FC2A59-FFBA-4C10-9E8F-39C504DDA990}.Debug|ARM.ActiveCfg = Debug|ARM
		{30FC2A59-FFBA-4C10-9E8F-39C504DDA990}.Debug|ARM.Build.0 = Debug|ARM
		{30FC2A59-FFBA-4C10-9E8F-39C504DDA990}.Debug|ARM.Deploy.0 = Debug|ARM
		{30FC2A59-FFBA-4C10-9E8F-39C504DDA990}.Debug|ARM64.ActiveCfg = Debug|ARM64
		{30FC2A59-FFBA-4C10-9E8F-39C504DDA990}.Debug|ARM64.Build.0 = Debug|ARM64
		{30FC2A59-FFBA-4C10-9E8F-39C504DDA990}.Debug|ARM64.Deploy.0 = Debug|ARM64
		{30FC2A59-FFBA-4C10-9E8F-39C504DDA990}.Debug|iPhone.ActiveCfg = Debug|x86
		{30FC2A59-FFBA-4C10-9E8F-39C504DDA990}.Debug|iPhoneSimulator.ActiveCfg = Debug|x86
		{30FC2A59-FFBA-4C10-9E8F-39C504DDA990}.Debug|x64.ActiveCfg = Debug|x64
		{30FC2A59-FFBA-4C10-9E8F-39C504DDA990}.Debug|x64.Build.0 = Debug|x64
		{30FC2A59-FFBA-4C10-9E8F-39C504DDA990}.Debug|x64.Deploy.0 = Debug|x64
		{30FC2A59-FFBA-4C10-9E8F-39C504DDA990}.Debug|x86.ActiveCfg = Debug|x86
		{30FC2A59-FFBA-4C10-9E8F-39C504DDA990}.Debug|x86.Build.0 = Debug|x86
		{30FC2A59-FFBA-4C10-9E8F-39C504DDA990}.Debug|x86.Deploy.0 = Debug|x86
		{30FC2A59-FFBA-4C10-9E8F-39C504DDA990}.Release|Any CPU.ActiveCfg = Release|x86
		{30FC2A59-FFBA-4C10-9E8F-39C504DDA990}.Release|ARM.ActiveCfg = Release|ARM
		{30FC2A59-FFBA-4C10-9E8F-39C504DDA990}.Release|ARM.Build.0 = Release|ARM
		{30FC2A59-FFBA-4C10-9E8F-39C504DDA990}.Release|ARM.Deploy.0 = Release|ARM
		{30FC2A59-FFBA-4C10-9E8F-39C504DDA990}.Release|ARM64.ActiveCfg = Release|ARM64
		{30FC2A59-FFBA-4C10-9E8F-39C504DDA990}.Release|ARM64.Build.0 = Release|ARM64
		{30FC2A59-FFBA-4C10-9E8F-39C504DDA990}.Release|ARM64.Deploy.0 = Release|ARM64
		{30FC2A59-FFBA-4C10-9E8F-39C504DDA990}.Release|iPhone.ActiveCfg = Release|x86
		{30FC2A59-FFBA-4C10-9E8F-39C504DDA990}.Release|iPhoneSimulator.ActiveCfg = Release|x86
		{30FC2A59-FFBA-4C10-9E8F-39C504DDA990}.Release|x64.ActiveCfg = Release|x64
		{30FC2A59-FFBA-4C10-9E8F-39C504DDA990}.Release|x64.Build.0 = Release|x64
		{30FC2A59-FFBA-4C10-9E8F-39C504DDA990}.Release|x64.Deploy.0 = Release|x64
		{30FC2A59-FFBA-4C10-9E8F-39C504DDA990}.Release|x86.ActiveCfg = Release|x86
		{30FC2A59-FFBA-4C10-9E8F-39C504DDA990}.Release|x86.Build.0 = Release|x86
		{30FC2A59-FFBA-4C10-9E8F-39C504DDA990}.Release|x86.Deploy.0 = Release|x86
		{30FC2A59-FFBA-4C10-9E8F-39C504DDA990}.Sample Release|Any CPU.ActiveCfg = Release|x64
		{30FC2A59-FFBA-4C10-9E8F-39C504DDA990}.Sample Release|Any CPU.Build.0 = Release|x64
		{30FC2A59-FFBA-4C10-9E8F-39C504DDA990}.Sample Release|Any CPU.Deploy.0 = Release|x64
		{30FC2A59-FFBA-4C10-9E8F-39C504DDA990}.Sample Release|ARM.ActiveCfg = Release|ARM
		{30FC2A59-FFBA-4C10-9E8F-39C504DDA990}.Sample Release|ARM.Build.0 = Release|ARM
		{30FC2A59-FFBA-4C10-9E8F-39C504DDA990}.Sample Release|ARM.Deploy.0 = Release|ARM
		{30FC2A59-FFBA-4C10-9E8F-39C504DDA990}.Sample Release|ARM64.ActiveCfg = Release|ARM64
		{30FC2A59-FFBA-4C10-9E8F-39C504DDA990}.Sample Release|ARM64.Build.0 = Release|ARM64
		{30FC2A59-FFBA-4C10-9E8F-39C504DDA990}.Sample Release|ARM64.Deploy.0 = Release|ARM64
		{30FC2A59-FFBA-4C10-9E8F-39C504DDA990}.Sample Release|iPhone.ActiveCfg = Release|x64
		{30FC2A59-FFBA-4C10-9E8F-39C504DDA990}.Sample Release|iPhone.Build.0 = Release|x64
		{30FC2A59-FFBA-4C10-9E8F-39C504DDA990}.Sample Release|iPhone.Deploy.0 = Release|x64
		{30FC2A59-FFBA-4C10-9E8F-39C504DDA990}.Sample Release|iPhoneSimulator.ActiveCfg = Release|x64
		{30FC2A59-FFBA-4C10-9E8F-39C504DDA990}.Sample Release|iPhoneSimulator.Build.0 = Release|x64
		{30FC2A59-FFBA-4C10-9E8F-39C504DDA990}.Sample Release|iPhoneSimulator.Deploy.0 = Release|x64
		{30FC2A59-FFBA-4C10-9E8F-39C504DDA990}.Sample Release|x64.ActiveCfg = Release|x64
		{30FC2A59-FFBA-4C10-9E8F-39C504DDA990}.Sample Release|x64.Build.0 = Release|x64
		{30FC2A59-FFBA-4C10-9E8F-39C504DDA990}.Sample Release|x64.Deploy.0 = Release|x64
		{30FC2A59-FFBA-4C10-9E8F-39C504DDA990}.Sample Release|x86.ActiveCfg = Release|x86
		{30FC2A59-FFBA-4C10-9E8F-39C504DDA990}.Sample Release|x86.Build.0 = Release|x86
		{30FC2A59-FFBA-4C10-9E8F-39C504DDA990}.Sample Release|x86.Deploy.0 = Release|x86
		{69790D55-7AA2-4D01-8D1D-70CC25AAE8F0}.Ad-Hoc|Any CPU.ActiveCfg = Debug|Any CPU
		{69790D55-7AA2-4D01-8D1D-70CC25AAE8F0}.Ad-Hoc|Any CPU.Build.0 = Debug|Any CPU
		{69790D55-7AA2-4D01-8D1D-70CC25AAE8F0}.Ad-Hoc|ARM.ActiveCfg = Debug|Any CPU
		{69790D55-7AA2-4D01-8D1D-70CC25AAE8F0}.Ad-Hoc|ARM.Build.0 = Debug|Any CPU
		{69790D55-7AA2-4D01-8D1D-70CC25AAE8F0}.Ad-Hoc|ARM64.ActiveCfg = Debug|Any CPU
		{69790D55-7AA2-4D01-8D1D-70CC25AAE8F0}.Ad-Hoc|ARM64.Build.0 = Debug|Any CPU
		{69790D55-7AA2-4D01-8D1D-70CC25AAE8F0}.Ad-Hoc|iPhone.ActiveCfg = Debug|Any CPU
		{69790D55-7AA2-4D01-8D1D-70CC25AAE8F0}.Ad-Hoc|iPhone.Build.0 = Debug|Any CPU
		{69790D55-7AA2-4D01-8D1D-70CC25AAE8F0}.Ad-Hoc|iPhoneSimulator.ActiveCfg = Debug|Any CPU
		{69790D55-7AA2-4D01-8D1D-70CC25AAE8F0}.Ad-Hoc|iPhoneSimulator.Build.0 = Debug|Any CPU
		{69790D55-7AA2-4D01-8D1D-70CC25AAE8F0}.Ad-Hoc|x64.ActiveCfg = Debug|Any CPU
		{69790D55-7AA2-4D01-8D1D-70CC25AAE8F0}.Ad-Hoc|x64.Build.0 = Debug|Any CPU
		{69790D55-7AA2-4D01-8D1D-70CC25AAE8F0}.Ad-Hoc|x86.ActiveCfg = Debug|Any CPU
		{69790D55-7AA2-4D01-8D1D-70CC25AAE8F0}.Ad-Hoc|x86.Build.0 = Debug|Any CPU
		{69790D55-7AA2-4D01-8D1D-70CC25AAE8F0}.AppStore|Any CPU.ActiveCfg = Debug|Any CPU
		{69790D55-7AA2-4D01-8D1D-70CC25AAE8F0}.AppStore|Any CPU.Build.0 = Debug|Any CPU
		{69790D55-7AA2-4D01-8D1D-70CC25AAE8F0}.AppStore|ARM.ActiveCfg = Debug|Any CPU
		{69790D55-7AA2-4D01-8D1D-70CC25AAE8F0}.AppStore|ARM.Build.0 = Debug|Any CPU
		{69790D55-7AA2-4D01-8D1D-70CC25AAE8F0}.AppStore|ARM64.ActiveCfg = Debug|Any CPU
		{69790D55-7AA2-4D01-8D1D-70CC25AAE8F0}.AppStore|ARM64.Build.0 = Debug|Any CPU
		{69790D55-7AA2-4D01-8D1D-70CC25AAE8F0}.AppStore|iPhone.ActiveCfg = Debug|Any CPU
		{69790D55-7AA2-4D01-8D1D-70CC25AAE8F0}.AppStore|iPhone.Build.0 = Debug|Any CPU
		{69790D55-7AA2-4D01-8D1D-70CC25AAE8F0}.AppStore|iPhoneSimulator.ActiveCfg = Debug|Any CPU
		{69790D55-7AA2-4D01-8D1D-70CC25AAE8F0}.AppStore|iPhoneSimulator.Build.0 = Debug|Any CPU
		{69790D55-7AA2-4D01-8D1D-70CC25AAE8F0}.AppStore|x64.ActiveCfg = Debug|Any CPU
		{69790D55-7AA2-4D01-8D1D-70CC25AAE8F0}.AppStore|x64.Build.0 = Debug|Any CPU
		{69790D55-7AA2-4D01-8D1D-70CC25AAE8F0}.AppStore|x86.ActiveCfg = Debug|Any CPU
		{69790D55-7AA2-4D01-8D1D-70CC25AAE8F0}.AppStore|x86.Build.0 = Debug|Any CPU
		{69790D55-7AA2-4D01-8D1D-70CC25AAE8F0}.Debug|Any CPU.ActiveCfg = Debug|Any CPU
		{69790D55-7AA2-4D01-8D1D-70CC25AAE8F0}.Debug|Any CPU.Build.0 = Debug|Any CPU
		{69790D55-7AA2-4D01-8D1D-70CC25AAE8F0}.Debug|ARM.ActiveCfg = Debug|Any CPU
		{69790D55-7AA2-4D01-8D1D-70CC25AAE8F0}.Debug|ARM.Build.0 = Debug|Any CPU
		{69790D55-7AA2-4D01-8D1D-70CC25AAE8F0}.Debug|ARM64.ActiveCfg = Debug|Any CPU
		{69790D55-7AA2-4D01-8D1D-70CC25AAE8F0}.Debug|ARM64.Build.0 = Debug|Any CPU
		{69790D55-7AA2-4D01-8D1D-70CC25AAE8F0}.Debug|iPhone.ActiveCfg = Debug|Any CPU
		{69790D55-7AA2-4D01-8D1D-70CC25AAE8F0}.Debug|iPhone.Build.0 = Debug|Any CPU
		{69790D55-7AA2-4D01-8D1D-70CC25AAE8F0}.Debug|iPhoneSimulator.ActiveCfg = Debug|Any CPU
		{69790D55-7AA2-4D01-8D1D-70CC25AAE8F0}.Debug|iPhoneSimulator.Build.0 = Debug|Any CPU
		{69790D55-7AA2-4D01-8D1D-70CC25AAE8F0}.Debug|x64.ActiveCfg = Debug|Any CPU
		{69790D55-7AA2-4D01-8D1D-70CC25AAE8F0}.Debug|x64.Build.0 = Debug|Any CPU
		{69790D55-7AA2-4D01-8D1D-70CC25AAE8F0}.Debug|x86.ActiveCfg = Debug|Any CPU
		{69790D55-7AA2-4D01-8D1D-70CC25AAE8F0}.Debug|x86.Build.0 = Debug|Any CPU
		{69790D55-7AA2-4D01-8D1D-70CC25AAE8F0}.Release|Any CPU.ActiveCfg = Release|Any CPU
		{69790D55-7AA2-4D01-8D1D-70CC25AAE8F0}.Release|Any CPU.Build.0 = Release|Any CPU
		{69790D55-7AA2-4D01-8D1D-70CC25AAE8F0}.Release|ARM.ActiveCfg = Release|Any CPU
		{69790D55-7AA2-4D01-8D1D-70CC25AAE8F0}.Release|ARM.Build.0 = Release|Any CPU
		{69790D55-7AA2-4D01-8D1D-70CC25AAE8F0}.Release|ARM64.ActiveCfg = Release|Any CPU
		{69790D55-7AA2-4D01-8D1D-70CC25AAE8F0}.Release|ARM64.Build.0 = Release|Any CPU
		{69790D55-7AA2-4D01-8D1D-70CC25AAE8F0}.Release|iPhone.ActiveCfg = Release|Any CPU
		{69790D55-7AA2-4D01-8D1D-70CC25AAE8F0}.Release|iPhone.Build.0 = Release|Any CPU
		{69790D55-7AA2-4D01-8D1D-70CC25AAE8F0}.Release|iPhoneSimulator.ActiveCfg = Release|Any CPU
		{69790D55-7AA2-4D01-8D1D-70CC25AAE8F0}.Release|iPhoneSimulator.Build.0 = Release|Any CPU
		{69790D55-7AA2-4D01-8D1D-70CC25AAE8F0}.Release|x64.ActiveCfg = Release|Any CPU
		{69790D55-7AA2-4D01-8D1D-70CC25AAE8F0}.Release|x64.Build.0 = Release|Any CPU
		{69790D55-7AA2-4D01-8D1D-70CC25AAE8F0}.Release|x86.ActiveCfg = Release|Any CPU
		{69790D55-7AA2-4D01-8D1D-70CC25AAE8F0}.Release|x86.Build.0 = Release|Any CPU
		{69790D55-7AA2-4D01-8D1D-70CC25AAE8F0}.Sample Release|Any CPU.ActiveCfg = Release|Any CPU
		{69790D55-7AA2-4D01-8D1D-70CC25AAE8F0}.Sample Release|Any CPU.Build.0 = Release|Any CPU
		{69790D55-7AA2-4D01-8D1D-70CC25AAE8F0}.Sample Release|ARM.ActiveCfg = Release|Any CPU
		{69790D55-7AA2-4D01-8D1D-70CC25AAE8F0}.Sample Release|ARM.Build.0 = Release|Any CPU
		{69790D55-7AA2-4D01-8D1D-70CC25AAE8F0}.Sample Release|ARM64.ActiveCfg = Release|Any CPU
		{69790D55-7AA2-4D01-8D1D-70CC25AAE8F0}.Sample Release|ARM64.Build.0 = Release|Any CPU
		{69790D55-7AA2-4D01-8D1D-70CC25AAE8F0}.Sample Release|iPhone.ActiveCfg = Release|Any CPU
		{69790D55-7AA2-4D01-8D1D-70CC25AAE8F0}.Sample Release|iPhone.Build.0 = Release|Any CPU
		{69790D55-7AA2-4D01-8D1D-70CC25AAE8F0}.Sample Release|iPhoneSimulator.ActiveCfg = Release|Any CPU
		{69790D55-7AA2-4D01-8D1D-70CC25AAE8F0}.Sample Release|iPhoneSimulator.Build.0 = Release|Any CPU
		{69790D55-7AA2-4D01-8D1D-70CC25AAE8F0}.Sample Release|x64.ActiveCfg = Release|Any CPU
		{69790D55-7AA2-4D01-8D1D-70CC25AAE8F0}.Sample Release|x64.Build.0 = Release|Any CPU
		{69790D55-7AA2-4D01-8D1D-70CC25AAE8F0}.Sample Release|x86.ActiveCfg = Release|Any CPU
		{69790D55-7AA2-4D01-8D1D-70CC25AAE8F0}.Sample Release|x86.Build.0 = Release|Any CPU
		{C863B0F3-46AF-46A3-93E9-5B1CEFA18896}.Ad-Hoc|Any CPU.ActiveCfg = Debug|Any CPU
		{C863B0F3-46AF-46A3-93E9-5B1CEFA18896}.Ad-Hoc|Any CPU.Build.0 = Debug|Any CPU
		{C863B0F3-46AF-46A3-93E9-5B1CEFA18896}.Ad-Hoc|ARM.ActiveCfg = Debug|Any CPU
		{C863B0F3-46AF-46A3-93E9-5B1CEFA18896}.Ad-Hoc|ARM.Build.0 = Debug|Any CPU
		{C863B0F3-46AF-46A3-93E9-5B1CEFA18896}.Ad-Hoc|ARM64.ActiveCfg = Debug|Any CPU
		{C863B0F3-46AF-46A3-93E9-5B1CEFA18896}.Ad-Hoc|ARM64.Build.0 = Debug|Any CPU
		{C863B0F3-46AF-46A3-93E9-5B1CEFA18896}.Ad-Hoc|iPhone.ActiveCfg = Debug|Any CPU
		{C863B0F3-46AF-46A3-93E9-5B1CEFA18896}.Ad-Hoc|iPhone.Build.0 = Debug|Any CPU
		{C863B0F3-46AF-46A3-93E9-5B1CEFA18896}.Ad-Hoc|iPhoneSimulator.ActiveCfg = Debug|Any CPU
		{C863B0F3-46AF-46A3-93E9-5B1CEFA18896}.Ad-Hoc|iPhoneSimulator.Build.0 = Debug|Any CPU
		{C863B0F3-46AF-46A3-93E9-5B1CEFA18896}.Ad-Hoc|x64.ActiveCfg = Debug|Any CPU
		{C863B0F3-46AF-46A3-93E9-5B1CEFA18896}.Ad-Hoc|x64.Build.0 = Debug|Any CPU
		{C863B0F3-46AF-46A3-93E9-5B1CEFA18896}.Ad-Hoc|x86.ActiveCfg = Debug|Any CPU
		{C863B0F3-46AF-46A3-93E9-5B1CEFA18896}.Ad-Hoc|x86.Build.0 = Debug|Any CPU
		{C863B0F3-46AF-46A3-93E9-5B1CEFA18896}.AppStore|Any CPU.ActiveCfg = Debug|Any CPU
		{C863B0F3-46AF-46A3-93E9-5B1CEFA18896}.AppStore|Any CPU.Build.0 = Debug|Any CPU
		{C863B0F3-46AF-46A3-93E9-5B1CEFA18896}.AppStore|ARM.ActiveCfg = Debug|Any CPU
		{C863B0F3-46AF-46A3-93E9-5B1CEFA18896}.AppStore|ARM.Build.0 = Debug|Any CPU
		{C863B0F3-46AF-46A3-93E9-5B1CEFA18896}.AppStore|ARM64.ActiveCfg = Debug|Any CPU
		{C863B0F3-46AF-46A3-93E9-5B1CEFA18896}.AppStore|ARM64.Build.0 = Debug|Any CPU
		{C863B0F3-46AF-46A3-93E9-5B1CEFA18896}.AppStore|iPhone.ActiveCfg = Debug|Any CPU
		{C863B0F3-46AF-46A3-93E9-5B1CEFA18896}.AppStore|iPhone.Build.0 = Debug|Any CPU
		{C863B0F3-46AF-46A3-93E9-5B1CEFA18896}.AppStore|iPhoneSimulator.ActiveCfg = Debug|Any CPU
		{C863B0F3-46AF-46A3-93E9-5B1CEFA18896}.AppStore|iPhoneSimulator.Build.0 = Debug|Any CPU
		{C863B0F3-46AF-46A3-93E9-5B1CEFA18896}.AppStore|x64.ActiveCfg = Debug|Any CPU
		{C863B0F3-46AF-46A3-93E9-5B1CEFA18896}.AppStore|x64.Build.0 = Debug|Any CPU
		{C863B0F3-46AF-46A3-93E9-5B1CEFA18896}.AppStore|x86.ActiveCfg = Debug|Any CPU
		{C863B0F3-46AF-46A3-93E9-5B1CEFA18896}.AppStore|x86.Build.0 = Debug|Any CPU
		{C863B0F3-46AF-46A3-93E9-5B1CEFA18896}.Debug|Any CPU.ActiveCfg = Debug|Any CPU
		{C863B0F3-46AF-46A3-93E9-5B1CEFA18896}.Debug|Any CPU.Build.0 = Debug|Any CPU
		{C863B0F3-46AF-46A3-93E9-5B1CEFA18896}.Debug|ARM.ActiveCfg = Debug|Any CPU
		{C863B0F3-46AF-46A3-93E9-5B1CEFA18896}.Debug|ARM.Build.0 = Debug|Any CPU
		{C863B0F3-46AF-46A3-93E9-5B1CEFA18896}.Debug|ARM64.ActiveCfg = Debug|Any CPU
		{C863B0F3-46AF-46A3-93E9-5B1CEFA18896}.Debug|ARM64.Build.0 = Debug|Any CPU
		{C863B0F3-46AF-46A3-93E9-5B1CEFA18896}.Debug|iPhone.ActiveCfg = Debug|Any CPU
		{C863B0F3-46AF-46A3-93E9-5B1CEFA18896}.Debug|iPhone.Build.0 = Debug|Any CPU
		{C863B0F3-46AF-46A3-93E9-5B1CEFA18896}.Debug|iPhoneSimulator.ActiveCfg = Debug|Any CPU
		{C863B0F3-46AF-46A3-93E9-5B1CEFA18896}.Debug|iPhoneSimulator.Build.0 = Debug|Any CPU
		{C863B0F3-46AF-46A3-93E9-5B1CEFA18896}.Debug|x64.ActiveCfg = Debug|Any CPU
		{C863B0F3-46AF-46A3-93E9-5B1CEFA18896}.Debug|x64.Build.0 = Debug|Any CPU
		{C863B0F3-46AF-46A3-93E9-5B1CEFA18896}.Debug|x86.ActiveCfg = Debug|Any CPU
		{C863B0F3-46AF-46A3-93E9-5B1CEFA18896}.Debug|x86.Build.0 = Debug|Any CPU
		{C863B0F3-46AF-46A3-93E9-5B1CEFA18896}.Release|Any CPU.ActiveCfg = Release|Any CPU
		{C863B0F3-46AF-46A3-93E9-5B1CEFA18896}.Release|Any CPU.Build.0 = Release|Any CPU
		{C863B0F3-46AF-46A3-93E9-5B1CEFA18896}.Release|ARM.ActiveCfg = Release|Any CPU
		{C863B0F3-46AF-46A3-93E9-5B1CEFA18896}.Release|ARM.Build.0 = Release|Any CPU
		{C863B0F3-46AF-46A3-93E9-5B1CEFA18896}.Release|ARM64.ActiveCfg = Release|Any CPU
		{C863B0F3-46AF-46A3-93E9-5B1CEFA18896}.Release|ARM64.Build.0 = Release|Any CPU
		{C863B0F3-46AF-46A3-93E9-5B1CEFA18896}.Release|iPhone.ActiveCfg = Release|Any CPU
		{C863B0F3-46AF-46A3-93E9-5B1CEFA18896}.Release|iPhone.Build.0 = Release|Any CPU
		{C863B0F3-46AF-46A3-93E9-5B1CEFA18896}.Release|iPhoneSimulator.ActiveCfg = Release|Any CPU
		{C863B0F3-46AF-46A3-93E9-5B1CEFA18896}.Release|iPhoneSimulator.Build.0 = Release|Any CPU
		{C863B0F3-46AF-46A3-93E9-5B1CEFA18896}.Release|x64.ActiveCfg = Release|Any CPU
		{C863B0F3-46AF-46A3-93E9-5B1CEFA18896}.Release|x64.Build.0 = Release|Any CPU
		{C863B0F3-46AF-46A3-93E9-5B1CEFA18896}.Release|x86.ActiveCfg = Release|Any CPU
		{C863B0F3-46AF-46A3-93E9-5B1CEFA18896}.Release|x86.Build.0 = Release|Any CPU
		{C863B0F3-46AF-46A3-93E9-5B1CEFA18896}.Sample Release|Any CPU.ActiveCfg = Debug|Any CPU
		{C863B0F3-46AF-46A3-93E9-5B1CEFA18896}.Sample Release|Any CPU.Build.0 = Debug|Any CPU
		{C863B0F3-46AF-46A3-93E9-5B1CEFA18896}.Sample Release|ARM.ActiveCfg = Debug|Any CPU
		{C863B0F3-46AF-46A3-93E9-5B1CEFA18896}.Sample Release|ARM.Build.0 = Debug|Any CPU
		{C863B0F3-46AF-46A3-93E9-5B1CEFA18896}.Sample Release|ARM64.ActiveCfg = Debug|Any CPU
		{C863B0F3-46AF-46A3-93E9-5B1CEFA18896}.Sample Release|ARM64.Build.0 = Debug|Any CPU
		{C863B0F3-46AF-46A3-93E9-5B1CEFA18896}.Sample Release|iPhone.ActiveCfg = Debug|Any CPU
		{C863B0F3-46AF-46A3-93E9-5B1CEFA18896}.Sample Release|iPhone.Build.0 = Debug|Any CPU
		{C863B0F3-46AF-46A3-93E9-5B1CEFA18896}.Sample Release|iPhoneSimulator.ActiveCfg = Debug|Any CPU
		{C863B0F3-46AF-46A3-93E9-5B1CEFA18896}.Sample Release|iPhoneSimulator.Build.0 = Debug|Any CPU
		{C863B0F3-46AF-46A3-93E9-5B1CEFA18896}.Sample Release|x64.ActiveCfg = Debug|Any CPU
		{C863B0F3-46AF-46A3-93E9-5B1CEFA18896}.Sample Release|x64.Build.0 = Debug|Any CPU
		{C863B0F3-46AF-46A3-93E9-5B1CEFA18896}.Sample Release|x86.ActiveCfg = Debug|Any CPU
		{C863B0F3-46AF-46A3-93E9-5B1CEFA18896}.Sample Release|x86.Build.0 = Debug|Any CPU
		{BD186721-EE51-40B2-A546-91EDDE122998}.Ad-Hoc|Any CPU.ActiveCfg = Debug|Any CPU
		{BD186721-EE51-40B2-A546-91EDDE122998}.Ad-Hoc|Any CPU.Build.0 = Debug|Any CPU
		{BD186721-EE51-40B2-A546-91EDDE122998}.Ad-Hoc|ARM.ActiveCfg = Debug|Any CPU
		{BD186721-EE51-40B2-A546-91EDDE122998}.Ad-Hoc|ARM.Build.0 = Debug|Any CPU
		{BD186721-EE51-40B2-A546-91EDDE122998}.Ad-Hoc|ARM64.ActiveCfg = Debug|Any CPU
		{BD186721-EE51-40B2-A546-91EDDE122998}.Ad-Hoc|ARM64.Build.0 = Debug|Any CPU
		{BD186721-EE51-40B2-A546-91EDDE122998}.Ad-Hoc|iPhone.ActiveCfg = Debug|Any CPU
		{BD186721-EE51-40B2-A546-91EDDE122998}.Ad-Hoc|iPhone.Build.0 = Debug|Any CPU
		{BD186721-EE51-40B2-A546-91EDDE122998}.Ad-Hoc|iPhoneSimulator.ActiveCfg = Debug|Any CPU
		{BD186721-EE51-40B2-A546-91EDDE122998}.Ad-Hoc|iPhoneSimulator.Build.0 = Debug|Any CPU
		{BD186721-EE51-40B2-A546-91EDDE122998}.Ad-Hoc|x64.ActiveCfg = Debug|Any CPU
		{BD186721-EE51-40B2-A546-91EDDE122998}.Ad-Hoc|x64.Build.0 = Debug|Any CPU
		{BD186721-EE51-40B2-A546-91EDDE122998}.Ad-Hoc|x86.ActiveCfg = Debug|Any CPU
		{BD186721-EE51-40B2-A546-91EDDE122998}.Ad-Hoc|x86.Build.0 = Debug|Any CPU
		{BD186721-EE51-40B2-A546-91EDDE122998}.AppStore|Any CPU.ActiveCfg = Debug|Any CPU
		{BD186721-EE51-40B2-A546-91EDDE122998}.AppStore|Any CPU.Build.0 = Debug|Any CPU
		{BD186721-EE51-40B2-A546-91EDDE122998}.AppStore|ARM.ActiveCfg = Debug|Any CPU
		{BD186721-EE51-40B2-A546-91EDDE122998}.AppStore|ARM.Build.0 = Debug|Any CPU
		{BD186721-EE51-40B2-A546-91EDDE122998}.AppStore|ARM64.ActiveCfg = Debug|Any CPU
		{BD186721-EE51-40B2-A546-91EDDE122998}.AppStore|ARM64.Build.0 = Debug|Any CPU
		{BD186721-EE51-40B2-A546-91EDDE122998}.AppStore|iPhone.ActiveCfg = Debug|Any CPU
		{BD186721-EE51-40B2-A546-91EDDE122998}.AppStore|iPhone.Build.0 = Debug|Any CPU
		{BD186721-EE51-40B2-A546-91EDDE122998}.AppStore|iPhoneSimulator.ActiveCfg = Debug|Any CPU
		{BD186721-EE51-40B2-A546-91EDDE122998}.AppStore|iPhoneSimulator.Build.0 = Debug|Any CPU
		{BD186721-EE51-40B2-A546-91EDDE122998}.AppStore|x64.ActiveCfg = Debug|Any CPU
		{BD186721-EE51-40B2-A546-91EDDE122998}.AppStore|x64.Build.0 = Debug|Any CPU
		{BD186721-EE51-40B2-A546-91EDDE122998}.AppStore|x86.ActiveCfg = Debug|Any CPU
		{BD186721-EE51-40B2-A546-91EDDE122998}.AppStore|x86.Build.0 = Debug|Any CPU
		{BD186721-EE51-40B2-A546-91EDDE122998}.Debug|Any CPU.ActiveCfg = Debug|Any CPU
		{BD186721-EE51-40B2-A546-91EDDE122998}.Debug|Any CPU.Build.0 = Debug|Any CPU
		{BD186721-EE51-40B2-A546-91EDDE122998}.Debug|ARM.ActiveCfg = Debug|Any CPU
		{BD186721-EE51-40B2-A546-91EDDE122998}.Debug|ARM.Build.0 = Debug|Any CPU
		{BD186721-EE51-40B2-A546-91EDDE122998}.Debug|ARM64.ActiveCfg = Debug|Any CPU
		{BD186721-EE51-40B2-A546-91EDDE122998}.Debug|ARM64.Build.0 = Debug|Any CPU
		{BD186721-EE51-40B2-A546-91EDDE122998}.Debug|iPhone.ActiveCfg = Debug|Any CPU
		{BD186721-EE51-40B2-A546-91EDDE122998}.Debug|iPhone.Build.0 = Debug|Any CPU
		{BD186721-EE51-40B2-A546-91EDDE122998}.Debug|iPhoneSimulator.ActiveCfg = Debug|Any CPU
		{BD186721-EE51-40B2-A546-91EDDE122998}.Debug|iPhoneSimulator.Build.0 = Debug|Any CPU
		{BD186721-EE51-40B2-A546-91EDDE122998}.Debug|x64.ActiveCfg = Debug|Any CPU
		{BD186721-EE51-40B2-A546-91EDDE122998}.Debug|x64.Build.0 = Debug|Any CPU
		{BD186721-EE51-40B2-A546-91EDDE122998}.Debug|x86.ActiveCfg = Debug|Any CPU
		{BD186721-EE51-40B2-A546-91EDDE122998}.Debug|x86.Build.0 = Debug|Any CPU
		{BD186721-EE51-40B2-A546-91EDDE122998}.Release|Any CPU.ActiveCfg = Release|Any CPU
		{BD186721-EE51-40B2-A546-91EDDE122998}.Release|Any CPU.Build.0 = Release|Any CPU
		{BD186721-EE51-40B2-A546-91EDDE122998}.Release|ARM.ActiveCfg = Release|Any CPU
		{BD186721-EE51-40B2-A546-91EDDE122998}.Release|ARM.Build.0 = Release|Any CPU
		{BD186721-EE51-40B2-A546-91EDDE122998}.Release|ARM64.ActiveCfg = Release|Any CPU
		{BD186721-EE51-40B2-A546-91EDDE122998}.Release|ARM64.Build.0 = Release|Any CPU
		{BD186721-EE51-40B2-A546-91EDDE122998}.Release|iPhone.ActiveCfg = Release|Any CPU
		{BD186721-EE51-40B2-A546-91EDDE122998}.Release|iPhone.Build.0 = Release|Any CPU
		{BD186721-EE51-40B2-A546-91EDDE122998}.Release|iPhoneSimulator.ActiveCfg = Release|Any CPU
		{BD186721-EE51-40B2-A546-91EDDE122998}.Release|iPhoneSimulator.Build.0 = Release|Any CPU
		{BD186721-EE51-40B2-A546-91EDDE122998}.Release|x64.ActiveCfg = Release|Any CPU
		{BD186721-EE51-40B2-A546-91EDDE122998}.Release|x64.Build.0 = Release|Any CPU
		{BD186721-EE51-40B2-A546-91EDDE122998}.Release|x86.ActiveCfg = Release|Any CPU
		{BD186721-EE51-40B2-A546-91EDDE122998}.Release|x86.Build.0 = Release|Any CPU
		{BD186721-EE51-40B2-A546-91EDDE122998}.Sample Release|Any CPU.ActiveCfg = Debug|Any CPU
		{BD186721-EE51-40B2-A546-91EDDE122998}.Sample Release|Any CPU.Build.0 = Debug|Any CPU
		{BD186721-EE51-40B2-A546-91EDDE122998}.Sample Release|ARM.ActiveCfg = Debug|Any CPU
		{BD186721-EE51-40B2-A546-91EDDE122998}.Sample Release|ARM.Build.0 = Debug|Any CPU
		{BD186721-EE51-40B2-A546-91EDDE122998}.Sample Release|ARM64.ActiveCfg = Debug|Any CPU
		{BD186721-EE51-40B2-A546-91EDDE122998}.Sample Release|ARM64.Build.0 = Debug|Any CPU
		{BD186721-EE51-40B2-A546-91EDDE122998}.Sample Release|iPhone.ActiveCfg = Debug|Any CPU
		{BD186721-EE51-40B2-A546-91EDDE122998}.Sample Release|iPhone.Build.0 = Debug|Any CPU
		{BD186721-EE51-40B2-A546-91EDDE122998}.Sample Release|iPhoneSimulator.ActiveCfg = Debug|Any CPU
		{BD186721-EE51-40B2-A546-91EDDE122998}.Sample Release|iPhoneSimulator.Build.0 = Debug|Any CPU
		{BD186721-EE51-40B2-A546-91EDDE122998}.Sample Release|x64.ActiveCfg = Debug|Any CPU
		{BD186721-EE51-40B2-A546-91EDDE122998}.Sample Release|x64.Build.0 = Debug|Any CPU
		{BD186721-EE51-40B2-A546-91EDDE122998}.Sample Release|x86.ActiveCfg = Debug|Any CPU
		{BD186721-EE51-40B2-A546-91EDDE122998}.Sample Release|x86.Build.0 = Debug|Any CPU
	EndGlobalSection
	GlobalSection(SolutionProperties) = preSolution
		HideSolutionNode = FALSE
	EndGlobalSection
	GlobalSection(NestedProjects) = preSolution
		{44FA03FD-7A52-41AD-9332-1B34FFDEE67B} = {BEB94547-F374-4211-BBE6-3DA7CAB972BB}
		{A5BBADB1-F348-49CD-8264-59B5BE8E9F17} = {BEB94547-F374-4211-BBE6-3DA7CAB972BB}
		{4A684BB2-2CB4-4B04-8541-FF0FA677DD49} = {BEB94547-F374-4211-BBE6-3DA7CAB972BB}
		{80A96B52-6758-4BDB-B0B4-CEA4CA155C60} = {42173B56-0F72-4E8E-828F-4289222C8BB4}
		{30FC2A59-FFBA-4C10-9E8F-39C504DDA990} = {BEB94547-F374-4211-BBE6-3DA7CAB972BB}
		{69790D55-7AA2-4D01-8D1D-70CC25AAE8F0} = {BEB94547-F374-4211-BBE6-3DA7CAB972BB}
	EndGlobalSection
	GlobalSection(ExtensibilityGlobals) = postSolution
		SolutionGuid = {5DD8FF23-E55B-4675-A15F-2E0DB2E10CC3}
	EndGlobalSection
EndGlobal
