
Microsoft Visual Studio Solution File, Format Version 12.00
# Visual Studio 2017
Project("{FAE04EC0-301F-11D3-BF4B-00C04F79EFBC}") = "SextantSample", "SextantSample.csproj", "{AB35E5EE-24AE-479A-909E-1FD941E152EF}"
EndProject
Global
	GlobalSection(SolutionConfigurationPlatforms) = preSolution
		Sample Release|Any CPU = Sample Release|Any CPU
		Debug|Any CPU = Debug|Any CPU
		Release|Any CPU = Release|Any CPU
	EndGlobalSection
	GlobalSection(ProjectConfigurationPlatforms) = postSolution
		{AB35E5EE-24AE-479A-909E-1FD941E152EF}.Sample Release|Any CPU.ActiveCfg = Sample Release|Any CPU
		{AB35E5EE-24AE-479A-909E-1FD941E152EF}.Sample Release|Any CPU.Build.0 = Sample Release|Any CPU
		{AB35E5EE-24AE-479A-909E-1FD941E152EF}.Debug|Any CPU.ActiveCfg = Debug|Any CPU
		{AB35E5EE-24AE-479A-909E-1FD941E152EF}.Debug|Any CPU.Build.0 = Debug|Any CPU
		{AB35E5EE-24AE-479A-909E-1FD941E152EF}.Release|Any CPU.ActiveCfg = Release|Any CPU
		{AB35E5EE-24AE-479A-909E-1FD941E152EF}.Release|Any CPU.Build.0 = Release|Any CPU
	EndGlobalSection
EndGlobal
